{
  "version": 4,
  "terraform_version": "0.12.24",
  "serial": 43,
  "lineage": "5f7f5c1b-79bf-1ea7-2a06-184b74a8a5fd",
  "outputs": {
    "asset-url": {
      "value": "https://34.120.84.39/assets/gcp-logo.svg",
      "type": "string"
    },
    "group1_region": {
      "value": "us-west1",
      "type": "string"
    },
    "group2_region": {
      "value": "us-central1",
      "type": "string"
    },
    "group3_region": {
      "value": "us-east1",
      "type": "string"
    },
    "load-balancer-ip": {
      "value": "34.120.84.39",
      "type": "string"
    }
  },
  "resources": [
    {
      "module": "module.mig1_template",
      "mode": "data",
      "type": "google_compute_image",
      "name": "image",
      "provider": "provider.google",
      "instances": [
        {
          "schema_version": 0,
          "attributes": {
            "archive_size_bytes": 11805104640,
            "creation_timestamp": "2018-07-17T10:04:24.955-07:00",
            "description": "CentOS, CentOS, 6, x86_64 built on 20180716",
            "disk_size_gb": 10,
            "family": "centos-6",
            "filter": null,
            "id": "projects/centos-cloud/global/images/centos-6-v20180716",
            "image_encryption_key_sha256": "",
            "image_id": "8380555217739161463",
            "label_fingerprint": "42WmSpB8rSM=",
            "labels": {},
            "licenses": [
              "https://www.googleapis.com/compute/v1/projects/centos-cloud/global/licenses/centos-6"
            ],
            "name": "centos-6-v20180716",
            "project": "centos-cloud",
            "self_link": "https://www.googleapis.com/compute/v1/projects/centos-cloud/global/images/centos-6-v20180716",
            "source_disk": "",
            "source_disk_encryption_key_sha256": "",
            "source_disk_id": "",
            "source_image_id": "",
            "status": "READY"
          }
        }
      ]
    },
    {
      "module": "module.mig2_template",
      "mode": "data",
      "type": "google_compute_image",
      "name": "image",
      "provider": "provider.google",
      "instances": [
        {
          "schema_version": 0,
          "attributes": {
            "archive_size_bytes": 11805104640,
            "creation_timestamp": "2018-07-17T10:04:24.955-07:00",
            "description": "CentOS, CentOS, 6, x86_64 built on 20180716",
            "disk_size_gb": 10,
            "family": "centos-6",
            "filter": null,
            "id": "projects/centos-cloud/global/images/centos-6-v20180716",
            "image_encryption_key_sha256": "",
            "image_id": "8380555217739161463",
            "label_fingerprint": "42WmSpB8rSM=",
            "labels": {},
            "licenses": [
              "https://www.googleapis.com/compute/v1/projects/centos-cloud/global/licenses/centos-6"
            ],
            "name": "centos-6-v20180716",
            "project": "centos-cloud",
            "self_link": "https://www.googleapis.com/compute/v1/projects/centos-cloud/global/images/centos-6-v20180716",
            "source_disk": "",
            "source_disk_encryption_key_sha256": "",
            "source_disk_id": "",
            "source_image_id": "",
            "status": "READY"
          }
        }
      ]
    },
    {
      "module": "module.mig3_template",
      "mode": "data",
      "type": "google_compute_image",
      "name": "image",
      "provider": "provider.google",
      "instances": [
        {
          "schema_version": 0,
          "attributes": {
            "archive_size_bytes": 11805104640,
            "creation_timestamp": "2018-07-17T10:04:24.955-07:00",
            "description": "CentOS, CentOS, 6, x86_64 built on 20180716",
            "disk_size_gb": 10,
            "family": "centos-6",
            "filter": null,
            "id": "projects/centos-cloud/global/images/centos-6-v20180716",
            "image_encryption_key_sha256": "",
            "image_id": "8380555217739161463",
            "label_fingerprint": "42WmSpB8rSM=",
            "labels": {},
            "licenses": [
              "https://www.googleapis.com/compute/v1/projects/centos-cloud/global/licenses/centos-6"
            ],
            "name": "centos-6-v20180716",
            "project": "centos-cloud",
            "self_link": "https://www.googleapis.com/compute/v1/projects/centos-cloud/global/images/centos-6-v20180716",
            "source_disk": "",
            "source_disk_encryption_key_sha256": "",
            "source_disk_id": "",
            "source_image_id": "",
            "status": "READY"
          }
        }
      ]
    },
    {
      "module": "module.mig1_template",
      "mode": "data",
      "type": "google_compute_image",
      "name": "image_family",
      "provider": "provider.google",
      "instances": [
        {
          "schema_version": 0,
          "attributes": {
            "archive_size_bytes": 1961333376,
            "creation_timestamp": "2021-01-29T11:41:07.247-08:00",
            "description": "Canonical, Ubuntu, 18.04 LTS, amd64 bionic image built on 2021-01-29, supports Shielded VM features",
            "disk_size_gb": 10,
            "family": "ubuntu-1804-lts",
            "filter": null,
            "id": "projects/ubuntu-os-cloud/global/images/ubuntu-1804-bionic-v20210129",
            "image_encryption_key_sha256": "",
            "image_id": "8203844707763739197",
            "label_fingerprint": "42WmSpB8rSM=",
            "labels": {},
            "licenses": [
              "https://www.googleapis.com/compute/v1/projects/ubuntu-os-cloud/global/licenses/ubuntu-1804-lts"
            ],
            "name": "ubuntu-1804-bionic-v20210129",
            "project": "ubuntu-os-cloud",
            "self_link": "https://www.googleapis.com/compute/v1/projects/ubuntu-os-cloud/global/images/ubuntu-1804-bionic-v20210129",
            "source_disk": "",
            "source_disk_encryption_key_sha256": "",
            "source_disk_id": "",
            "source_image_id": "",
            "status": "READY"
          }
        }
      ]
    },
    {
      "module": "module.mig2_template",
      "mode": "data",
      "type": "google_compute_image",
      "name": "image_family",
      "provider": "provider.google",
      "instances": [
        {
          "schema_version": 0,
          "attributes": {
            "archive_size_bytes": 20062412032,
            "creation_timestamp": "2020-04-06T14:51:35.553-07:00",
            "description": "CentOS, CentOS, 7, x86_64 built on 20200403, supports Shielded VM features",
            "disk_size_gb": 20,
            "family": "centos-7",
            "filter": null,
            "id": "projects/gce-uefi-images/global/images/centos-7-v20200403",
            "image_encryption_key_sha256": "",
            "image_id": "8465987314070723208",
            "label_fingerprint": "42WmSpB8rSM=",
            "labels": {},
            "licenses": [
              "https://www.googleapis.com/compute/v1/projects/centos-cloud/global/licenses/centos-7"
            ],
            "name": "centos-7-v20200403",
            "project": "gce-uefi-images",
            "self_link": "https://www.googleapis.com/compute/v1/projects/gce-uefi-images/global/images/centos-7-v20200403",
            "source_disk": "",
            "source_disk_encryption_key_sha256": "",
            "source_disk_id": "",
            "source_image_id": "",
            "status": "READY"
          }
        }
      ]
    },
    {
      "module": "module.mig3_template",
      "mode": "data",
      "type": "google_compute_image",
      "name": "image_family",
      "provider": "provider.google",
      "instances": [
        {
          "schema_version": 0,
          "attributes": {
            "archive_size_bytes": 20062412032,
            "creation_timestamp": "2020-04-06T14:51:35.553-07:00",
            "description": "CentOS, CentOS, 7, x86_64 built on 20200403, supports Shielded VM features",
            "disk_size_gb": 20,
            "family": "centos-7",
            "filter": null,
            "id": "projects/gce-uefi-images/global/images/centos-7-v20200403",
            "image_encryption_key_sha256": "",
            "image_id": "8465987314070723208",
            "label_fingerprint": "42WmSpB8rSM=",
            "labels": {},
            "licenses": [
              "https://www.googleapis.com/compute/v1/projects/centos-cloud/global/licenses/centos-7"
            ],
            "name": "centos-7-v20200403",
            "project": "gce-uefi-images",
            "self_link": "https://www.googleapis.com/compute/v1/projects/gce-uefi-images/global/images/centos-7-v20200403",
            "source_disk": "",
            "source_disk_encryption_key_sha256": "",
            "source_disk_id": "",
            "source_image_id": "",
            "status": "READY"
          }
        }
      ]
    },
    {
      "module": "module.mig3",
      "mode": "data",
      "type": "google_compute_zones",
      "name": "available",
      "provider": "provider.google",
      "instances": [
        {
          "schema_version": 0,
          "attributes": {
            "id": "projects/qwiklabs-gcp-03-54dbe89f21d0/regions/us-east1",
            "names": [
              "us-east1-b",
              "us-east1-c",
              "us-east1-d"
            ],
            "project": "qwiklabs-gcp-03-54dbe89f21d0",
            "region": "us-east1",
            "status": null
          }
        }
      ]
    },
    {
      "module": "module.mig1",
      "mode": "data",
      "type": "google_compute_zones",
      "name": "available",
      "provider": "provider.google",
      "instances": [
        {
          "schema_version": 0,
          "attributes": {
            "id": "projects/qwiklabs-gcp-03-54dbe89f21d0/regions/us-west1",
            "names": [
              "us-west1-a",
              "us-west1-b",
              "us-west1-c"
            ],
            "project": "qwiklabs-gcp-03-54dbe89f21d0",
            "region": "us-west1",
            "status": null
          }
        }
      ]
    },
    {
      "module": "module.mig2",
      "mode": "data",
      "type": "google_compute_zones",
      "name": "available",
      "provider": "provider.google",
      "instances": [
        {
          "schema_version": 0,
          "attributes": {
            "id": "projects/qwiklabs-gcp-03-54dbe89f21d0/regions/us-central1",
            "names": [
              "us-central1-a",
              "us-central1-b",
              "us-central1-c",
              "us-central1-f"
            ],
            "project": "qwiklabs-gcp-03-54dbe89f21d0",
            "region": "us-central1",
            "status": null
          }
        }
      ]
    },
    {
      "mode": "data",
      "type": "template_file",
      "name": "group1-startup-script",
      "provider": "provider.template",
      "instances": [
        {
          "schema_version": 0,
          "attributes": {
            "filename": null,
            "id": "fdc54f37e51e231cf6dd8b82ac95567b1ab447ce92b6892104f0bee3165f14d9",
            "rendered": "#!/bin/bash -xe\n\n# introducing sleep so network interfaces and routes can get ready before fetching software\nsleep 10\n\nRPM_INSTALL_ARGS=\"install -y httpd php php-common\"\n\nif [ -f \"/etc/redhat-release\" ]; then\n  yum update -y || dnf update -y\n  yum $RPM_INSTALL_ARGS || dnf $RPM_INSTALL_ARGS\nelse\n  apt-get update\n  apt-get install -y apache2 libapache2-mod-php\nfi\n\ncat \u003e /var/www/html/index.php \u003c\u003c'EOF'\n\u003c?php\nfunction metadata_value($value) {\n    $opts = array(\n        \"http\" =\u003e array(\n            \"method\" =\u003e \"GET\",\n            \"header\" =\u003e \"Metadata-Flavor: Google\"\n        )\n    );\n    $context = stream_context_create($opts);\n    $content = file_get_contents(\"http://metadata/computeMetadata/v1/$value\", false, $context);\n    return $content;\n}\nif ($_SERVER['HTTP_X_FORWARDED_PROTO'] == \"http\") {\n\t\t$redirect = 'https://' . $_SERVER['HTTP_HOST'] . $_SERVER['REQUEST_URI'];\n\t\theader('HTTP/1.1 301 Moved Permanently');\n\t\theader('Location: ' . $redirect);\n\t\texit();\n}\n?\u003e\n\n\u003c!doctype html\u003e\n\u003chtml\u003e\n\u003chead\u003e\n\u003c!-- Compiled and minified CSS --\u003e\n\u003clink rel=\"stylesheet\" href=\"https://cdnjs.cloudflare.com/ajax/libs/materialize/0.97.0/css/materialize.min.css\"\u003e\n\n\u003c!-- Compiled and minified JavaScript --\u003e\n\u003cscript src=\"https://cdnjs.cloudflare.com/ajax/libs/materialize/0.97.0/js/materialize.min.js\"\u003e\u003c/script\u003e\n\u003ctitle\u003eFrontend Web Server\u003c/title\u003e\n\u003c/head\u003e\n\u003cbody\u003e\n\u003cdiv class=\"container\"\u003e\n\u003cdiv class=\"row\"\u003e\n\u003cdiv class=\"col s2\"\u003e\u0026nbsp;\u003c/div\u003e\n\u003cdiv class=\"col s8\"\u003e\n\n\u003cimg src=\"/assets/gcp-logo.svg\"/\u003e\n\n\u003cdiv class=\"card blue\"\u003e\n\u003cdiv class=\"card-content white-text\"\u003e\n\u003cdiv class=\"card-title\"\u003eBackend that serviced this request\u003c/div\u003e\n\u003c/div\u003e\n\u003cdiv class=\"card-content white\"\u003e\n\u003ctable class=\"bordered\"\u003e\n  \u003ctbody\u003e\n\t\u003ctr\u003e\n\t  \u003ctd\u003eName\u003c/td\u003e\n\t  \u003ctd\u003e\u003c?php printf(metadata_value(\"instance/name\")) ?\u003e\u003c/td\u003e\n\t\u003c/tr\u003e\n\t\u003ctr\u003e\n\t  \u003ctd\u003eID\u003c/td\u003e\n\t  \u003ctd\u003e\u003c?php printf(metadata_value(\"instance/id\")) ?\u003e\u003c/td\u003e\n\t\u003c/tr\u003e\n\t\u003ctr\u003e\n\t  \u003ctd\u003eHostname\u003c/td\u003e\n\t  \u003ctd\u003e\u003c?php printf(metadata_value(\"instance/hostname\")) ?\u003e\u003c/td\u003e\n\t\u003c/tr\u003e\n\t\u003ctr\u003e\n\t  \u003ctd\u003eZone\u003c/td\u003e\n\t  \u003ctd\u003e\u003c?php printf(metadata_value(\"instance/zone\")) ?\u003e\u003c/td\u003e\n\t\u003c/tr\u003e\n    \u003ctr\u003e\n\t  \u003ctd\u003eMachine Type\u003c/td\u003e\n\t  \u003ctd\u003e\u003c?php printf(metadata_value(\"instance/machine-type\")) ?\u003e\u003c/td\u003e\n\t\u003c/tr\u003e\n\t\u003ctr\u003e\n\t  \u003ctd\u003eProject\u003c/td\u003e\n\t  \u003ctd\u003e\u003c?php printf(metadata_value(\"project/project-id\")) ?\u003e\u003c/td\u003e\n\t\u003c/tr\u003e\n\t\u003ctr\u003e\n\t  \u003ctd\u003eInternal IP\u003c/td\u003e\n\t  \u003ctd\u003e\u003c?php printf(metadata_value(\"instance/network-interfaces/0/ip\")) ?\u003e\u003c/td\u003e\n\t\u003c/tr\u003e\n\t\u003ctr\u003e\n\t  \u003ctd\u003eExternal IP\u003c/td\u003e\n\t  \u003ctd\u003e\u003c?php printf(metadata_value(\"instance/network-interfaces/0/access-configs/0/external-ip\")) ?\u003e\u003c/td\u003e\n\t\u003c/tr\u003e\n  \u003c/tbody\u003e\n\u003c/table\u003e\n\u003c/div\u003e\n\u003c/div\u003e\n\n\u003cdiv class=\"card blue\"\u003e\n\u003cdiv class=\"card-content white-text\"\u003e\n\u003cdiv class=\"card-title\"\u003eProxy that handled this request\u003c/div\u003e\n\u003c/div\u003e\n\u003cdiv class=\"card-content white\"\u003e\n\u003ctable class=\"bordered\"\u003e\n  \u003ctbody\u003e\n\t\u003ctr\u003e\n\t  \u003ctd\u003eAddress\u003c/td\u003e\n\t  \u003ctd\u003e\u003c?php printf($_SERVER[\"HTTP_HOST\"]); ?\u003e\u003c/td\u003e\n\t\u003c/tr\u003e\n  \u003c/tbody\u003e\n\u003c/table\u003e\n\u003c/div\u003e\n\n\u003c/div\u003e\n\u003c/div\u003e\n\u003cdiv class=\"col s2\"\u003e\u0026nbsp;\u003c/div\u003e\n\u003c/div\u003e\n\u003c/div\u003e\n\u003c/html\u003e\nEOF\n\nmv /var/www/html/index.html /var/www/html/index.html.old || echo \"Old index doesn't exist\"\n\n[[ -n \"/group1\" ]] \u0026\u0026 mkdir -p /var/www/html//group1 \u0026\u0026 cp /var/www/html/index.php /var/www/html//group1/index.php\n\nchkconfig httpd on || systemctl enable httpd || systemctl enable apache2\nservice httpd restart || systemctl restart httpd || systemctl restart apache2\n",
            "template": "#!/bin/bash -xe\n\n# introducing sleep so network interfaces and routes can get ready before fetching software\nsleep 10\n\nRPM_INSTALL_ARGS=\"install -y httpd php php-common\"\n\nif [ -f \"/etc/redhat-release\" ]; then\n  yum update -y || dnf update -y\n  yum $RPM_INSTALL_ARGS || dnf $RPM_INSTALL_ARGS\nelse\n  apt-get update\n  apt-get install -y apache2 libapache2-mod-php\nfi\n\ncat \u003e /var/www/html/index.php \u003c\u003c'EOF'\n\u003c?php\nfunction metadata_value($value) {\n    $opts = array(\n        \"http\" =\u003e array(\n            \"method\" =\u003e \"GET\",\n            \"header\" =\u003e \"Metadata-Flavor: Google\"\n        )\n    );\n    $context = stream_context_create($opts);\n    $content = file_get_contents(\"http://metadata/computeMetadata/v1/$value\", false, $context);\n    return $content;\n}\nif ($_SERVER['HTTP_X_FORWARDED_PROTO'] == \"http\") {\n\t\t$redirect = 'https://' . $_SERVER['HTTP_HOST'] . $_SERVER['REQUEST_URI'];\n\t\theader('HTTP/1.1 301 Moved Permanently');\n\t\theader('Location: ' . $redirect);\n\t\texit();\n}\n?\u003e\n\n\u003c!doctype html\u003e\n\u003chtml\u003e\n\u003chead\u003e\n\u003c!-- Compiled and minified CSS --\u003e\n\u003clink rel=\"stylesheet\" href=\"https://cdnjs.cloudflare.com/ajax/libs/materialize/0.97.0/css/materialize.min.css\"\u003e\n\n\u003c!-- Compiled and minified JavaScript --\u003e\n\u003cscript src=\"https://cdnjs.cloudflare.com/ajax/libs/materialize/0.97.0/js/materialize.min.js\"\u003e\u003c/script\u003e\n\u003ctitle\u003eFrontend Web Server\u003c/title\u003e\n\u003c/head\u003e\n\u003cbody\u003e\n\u003cdiv class=\"container\"\u003e\n\u003cdiv class=\"row\"\u003e\n\u003cdiv class=\"col s2\"\u003e\u0026nbsp;\u003c/div\u003e\n\u003cdiv class=\"col s8\"\u003e\n\n\u003cimg src=\"/assets/gcp-logo.svg\"/\u003e\n\n\u003cdiv class=\"card blue\"\u003e\n\u003cdiv class=\"card-content white-text\"\u003e\n\u003cdiv class=\"card-title\"\u003eBackend that serviced this request\u003c/div\u003e\n\u003c/div\u003e\n\u003cdiv class=\"card-content white\"\u003e\n\u003ctable class=\"bordered\"\u003e\n  \u003ctbody\u003e\n\t\u003ctr\u003e\n\t  \u003ctd\u003eName\u003c/td\u003e\n\t  \u003ctd\u003e\u003c?php printf(metadata_value(\"instance/name\")) ?\u003e\u003c/td\u003e\n\t\u003c/tr\u003e\n\t\u003ctr\u003e\n\t  \u003ctd\u003eID\u003c/td\u003e\n\t  \u003ctd\u003e\u003c?php printf(metadata_value(\"instance/id\")) ?\u003e\u003c/td\u003e\n\t\u003c/tr\u003e\n\t\u003ctr\u003e\n\t  \u003ctd\u003eHostname\u003c/td\u003e\n\t  \u003ctd\u003e\u003c?php printf(metadata_value(\"instance/hostname\")) ?\u003e\u003c/td\u003e\n\t\u003c/tr\u003e\n\t\u003ctr\u003e\n\t  \u003ctd\u003eZone\u003c/td\u003e\n\t  \u003ctd\u003e\u003c?php printf(metadata_value(\"instance/zone\")) ?\u003e\u003c/td\u003e\n\t\u003c/tr\u003e\n    \u003ctr\u003e\n\t  \u003ctd\u003eMachine Type\u003c/td\u003e\n\t  \u003ctd\u003e\u003c?php printf(metadata_value(\"instance/machine-type\")) ?\u003e\u003c/td\u003e\n\t\u003c/tr\u003e\n\t\u003ctr\u003e\n\t  \u003ctd\u003eProject\u003c/td\u003e\n\t  \u003ctd\u003e\u003c?php printf(metadata_value(\"project/project-id\")) ?\u003e\u003c/td\u003e\n\t\u003c/tr\u003e\n\t\u003ctr\u003e\n\t  \u003ctd\u003eInternal IP\u003c/td\u003e\n\t  \u003ctd\u003e\u003c?php printf(metadata_value(\"instance/network-interfaces/0/ip\")) ?\u003e\u003c/td\u003e\n\t\u003c/tr\u003e\n\t\u003ctr\u003e\n\t  \u003ctd\u003eExternal IP\u003c/td\u003e\n\t  \u003ctd\u003e\u003c?php printf(metadata_value(\"instance/network-interfaces/0/access-configs/0/external-ip\")) ?\u003e\u003c/td\u003e\n\t\u003c/tr\u003e\n  \u003c/tbody\u003e\n\u003c/table\u003e\n\u003c/div\u003e\n\u003c/div\u003e\n\n\u003cdiv class=\"card blue\"\u003e\n\u003cdiv class=\"card-content white-text\"\u003e\n\u003cdiv class=\"card-title\"\u003eProxy that handled this request\u003c/div\u003e\n\u003c/div\u003e\n\u003cdiv class=\"card-content white\"\u003e\n\u003ctable class=\"bordered\"\u003e\n  \u003ctbody\u003e\n\t\u003ctr\u003e\n\t  \u003ctd\u003eAddress\u003c/td\u003e\n\t  \u003ctd\u003e\u003c?php printf($_SERVER[\"HTTP_HOST\"]); ?\u003e\u003c/td\u003e\n\t\u003c/tr\u003e\n  \u003c/tbody\u003e\n\u003c/table\u003e\n\u003c/div\u003e\n\n\u003c/div\u003e\n\u003c/div\u003e\n\u003cdiv class=\"col s2\"\u003e\u0026nbsp;\u003c/div\u003e\n\u003c/div\u003e\n\u003c/div\u003e\n\u003c/html\u003e\nEOF\n\nmv /var/www/html/index.html /var/www/html/index.html.old || echo \"Old index doesn't exist\"\n\n[[ -n \"${PROXY_PATH}\" ]] \u0026\u0026 mkdir -p /var/www/html/${PROXY_PATH} \u0026\u0026 cp /var/www/html/index.php /var/www/html/${PROXY_PATH}/index.php\n\nchkconfig httpd on || systemctl enable httpd || systemctl enable apache2\nservice httpd restart || systemctl restart httpd || systemctl restart apache2\n",
            "vars": {
              "PROXY_PATH": "/group1"
            }
          }
        }
      ]
    },
    {
      "mode": "data",
      "type": "template_file",
      "name": "group2-startup-script",
      "provider": "provider.template",
      "instances": [
        {
          "schema_version": 0,
          "attributes": {
            "filename": null,
            "id": "3722a1bfe9ff59699bb6a34720d84c6289959a74442ac59e7b757b2c3faf53ab",
            "rendered": "#!/bin/bash -xe\n\n# introducing sleep so network interfaces and routes can get ready before fetching software\nsleep 10\n\nRPM_INSTALL_ARGS=\"install -y httpd php php-common\"\n\nif [ -f \"/etc/redhat-release\" ]; then\n  yum update -y || dnf update -y\n  yum $RPM_INSTALL_ARGS || dnf $RPM_INSTALL_ARGS\nelse\n  apt-get update\n  apt-get install -y apache2 libapache2-mod-php\nfi\n\ncat \u003e /var/www/html/index.php \u003c\u003c'EOF'\n\u003c?php\nfunction metadata_value($value) {\n    $opts = array(\n        \"http\" =\u003e array(\n            \"method\" =\u003e \"GET\",\n            \"header\" =\u003e \"Metadata-Flavor: Google\"\n        )\n    );\n    $context = stream_context_create($opts);\n    $content = file_get_contents(\"http://metadata/computeMetadata/v1/$value\", false, $context);\n    return $content;\n}\nif ($_SERVER['HTTP_X_FORWARDED_PROTO'] == \"http\") {\n\t\t$redirect = 'https://' . $_SERVER['HTTP_HOST'] . $_SERVER['REQUEST_URI'];\n\t\theader('HTTP/1.1 301 Moved Permanently');\n\t\theader('Location: ' . $redirect);\n\t\texit();\n}\n?\u003e\n\n\u003c!doctype html\u003e\n\u003chtml\u003e\n\u003chead\u003e\n\u003c!-- Compiled and minified CSS --\u003e\n\u003clink rel=\"stylesheet\" href=\"https://cdnjs.cloudflare.com/ajax/libs/materialize/0.97.0/css/materialize.min.css\"\u003e\n\n\u003c!-- Compiled and minified JavaScript --\u003e\n\u003cscript src=\"https://cdnjs.cloudflare.com/ajax/libs/materialize/0.97.0/js/materialize.min.js\"\u003e\u003c/script\u003e\n\u003ctitle\u003eFrontend Web Server\u003c/title\u003e\n\u003c/head\u003e\n\u003cbody\u003e\n\u003cdiv class=\"container\"\u003e\n\u003cdiv class=\"row\"\u003e\n\u003cdiv class=\"col s2\"\u003e\u0026nbsp;\u003c/div\u003e\n\u003cdiv class=\"col s8\"\u003e\n\n\u003cimg src=\"/assets/gcp-logo.svg\"/\u003e\n\n\u003cdiv class=\"card blue\"\u003e\n\u003cdiv class=\"card-content white-text\"\u003e\n\u003cdiv class=\"card-title\"\u003eBackend that serviced this request\u003c/div\u003e\n\u003c/div\u003e\n\u003cdiv class=\"card-content white\"\u003e\n\u003ctable class=\"bordered\"\u003e\n  \u003ctbody\u003e\n\t\u003ctr\u003e\n\t  \u003ctd\u003eName\u003c/td\u003e\n\t  \u003ctd\u003e\u003c?php printf(metadata_value(\"instance/name\")) ?\u003e\u003c/td\u003e\n\t\u003c/tr\u003e\n\t\u003ctr\u003e\n\t  \u003ctd\u003eID\u003c/td\u003e\n\t  \u003ctd\u003e\u003c?php printf(metadata_value(\"instance/id\")) ?\u003e\u003c/td\u003e\n\t\u003c/tr\u003e\n\t\u003ctr\u003e\n\t  \u003ctd\u003eHostname\u003c/td\u003e\n\t  \u003ctd\u003e\u003c?php printf(metadata_value(\"instance/hostname\")) ?\u003e\u003c/td\u003e\n\t\u003c/tr\u003e\n\t\u003ctr\u003e\n\t  \u003ctd\u003eZone\u003c/td\u003e\n\t  \u003ctd\u003e\u003c?php printf(metadata_value(\"instance/zone\")) ?\u003e\u003c/td\u003e\n\t\u003c/tr\u003e\n    \u003ctr\u003e\n\t  \u003ctd\u003eMachine Type\u003c/td\u003e\n\t  \u003ctd\u003e\u003c?php printf(metadata_value(\"instance/machine-type\")) ?\u003e\u003c/td\u003e\n\t\u003c/tr\u003e\n\t\u003ctr\u003e\n\t  \u003ctd\u003eProject\u003c/td\u003e\n\t  \u003ctd\u003e\u003c?php printf(metadata_value(\"project/project-id\")) ?\u003e\u003c/td\u003e\n\t\u003c/tr\u003e\n\t\u003ctr\u003e\n\t  \u003ctd\u003eInternal IP\u003c/td\u003e\n\t  \u003ctd\u003e\u003c?php printf(metadata_value(\"instance/network-interfaces/0/ip\")) ?\u003e\u003c/td\u003e\n\t\u003c/tr\u003e\n\t\u003ctr\u003e\n\t  \u003ctd\u003eExternal IP\u003c/td\u003e\n\t  \u003ctd\u003e\u003c?php printf(metadata_value(\"instance/network-interfaces/0/access-configs/0/external-ip\")) ?\u003e\u003c/td\u003e\n\t\u003c/tr\u003e\n  \u003c/tbody\u003e\n\u003c/table\u003e\n\u003c/div\u003e\n\u003c/div\u003e\n\n\u003cdiv class=\"card blue\"\u003e\n\u003cdiv class=\"card-content white-text\"\u003e\n\u003cdiv class=\"card-title\"\u003eProxy that handled this request\u003c/div\u003e\n\u003c/div\u003e\n\u003cdiv class=\"card-content white\"\u003e\n\u003ctable class=\"bordered\"\u003e\n  \u003ctbody\u003e\n\t\u003ctr\u003e\n\t  \u003ctd\u003eAddress\u003c/td\u003e\n\t  \u003ctd\u003e\u003c?php printf($_SERVER[\"HTTP_HOST\"]); ?\u003e\u003c/td\u003e\n\t\u003c/tr\u003e\n  \u003c/tbody\u003e\n\u003c/table\u003e\n\u003c/div\u003e\n\n\u003c/div\u003e\n\u003c/div\u003e\n\u003cdiv class=\"col s2\"\u003e\u0026nbsp;\u003c/div\u003e\n\u003c/div\u003e\n\u003c/div\u003e\n\u003c/html\u003e\nEOF\n\nmv /var/www/html/index.html /var/www/html/index.html.old || echo \"Old index doesn't exist\"\n\n[[ -n \"/group2\" ]] \u0026\u0026 mkdir -p /var/www/html//group2 \u0026\u0026 cp /var/www/html/index.php /var/www/html//group2/index.php\n\nchkconfig httpd on || systemctl enable httpd || systemctl enable apache2\nservice httpd restart || systemctl restart httpd || systemctl restart apache2\n",
            "template": "#!/bin/bash -xe\n\n# introducing sleep so network interfaces and routes can get ready before fetching software\nsleep 10\n\nRPM_INSTALL_ARGS=\"install -y httpd php php-common\"\n\nif [ -f \"/etc/redhat-release\" ]; then\n  yum update -y || dnf update -y\n  yum $RPM_INSTALL_ARGS || dnf $RPM_INSTALL_ARGS\nelse\n  apt-get update\n  apt-get install -y apache2 libapache2-mod-php\nfi\n\ncat \u003e /var/www/html/index.php \u003c\u003c'EOF'\n\u003c?php\nfunction metadata_value($value) {\n    $opts = array(\n        \"http\" =\u003e array(\n            \"method\" =\u003e \"GET\",\n            \"header\" =\u003e \"Metadata-Flavor: Google\"\n        )\n    );\n    $context = stream_context_create($opts);\n    $content = file_get_contents(\"http://metadata/computeMetadata/v1/$value\", false, $context);\n    return $content;\n}\nif ($_SERVER['HTTP_X_FORWARDED_PROTO'] == \"http\") {\n\t\t$redirect = 'https://' . $_SERVER['HTTP_HOST'] . $_SERVER['REQUEST_URI'];\n\t\theader('HTTP/1.1 301 Moved Permanently');\n\t\theader('Location: ' . $redirect);\n\t\texit();\n}\n?\u003e\n\n\u003c!doctype html\u003e\n\u003chtml\u003e\n\u003chead\u003e\n\u003c!-- Compiled and minified CSS --\u003e\n\u003clink rel=\"stylesheet\" href=\"https://cdnjs.cloudflare.com/ajax/libs/materialize/0.97.0/css/materialize.min.css\"\u003e\n\n\u003c!-- Compiled and minified JavaScript --\u003e\n\u003cscript src=\"https://cdnjs.cloudflare.com/ajax/libs/materialize/0.97.0/js/materialize.min.js\"\u003e\u003c/script\u003e\n\u003ctitle\u003eFrontend Web Server\u003c/title\u003e\n\u003c/head\u003e\n\u003cbody\u003e\n\u003cdiv class=\"container\"\u003e\n\u003cdiv class=\"row\"\u003e\n\u003cdiv class=\"col s2\"\u003e\u0026nbsp;\u003c/div\u003e\n\u003cdiv class=\"col s8\"\u003e\n\n\u003cimg src=\"/assets/gcp-logo.svg\"/\u003e\n\n\u003cdiv class=\"card blue\"\u003e\n\u003cdiv class=\"card-content white-text\"\u003e\n\u003cdiv class=\"card-title\"\u003eBackend that serviced this request\u003c/div\u003e\n\u003c/div\u003e\n\u003cdiv class=\"card-content white\"\u003e\n\u003ctable class=\"bordered\"\u003e\n  \u003ctbody\u003e\n\t\u003ctr\u003e\n\t  \u003ctd\u003eName\u003c/td\u003e\n\t  \u003ctd\u003e\u003c?php printf(metadata_value(\"instance/name\")) ?\u003e\u003c/td\u003e\n\t\u003c/tr\u003e\n\t\u003ctr\u003e\n\t  \u003ctd\u003eID\u003c/td\u003e\n\t  \u003ctd\u003e\u003c?php printf(metadata_value(\"instance/id\")) ?\u003e\u003c/td\u003e\n\t\u003c/tr\u003e\n\t\u003ctr\u003e\n\t  \u003ctd\u003eHostname\u003c/td\u003e\n\t  \u003ctd\u003e\u003c?php printf(metadata_value(\"instance/hostname\")) ?\u003e\u003c/td\u003e\n\t\u003c/tr\u003e\n\t\u003ctr\u003e\n\t  \u003ctd\u003eZone\u003c/td\u003e\n\t  \u003ctd\u003e\u003c?php printf(metadata_value(\"instance/zone\")) ?\u003e\u003c/td\u003e\n\t\u003c/tr\u003e\n    \u003ctr\u003e\n\t  \u003ctd\u003eMachine Type\u003c/td\u003e\n\t  \u003ctd\u003e\u003c?php printf(metadata_value(\"instance/machine-type\")) ?\u003e\u003c/td\u003e\n\t\u003c/tr\u003e\n\t\u003ctr\u003e\n\t  \u003ctd\u003eProject\u003c/td\u003e\n\t  \u003ctd\u003e\u003c?php printf(metadata_value(\"project/project-id\")) ?\u003e\u003c/td\u003e\n\t\u003c/tr\u003e\n\t\u003ctr\u003e\n\t  \u003ctd\u003eInternal IP\u003c/td\u003e\n\t  \u003ctd\u003e\u003c?php printf(metadata_value(\"instance/network-interfaces/0/ip\")) ?\u003e\u003c/td\u003e\n\t\u003c/tr\u003e\n\t\u003ctr\u003e\n\t  \u003ctd\u003eExternal IP\u003c/td\u003e\n\t  \u003ctd\u003e\u003c?php printf(metadata_value(\"instance/network-interfaces/0/access-configs/0/external-ip\")) ?\u003e\u003c/td\u003e\n\t\u003c/tr\u003e\n  \u003c/tbody\u003e\n\u003c/table\u003e\n\u003c/div\u003e\n\u003c/div\u003e\n\n\u003cdiv class=\"card blue\"\u003e\n\u003cdiv class=\"card-content white-text\"\u003e\n\u003cdiv class=\"card-title\"\u003eProxy that handled this request\u003c/div\u003e\n\u003c/div\u003e\n\u003cdiv class=\"card-content white\"\u003e\n\u003ctable class=\"bordered\"\u003e\n  \u003ctbody\u003e\n\t\u003ctr\u003e\n\t  \u003ctd\u003eAddress\u003c/td\u003e\n\t  \u003ctd\u003e\u003c?php printf($_SERVER[\"HTTP_HOST\"]); ?\u003e\u003c/td\u003e\n\t\u003c/tr\u003e\n  \u003c/tbody\u003e\n\u003c/table\u003e\n\u003c/div\u003e\n\n\u003c/div\u003e\n\u003c/div\u003e\n\u003cdiv class=\"col s2\"\u003e\u0026nbsp;\u003c/div\u003e\n\u003c/div\u003e\n\u003c/div\u003e\n\u003c/html\u003e\nEOF\n\nmv /var/www/html/index.html /var/www/html/index.html.old || echo \"Old index doesn't exist\"\n\n[[ -n \"${PROXY_PATH}\" ]] \u0026\u0026 mkdir -p /var/www/html/${PROXY_PATH} \u0026\u0026 cp /var/www/html/index.php /var/www/html/${PROXY_PATH}/index.php\n\nchkconfig httpd on || systemctl enable httpd || systemctl enable apache2\nservice httpd restart || systemctl restart httpd || systemctl restart apache2\n",
            "vars": {
              "PROXY_PATH": "/group2"
            }
          }
        }
      ]
    },
    {
      "mode": "data",
      "type": "template_file",
      "name": "group3-startup-script",
      "provider": "provider.template",
      "instances": [
        {
          "schema_version": 0,
          "attributes": {
            "filename": null,
            "id": "c0aa152c441b3f202340deda0271fc71b605077eb530fb4b9fba2026d2282d54",
            "rendered": "#!/bin/bash -xe\n\n# introducing sleep so network interfaces and routes can get ready before fetching software\nsleep 10\n\nRPM_INSTALL_ARGS=\"install -y httpd php php-common\"\n\nif [ -f \"/etc/redhat-release\" ]; then\n  yum update -y || dnf update -y\n  yum $RPM_INSTALL_ARGS || dnf $RPM_INSTALL_ARGS\nelse\n  apt-get update\n  apt-get install -y apache2 libapache2-mod-php\nfi\n\ncat \u003e /var/www/html/index.php \u003c\u003c'EOF'\n\u003c?php\nfunction metadata_value($value) {\n    $opts = array(\n        \"http\" =\u003e array(\n            \"method\" =\u003e \"GET\",\n            \"header\" =\u003e \"Metadata-Flavor: Google\"\n        )\n    );\n    $context = stream_context_create($opts);\n    $content = file_get_contents(\"http://metadata/computeMetadata/v1/$value\", false, $context);\n    return $content;\n}\nif ($_SERVER['HTTP_X_FORWARDED_PROTO'] == \"http\") {\n\t\t$redirect = 'https://' . $_SERVER['HTTP_HOST'] . $_SERVER['REQUEST_URI'];\n\t\theader('HTTP/1.1 301 Moved Permanently');\n\t\theader('Location: ' . $redirect);\n\t\texit();\n}\n?\u003e\n\n\u003c!doctype html\u003e\n\u003chtml\u003e\n\u003chead\u003e\n\u003c!-- Compiled and minified CSS --\u003e\n\u003clink rel=\"stylesheet\" href=\"https://cdnjs.cloudflare.com/ajax/libs/materialize/0.97.0/css/materialize.min.css\"\u003e\n\n\u003c!-- Compiled and minified JavaScript --\u003e\n\u003cscript src=\"https://cdnjs.cloudflare.com/ajax/libs/materialize/0.97.0/js/materialize.min.js\"\u003e\u003c/script\u003e\n\u003ctitle\u003eFrontend Web Server\u003c/title\u003e\n\u003c/head\u003e\n\u003cbody\u003e\n\u003cdiv class=\"container\"\u003e\n\u003cdiv class=\"row\"\u003e\n\u003cdiv class=\"col s2\"\u003e\u0026nbsp;\u003c/div\u003e\n\u003cdiv class=\"col s8\"\u003e\n\n\u003cimg src=\"/assets/gcp-logo.svg\"/\u003e\n\n\u003cdiv class=\"card blue\"\u003e\n\u003cdiv class=\"card-content white-text\"\u003e\n\u003cdiv class=\"card-title\"\u003eBackend that serviced this request\u003c/div\u003e\n\u003c/div\u003e\n\u003cdiv class=\"card-content white\"\u003e\n\u003ctable class=\"bordered\"\u003e\n  \u003ctbody\u003e\n\t\u003ctr\u003e\n\t  \u003ctd\u003eName\u003c/td\u003e\n\t  \u003ctd\u003e\u003c?php printf(metadata_value(\"instance/name\")) ?\u003e\u003c/td\u003e\n\t\u003c/tr\u003e\n\t\u003ctr\u003e\n\t  \u003ctd\u003eID\u003c/td\u003e\n\t  \u003ctd\u003e\u003c?php printf(metadata_value(\"instance/id\")) ?\u003e\u003c/td\u003e\n\t\u003c/tr\u003e\n\t\u003ctr\u003e\n\t  \u003ctd\u003eHostname\u003c/td\u003e\n\t  \u003ctd\u003e\u003c?php printf(metadata_value(\"instance/hostname\")) ?\u003e\u003c/td\u003e\n\t\u003c/tr\u003e\n\t\u003ctr\u003e\n\t  \u003ctd\u003eZone\u003c/td\u003e\n\t  \u003ctd\u003e\u003c?php printf(metadata_value(\"instance/zone\")) ?\u003e\u003c/td\u003e\n\t\u003c/tr\u003e\n    \u003ctr\u003e\n\t  \u003ctd\u003eMachine Type\u003c/td\u003e\n\t  \u003ctd\u003e\u003c?php printf(metadata_value(\"instance/machine-type\")) ?\u003e\u003c/td\u003e\n\t\u003c/tr\u003e\n\t\u003ctr\u003e\n\t  \u003ctd\u003eProject\u003c/td\u003e\n\t  \u003ctd\u003e\u003c?php printf(metadata_value(\"project/project-id\")) ?\u003e\u003c/td\u003e\n\t\u003c/tr\u003e\n\t\u003ctr\u003e\n\t  \u003ctd\u003eInternal IP\u003c/td\u003e\n\t  \u003ctd\u003e\u003c?php printf(metadata_value(\"instance/network-interfaces/0/ip\")) ?\u003e\u003c/td\u003e\n\t\u003c/tr\u003e\n\t\u003ctr\u003e\n\t  \u003ctd\u003eExternal IP\u003c/td\u003e\n\t  \u003ctd\u003e\u003c?php printf(metadata_value(\"instance/network-interfaces/0/access-configs/0/external-ip\")) ?\u003e\u003c/td\u003e\n\t\u003c/tr\u003e\n  \u003c/tbody\u003e\n\u003c/table\u003e\n\u003c/div\u003e\n\u003c/div\u003e\n\n\u003cdiv class=\"card blue\"\u003e\n\u003cdiv class=\"card-content white-text\"\u003e\n\u003cdiv class=\"card-title\"\u003eProxy that handled this request\u003c/div\u003e\n\u003c/div\u003e\n\u003cdiv class=\"card-content white\"\u003e\n\u003ctable class=\"bordered\"\u003e\n  \u003ctbody\u003e\n\t\u003ctr\u003e\n\t  \u003ctd\u003eAddress\u003c/td\u003e\n\t  \u003ctd\u003e\u003c?php printf($_SERVER[\"HTTP_HOST\"]); ?\u003e\u003c/td\u003e\n\t\u003c/tr\u003e\n  \u003c/tbody\u003e\n\u003c/table\u003e\n\u003c/div\u003e\n\n\u003c/div\u003e\n\u003c/div\u003e\n\u003cdiv class=\"col s2\"\u003e\u0026nbsp;\u003c/div\u003e\n\u003c/div\u003e\n\u003c/div\u003e\n\u003c/html\u003e\nEOF\n\nmv /var/www/html/index.html /var/www/html/index.html.old || echo \"Old index doesn't exist\"\n\n[[ -n \"/group3\" ]] \u0026\u0026 mkdir -p /var/www/html//group3 \u0026\u0026 cp /var/www/html/index.php /var/www/html//group3/index.php\n\nchkconfig httpd on || systemctl enable httpd || systemctl enable apache2\nservice httpd restart || systemctl restart httpd || systemctl restart apache2\n",
            "template": "#!/bin/bash -xe\n\n# introducing sleep so network interfaces and routes can get ready before fetching software\nsleep 10\n\nRPM_INSTALL_ARGS=\"install -y httpd php php-common\"\n\nif [ -f \"/etc/redhat-release\" ]; then\n  yum update -y || dnf update -y\n  yum $RPM_INSTALL_ARGS || dnf $RPM_INSTALL_ARGS\nelse\n  apt-get update\n  apt-get install -y apache2 libapache2-mod-php\nfi\n\ncat \u003e /var/www/html/index.php \u003c\u003c'EOF'\n\u003c?php\nfunction metadata_value($value) {\n    $opts = array(\n        \"http\" =\u003e array(\n            \"method\" =\u003e \"GET\",\n            \"header\" =\u003e \"Metadata-Flavor: Google\"\n        )\n    );\n    $context = stream_context_create($opts);\n    $content = file_get_contents(\"http://metadata/computeMetadata/v1/$value\", false, $context);\n    return $content;\n}\nif ($_SERVER['HTTP_X_FORWARDED_PROTO'] == \"http\") {\n\t\t$redirect = 'https://' . $_SERVER['HTTP_HOST'] . $_SERVER['REQUEST_URI'];\n\t\theader('HTTP/1.1 301 Moved Permanently');\n\t\theader('Location: ' . $redirect);\n\t\texit();\n}\n?\u003e\n\n\u003c!doctype html\u003e\n\u003chtml\u003e\n\u003chead\u003e\n\u003c!-- Compiled and minified CSS --\u003e\n\u003clink rel=\"stylesheet\" href=\"https://cdnjs.cloudflare.com/ajax/libs/materialize/0.97.0/css/materialize.min.css\"\u003e\n\n\u003c!-- Compiled and minified JavaScript --\u003e\n\u003cscript src=\"https://cdnjs.cloudflare.com/ajax/libs/materialize/0.97.0/js/materialize.min.js\"\u003e\u003c/script\u003e\n\u003ctitle\u003eFrontend Web Server\u003c/title\u003e\n\u003c/head\u003e\n\u003cbody\u003e\n\u003cdiv class=\"container\"\u003e\n\u003cdiv class=\"row\"\u003e\n\u003cdiv class=\"col s2\"\u003e\u0026nbsp;\u003c/div\u003e\n\u003cdiv class=\"col s8\"\u003e\n\n\u003cimg src=\"/assets/gcp-logo.svg\"/\u003e\n\n\u003cdiv class=\"card blue\"\u003e\n\u003cdiv class=\"card-content white-text\"\u003e\n\u003cdiv class=\"card-title\"\u003eBackend that serviced this request\u003c/div\u003e\n\u003c/div\u003e\n\u003cdiv class=\"card-content white\"\u003e\n\u003ctable class=\"bordered\"\u003e\n  \u003ctbody\u003e\n\t\u003ctr\u003e\n\t  \u003ctd\u003eName\u003c/td\u003e\n\t  \u003ctd\u003e\u003c?php printf(metadata_value(\"instance/name\")) ?\u003e\u003c/td\u003e\n\t\u003c/tr\u003e\n\t\u003ctr\u003e\n\t  \u003ctd\u003eID\u003c/td\u003e\n\t  \u003ctd\u003e\u003c?php printf(metadata_value(\"instance/id\")) ?\u003e\u003c/td\u003e\n\t\u003c/tr\u003e\n\t\u003ctr\u003e\n\t  \u003ctd\u003eHostname\u003c/td\u003e\n\t  \u003ctd\u003e\u003c?php printf(metadata_value(\"instance/hostname\")) ?\u003e\u003c/td\u003e\n\t\u003c/tr\u003e\n\t\u003ctr\u003e\n\t  \u003ctd\u003eZone\u003c/td\u003e\n\t  \u003ctd\u003e\u003c?php printf(metadata_value(\"instance/zone\")) ?\u003e\u003c/td\u003e\n\t\u003c/tr\u003e\n    \u003ctr\u003e\n\t  \u003ctd\u003eMachine Type\u003c/td\u003e\n\t  \u003ctd\u003e\u003c?php printf(metadata_value(\"instance/machine-type\")) ?\u003e\u003c/td\u003e\n\t\u003c/tr\u003e\n\t\u003ctr\u003e\n\t  \u003ctd\u003eProject\u003c/td\u003e\n\t  \u003ctd\u003e\u003c?php printf(metadata_value(\"project/project-id\")) ?\u003e\u003c/td\u003e\n\t\u003c/tr\u003e\n\t\u003ctr\u003e\n\t  \u003ctd\u003eInternal IP\u003c/td\u003e\n\t  \u003ctd\u003e\u003c?php printf(metadata_value(\"instance/network-interfaces/0/ip\")) ?\u003e\u003c/td\u003e\n\t\u003c/tr\u003e\n\t\u003ctr\u003e\n\t  \u003ctd\u003eExternal IP\u003c/td\u003e\n\t  \u003ctd\u003e\u003c?php printf(metadata_value(\"instance/network-interfaces/0/access-configs/0/external-ip\")) ?\u003e\u003c/td\u003e\n\t\u003c/tr\u003e\n  \u003c/tbody\u003e\n\u003c/table\u003e\n\u003c/div\u003e\n\u003c/div\u003e\n\n\u003cdiv class=\"card blue\"\u003e\n\u003cdiv class=\"card-content white-text\"\u003e\n\u003cdiv class=\"card-title\"\u003eProxy that handled this request\u003c/div\u003e\n\u003c/div\u003e\n\u003cdiv class=\"card-content white\"\u003e\n\u003ctable class=\"bordered\"\u003e\n  \u003ctbody\u003e\n\t\u003ctr\u003e\n\t  \u003ctd\u003eAddress\u003c/td\u003e\n\t  \u003ctd\u003e\u003c?php printf($_SERVER[\"HTTP_HOST\"]); ?\u003e\u003c/td\u003e\n\t\u003c/tr\u003e\n  \u003c/tbody\u003e\n\u003c/table\u003e\n\u003c/div\u003e\n\n\u003c/div\u003e\n\u003c/div\u003e\n\u003cdiv class=\"col s2\"\u003e\u0026nbsp;\u003c/div\u003e\n\u003c/div\u003e\n\u003c/div\u003e\n\u003c/html\u003e\nEOF\n\nmv /var/www/html/index.html /var/www/html/index.html.old || echo \"Old index doesn't exist\"\n\n[[ -n \"${PROXY_PATH}\" ]] \u0026\u0026 mkdir -p /var/www/html/${PROXY_PATH} \u0026\u0026 cp /var/www/html/index.php /var/www/html/${PROXY_PATH}/index.php\n\nchkconfig httpd on || systemctl enable httpd || systemctl enable apache2\nservice httpd restart || systemctl restart httpd || systemctl restart apache2\n",
            "vars": {
              "PROXY_PATH": "/group3"
            }
          }
        }
      ]
    },
    {
      "mode": "managed",
      "type": "google_compute_backend_bucket",
      "name": "assets",
      "provider": "provider.google",
      "instances": [
        {
          "schema_version": 0,
          "attributes": {
            "bucket_name": "terraform-static-content-9707",
            "cdn_policy": [
              {
                "signed_url_cache_max_age_sec": 0
              }
            ],
            "creation_timestamp": "2021-02-08T01:27:22.220-08:00",
            "description": "Contains static resources for example app",
            "enable_cdn": true,
            "id": "projects/qwiklabs-gcp-03-54dbe89f21d0/global/backendBuckets/terraform-static-content-9707",
            "name": "terraform-static-content-9707",
            "project": "qwiklabs-gcp-03-54dbe89f21d0",
            "self_link": "https://www.googleapis.com/compute/v1/projects/qwiklabs-gcp-03-54dbe89f21d0/global/backendBuckets/terraform-static-content-9707",
            "timeouts": null
          },
          "private": "eyJlMmJmYjczMC1lY2FhLTExZTYtOGY4OC0zNDM2M2JjN2M0YzAiOnsiY3JlYXRlIjoyNDAwMDAwMDAwMDAsImRlbGV0ZSI6MjQwMDAwMDAwMDAwLCJ1cGRhdGUiOjI0MDAwMDAwMDAwMH19",
          "dependencies": [
            "google_storage_bucket.assets",
            "random_id.assets-bucket"
          ]
        }
      ]
    },
    {
      "module": "module.gce-lb-https",
      "mode": "managed",
      "type": "google_compute_backend_service",
      "name": "default",
      "each": "map",
      "provider": "provider.google-beta",
      "instances": [
        {
          "index_key": "default",
          "schema_version": 1,
          "attributes": {
            "affinity_cookie_ttl_sec": 0,
            "backend": [
              {
                "balancing_mode": "UTILIZATION",
                "capacity_scaler": 1,
                "description": "",
                "group": "https://www.googleapis.com/compute/v1/projects/qwiklabs-gcp-03-54dbe89f21d0/regions/us-central1/instanceGroups/ml-bk-ml-mig-bkt-s-lb-group2-mig",
                "max_connections": null,
                "max_connections_per_endpoint": null,
                "max_connections_per_instance": null,
                "max_rate": null,
                "max_rate_per_endpoint": null,
                "max_rate_per_instance": null,
                "max_utilization": 0.8
              },
              {
                "balancing_mode": "UTILIZATION",
                "capacity_scaler": 1,
                "description": "",
                "group": "https://www.googleapis.com/compute/v1/projects/qwiklabs-gcp-03-54dbe89f21d0/regions/us-east1/instanceGroups/ml-bk-ml-mig-bkt-s-lb-group3-mig",
                "max_connections": null,
                "max_connections_per_endpoint": null,
                "max_connections_per_instance": null,
                "max_rate": null,
                "max_rate_per_endpoint": null,
                "max_rate_per_instance": null,
                "max_utilization": 0.8
              },
              {
                "balancing_mode": "UTILIZATION",
                "capacity_scaler": 1,
                "description": "",
                "group": "https://www.googleapis.com/compute/v1/projects/qwiklabs-gcp-03-54dbe89f21d0/regions/us-west1/instanceGroups/ml-bk-ml-mig-bkt-s-lb-group1-mig",
                "max_connections": null,
                "max_connections_per_endpoint": null,
                "max_connections_per_instance": null,
                "max_rate": null,
                "max_rate_per_endpoint": null,
                "max_rate_per_instance": null,
                "max_utilization": 0.8
              }
            ],
            "cdn_policy": [],
            "circuit_breakers": [],
            "connection_draining_timeout_sec": 300,
            "consistent_hash": [],
            "creation_timestamp": "2021-02-08T01:28:48.330-08:00",
            "custom_request_headers": null,
            "custom_response_headers": null,
            "description": "",
            "enable_cdn": false,
            "fingerprint": "cNAuI6qMH8A=",
            "health_checks": [
              "https://www.googleapis.com/compute/v1/projects/qwiklabs-gcp-03-54dbe89f21d0/global/healthChecks/ml-bk-ml-mig-bkt-s-lb-hc-default"
            ],
            "iap": [],
            "id": "projects/qwiklabs-gcp-03-54dbe89f21d0/global/backendServices/ml-bk-ml-mig-bkt-s-lb-backend-default",
            "load_balancing_scheme": "EXTERNAL",
            "locality_lb_policy": "",
            "log_config": [
              {
                "enable": true,
                "sample_rate": 1
              }
            ],
            "name": "ml-bk-ml-mig-bkt-s-lb-backend-default",
            "outlier_detection": [],
            "port_name": "http",
            "project": "qwiklabs-gcp-03-54dbe89f21d0",
            "protocol": "HTTP",
            "security_policy": "",
            "self_link": "https://www.googleapis.com/compute/v1/projects/qwiklabs-gcp-03-54dbe89f21d0/global/backendServices/ml-bk-ml-mig-bkt-s-lb-backend-default",
            "session_affinity": "NONE",
            "timeout_sec": 10,
            "timeouts": null
          },
          "private": "eyJlMmJmYjczMC1lY2FhLTExZTYtOGY4OC0zNDM2M2JjN2M0YzAiOnsiY3JlYXRlIjoyNDAwMDAwMDAwMDAsImRlbGV0ZSI6MjQwMDAwMDAwMDAwLCJ1cGRhdGUiOjI0MDAwMDAwMDAwMH0sInNjaGVtYV92ZXJzaW9uIjoiMSJ9",
          "dependencies": [
            "google_compute_network.default",
            "google_compute_router.group1",
            "google_compute_router.group2",
            "google_compute_subnetwork.group1",
            "google_compute_subnetwork.group2",
            "google_compute_subnetwork.group3",
            "module.gce-lb-https.google_compute_health_check.default",
            "module.mig1.google_compute_health_check.http",
            "module.mig1.google_compute_health_check.tcp",
            "module.mig1.google_compute_region_instance_group_manager.mig",
            "module.mig1_template.google_compute_instance_template.tpl",
            "module.mig2.google_compute_health_check.http",
            "module.mig2.google_compute_health_check.tcp",
            "module.mig2.google_compute_region_instance_group_manager.mig",
            "module.mig2_template.google_compute_instance_template.tpl",
            "module.mig3.google_compute_health_check.http",
            "module.mig3.google_compute_health_check.tcp",
            "module.mig3.google_compute_region_instance_group_manager.mig",
            "module.mig3_template.google_compute_instance_template.tpl"
          ]
        },
        {
          "index_key": "mig1",
          "schema_version": 1,
          "attributes": {
            "affinity_cookie_ttl_sec": 0,
            "backend": [
              {
                "balancing_mode": "UTILIZATION",
                "capacity_scaler": 1,
                "description": "",
                "group": "https://www.googleapis.com/compute/v1/projects/qwiklabs-gcp-03-54dbe89f21d0/regions/us-west1/instanceGroups/ml-bk-ml-mig-bkt-s-lb-group1-mig",
                "max_connections": null,
                "max_connections_per_endpoint": null,
                "max_connections_per_instance": null,
                "max_rate": null,
                "max_rate_per_endpoint": null,
                "max_rate_per_instance": null,
                "max_utilization": 0.8
              }
            ],
            "cdn_policy": [],
            "circuit_breakers": [],
            "connection_draining_timeout_sec": 300,
            "consistent_hash": [],
            "creation_timestamp": "2021-02-08T01:28:48.326-08:00",
            "custom_request_headers": null,
            "custom_response_headers": null,
            "description": "",
            "enable_cdn": false,
            "fingerprint": "QPbvOpKbGFo=",
            "health_checks": [
              "https://www.googleapis.com/compute/v1/projects/qwiklabs-gcp-03-54dbe89f21d0/global/healthChecks/ml-bk-ml-mig-bkt-s-lb-hc-mig1"
            ],
            "iap": [],
            "id": "projects/qwiklabs-gcp-03-54dbe89f21d0/global/backendServices/ml-bk-ml-mig-bkt-s-lb-backend-mig1",
            "load_balancing_scheme": "EXTERNAL",
            "locality_lb_policy": "",
            "log_config": [
              {
                "enable": true,
                "sample_rate": 1
              }
            ],
            "name": "ml-bk-ml-mig-bkt-s-lb-backend-mig1",
            "outlier_detection": [],
            "port_name": "http",
            "project": "qwiklabs-gcp-03-54dbe89f21d0",
            "protocol": "HTTP",
            "security_policy": "",
            "self_link": "https://www.googleapis.com/compute/v1/projects/qwiklabs-gcp-03-54dbe89f21d0/global/backendServices/ml-bk-ml-mig-bkt-s-lb-backend-mig1",
            "session_affinity": "NONE",
            "timeout_sec": 10,
            "timeouts": null
          },
          "private": "eyJlMmJmYjczMC1lY2FhLTExZTYtOGY4OC0zNDM2M2JjN2M0YzAiOnsiY3JlYXRlIjoyNDAwMDAwMDAwMDAsImRlbGV0ZSI6MjQwMDAwMDAwMDAwLCJ1cGRhdGUiOjI0MDAwMDAwMDAwMH0sInNjaGVtYV92ZXJzaW9uIjoiMSJ9",
          "dependencies": [
            "google_compute_network.default",
            "google_compute_router.group1",
            "google_compute_router.group2",
            "google_compute_subnetwork.group1",
            "google_compute_subnetwork.group2",
            "google_compute_subnetwork.group3",
            "module.gce-lb-https.google_compute_health_check.default",
            "module.mig1.google_compute_health_check.http",
            "module.mig1.google_compute_health_check.tcp",
            "module.mig1.google_compute_region_instance_group_manager.mig",
            "module.mig1_template.google_compute_instance_template.tpl",
            "module.mig2.google_compute_health_check.http",
            "module.mig2.google_compute_health_check.tcp",
            "module.mig2.google_compute_region_instance_group_manager.mig",
            "module.mig2_template.google_compute_instance_template.tpl",
            "module.mig3.google_compute_health_check.http",
            "module.mig3.google_compute_health_check.tcp",
            "module.mig3.google_compute_region_instance_group_manager.mig",
            "module.mig3_template.google_compute_instance_template.tpl"
          ]
        },
        {
          "index_key": "mig2",
          "schema_version": 1,
          "attributes": {
            "affinity_cookie_ttl_sec": 0,
            "backend": [
              {
                "balancing_mode": "UTILIZATION",
                "capacity_scaler": 1,
                "description": "",
                "group": "https://www.googleapis.com/compute/v1/projects/qwiklabs-gcp-03-54dbe89f21d0/regions/us-central1/instanceGroups/ml-bk-ml-mig-bkt-s-lb-group2-mig",
                "max_connections": null,
                "max_connections_per_endpoint": null,
                "max_connections_per_instance": null,
                "max_rate": null,
                "max_rate_per_endpoint": null,
                "max_rate_per_instance": null,
                "max_utilization": 0.8
              }
            ],
            "cdn_policy": [],
            "circuit_breakers": [],
            "connection_draining_timeout_sec": 300,
            "consistent_hash": [],
            "creation_timestamp": "2021-02-08T01:28:48.294-08:00",
            "custom_request_headers": null,
            "custom_response_headers": null,
            "description": "",
            "enable_cdn": false,
            "fingerprint": "RA6FhvzCy80=",
            "health_checks": [
              "https://www.googleapis.com/compute/v1/projects/qwiklabs-gcp-03-54dbe89f21d0/global/healthChecks/ml-bk-ml-mig-bkt-s-lb-hc-mig2"
            ],
            "iap": [],
            "id": "projects/qwiklabs-gcp-03-54dbe89f21d0/global/backendServices/ml-bk-ml-mig-bkt-s-lb-backend-mig2",
            "load_balancing_scheme": "EXTERNAL",
            "locality_lb_policy": "",
            "log_config": [
              {
                "enable": true,
                "sample_rate": 1
              }
            ],
            "name": "ml-bk-ml-mig-bkt-s-lb-backend-mig2",
            "outlier_detection": [],
            "port_name": "http",
            "project": "qwiklabs-gcp-03-54dbe89f21d0",
            "protocol": "HTTP",
            "security_policy": "",
            "self_link": "https://www.googleapis.com/compute/v1/projects/qwiklabs-gcp-03-54dbe89f21d0/global/backendServices/ml-bk-ml-mig-bkt-s-lb-backend-mig2",
            "session_affinity": "NONE",
            "timeout_sec": 10,
            "timeouts": null
          },
          "private": "eyJlMmJmYjczMC1lY2FhLTExZTYtOGY4OC0zNDM2M2JjN2M0YzAiOnsiY3JlYXRlIjoyNDAwMDAwMDAwMDAsImRlbGV0ZSI6MjQwMDAwMDAwMDAwLCJ1cGRhdGUiOjI0MDAwMDAwMDAwMH0sInNjaGVtYV92ZXJzaW9uIjoiMSJ9",
          "dependencies": [
            "google_compute_network.default",
            "google_compute_router.group1",
            "google_compute_router.group2",
            "google_compute_subnetwork.group1",
            "google_compute_subnetwork.group2",
            "google_compute_subnetwork.group3",
            "module.gce-lb-https.google_compute_health_check.default",
            "module.mig1.google_compute_health_check.http",
            "module.mig1.google_compute_health_check.tcp",
            "module.mig1.google_compute_region_instance_group_manager.mig",
            "module.mig1_template.google_compute_instance_template.tpl",
            "module.mig2.google_compute_health_check.http",
            "module.mig2.google_compute_health_check.tcp",
            "module.mig2.google_compute_region_instance_group_manager.mig",
            "module.mig2_template.google_compute_instance_template.tpl",
            "module.mig3.google_compute_health_check.http",
            "module.mig3.google_compute_health_check.tcp",
            "module.mig3.google_compute_region_instance_group_manager.mig",
            "module.mig3_template.google_compute_instance_template.tpl"
          ]
        },
        {
          "index_key": "mig3",
          "schema_version": 1,
          "attributes": {
            "affinity_cookie_ttl_sec": 0,
            "backend": [
              {
                "balancing_mode": "UTILIZATION",
                "capacity_scaler": 1,
                "description": "",
                "group": "https://www.googleapis.com/compute/v1/projects/qwiklabs-gcp-03-54dbe89f21d0/regions/us-east1/instanceGroups/ml-bk-ml-mig-bkt-s-lb-group3-mig",
                "max_connections": null,
                "max_connections_per_endpoint": null,
                "max_connections_per_instance": null,
                "max_rate": null,
                "max_rate_per_endpoint": null,
                "max_rate_per_instance": null,
                "max_utilization": 0.8
              }
            ],
            "cdn_policy": [],
            "circuit_breakers": [],
            "connection_draining_timeout_sec": 300,
            "consistent_hash": [],
            "creation_timestamp": "2021-02-08T01:28:48.138-08:00",
            "custom_request_headers": null,
            "custom_response_headers": null,
            "description": "",
            "enable_cdn": false,
            "fingerprint": "CrHzpq1MtXg=",
            "health_checks": [
              "https://www.googleapis.com/compute/v1/projects/qwiklabs-gcp-03-54dbe89f21d0/global/healthChecks/ml-bk-ml-mig-bkt-s-lb-hc-mig3"
            ],
            "iap": [],
            "id": "projects/qwiklabs-gcp-03-54dbe89f21d0/global/backendServices/ml-bk-ml-mig-bkt-s-lb-backend-mig3",
            "load_balancing_scheme": "EXTERNAL",
            "locality_lb_policy": "",
            "log_config": [
              {
                "enable": true,
                "sample_rate": 1
              }
            ],
            "name": "ml-bk-ml-mig-bkt-s-lb-backend-mig3",
            "outlier_detection": [],
            "port_name": "http",
            "project": "qwiklabs-gcp-03-54dbe89f21d0",
            "protocol": "HTTP",
            "security_policy": "",
            "self_link": "https://www.googleapis.com/compute/v1/projects/qwiklabs-gcp-03-54dbe89f21d0/global/backendServices/ml-bk-ml-mig-bkt-s-lb-backend-mig3",
            "session_affinity": "NONE",
            "timeout_sec": 10,
            "timeouts": null
          },
          "private": "eyJlMmJmYjczMC1lY2FhLTExZTYtOGY4OC0zNDM2M2JjN2M0YzAiOnsiY3JlYXRlIjoyNDAwMDAwMDAwMDAsImRlbGV0ZSI6MjQwMDAwMDAwMDAwLCJ1cGRhdGUiOjI0MDAwMDAwMDAwMH0sInNjaGVtYV92ZXJzaW9uIjoiMSJ9",
          "dependencies": [
            "google_compute_network.default",
            "google_compute_router.group1",
            "google_compute_router.group2",
            "google_compute_subnetwork.group1",
            "google_compute_subnetwork.group2",
            "google_compute_subnetwork.group3",
            "module.gce-lb-https.google_compute_health_check.default",
            "module.mig1.google_compute_health_check.http",
            "module.mig1.google_compute_health_check.tcp",
            "module.mig1.google_compute_region_instance_group_manager.mig",
            "module.mig1_template.google_compute_instance_template.tpl",
            "module.mig2.google_compute_health_check.http",
            "module.mig2.google_compute_health_check.tcp",
            "module.mig2.google_compute_region_instance_group_manager.mig",
            "module.mig2_template.google_compute_instance_template.tpl",
            "module.mig3.google_compute_health_check.http",
            "module.mig3.google_compute_health_check.tcp",
            "module.mig3.google_compute_region_instance_group_manager.mig",
            "module.mig3_template.google_compute_instance_template.tpl"
          ]
        }
      ]
    },
    {
      "module": "module.gce-lb-https",
      "mode": "managed",
      "type": "google_compute_firewall",
      "name": "default-hc",
      "each": "list",
      "provider": "provider.google",
      "instances": [
        {
          "index_key": 0,
          "schema_version": 1,
          "attributes": {
            "allow": [
              {
                "ports": [
                  "80"
                ],
                "protocol": "tcp"
              }
            ],
            "creation_timestamp": "2021-02-08T01:28:35.041-08:00",
            "deny": [],
            "description": "",
            "destination_ranges": [],
            "direction": "INGRESS",
            "disabled": false,
            "enable_logging": null,
            "id": "projects/qwiklabs-gcp-03-54dbe89f21d0/global/firewalls/ml-bk-ml-mig-bkt-s-lb-hc-0",
            "log_config": [],
            "name": "ml-bk-ml-mig-bkt-s-lb-hc-0",
            "network": "https://www.googleapis.com/compute/v1/projects/qwiklabs-gcp-03-54dbe89f21d0/global/networks/ml-bk-ml-mig-bkt-s-lb",
            "priority": 1000,
            "project": "qwiklabs-gcp-03-54dbe89f21d0",
            "self_link": "https://www.googleapis.com/compute/v1/projects/qwiklabs-gcp-03-54dbe89f21d0/global/firewalls/ml-bk-ml-mig-bkt-s-lb-hc-0",
            "source_ranges": [
              "130.211.0.0/22",
              "35.191.0.0/16"
            ],
            "source_service_accounts": null,
            "source_tags": null,
            "target_service_accounts": null,
            "target_tags": [
              "ml-bk-ml-mig-bkt-s-lb-group1",
              "ml-bk-ml-mig-bkt-s-lb-group2",
              "ml-bk-ml-mig-bkt-s-lb-group3",
              "ml-bk-ml-mig-bkt-s-lb-gw-group1",
              "ml-bk-ml-mig-bkt-s-lb-gw-group2",
              "ml-bk-ml-mig-bkt-s-lb-gw-group3"
            ],
            "timeouts": null
          },
          "private": "eyJlMmJmYjczMC1lY2FhLTExZTYtOGY4OC0zNDM2M2JjN2M0YzAiOnsiY3JlYXRlIjoyNDAwMDAwMDAwMDAsImRlbGV0ZSI6MjQwMDAwMDAwMDAwLCJ1cGRhdGUiOjI0MDAwMDAwMDAwMH0sInNjaGVtYV92ZXJzaW9uIjoiMSJ9",
          "dependencies": [
            "google_compute_network.default",
            "google_compute_router.group1",
            "google_compute_router.group2",
            "google_compute_router.group3",
            "google_compute_subnetwork.group1",
            "google_compute_subnetwork.group2",
            "google_compute_subnetwork.group3",
            "module.mig1.google_compute_health_check.http",
            "module.mig1.google_compute_health_check.tcp",
            "module.mig1.google_compute_region_instance_group_manager.mig",
            "module.mig1_template.google_compute_instance_template.tpl",
            "module.mig2.google_compute_health_check.http",
            "module.mig2.google_compute_health_check.tcp",
            "module.mig2.google_compute_region_instance_group_manager.mig",
            "module.mig2_template.google_compute_instance_template.tpl",
            "module.mig3.google_compute_health_check.http",
            "module.mig3.google_compute_health_check.tcp",
            "module.mig3.google_compute_region_instance_group_manager.mig",
            "module.mig3_template.google_compute_instance_template.tpl"
          ]
        }
      ]
    },
    {
      "module": "module.gce-lb-https",
      "mode": "managed",
      "type": "google_compute_global_address",
      "name": "default",
      "each": "list",
      "provider": "provider.google",
      "instances": [
        {
          "index_key": 0,
          "schema_version": 0,
          "attributes": {
            "address": "34.120.84.39",
            "address_type": "EXTERNAL",
            "creation_timestamp": "2021-02-08T01:27:20.775-08:00",
            "description": "",
            "id": "projects/qwiklabs-gcp-03-54dbe89f21d0/global/addresses/ml-bk-ml-mig-bkt-s-lb-address",
            "ip_version": "",
            "name": "ml-bk-ml-mig-bkt-s-lb-address",
            "network": "",
            "prefix_length": 0,
            "project": "qwiklabs-gcp-03-54dbe89f21d0",
            "purpose": "",
            "self_link": "https://www.googleapis.com/compute/v1/projects/qwiklabs-gcp-03-54dbe89f21d0/global/addresses/ml-bk-ml-mig-bkt-s-lb-address",
            "timeouts": null
          },
          "private": "eyJlMmJmYjczMC1lY2FhLTExZTYtOGY4OC0zNDM2M2JjN2M0YzAiOnsiY3JlYXRlIjoyNDAwMDAwMDAwMDAsImRlbGV0ZSI6MjQwMDAwMDAwMDAwfX0="
        }
      ]
    },
    {
      "module": "module.gce-lb-https",
      "mode": "managed",
      "type": "google_compute_global_forwarding_rule",
      "name": "http",
      "each": "list",
      "provider": "provider.google",
      "instances": [
        {
          "index_key": 0,
          "schema_version": 0,
          "attributes": {
            "description": "",
            "id": "projects/qwiklabs-gcp-03-54dbe89f21d0/global/forwardingRules/ml-bk-ml-mig-bkt-s-lb",
            "ip_address": "34.120.84.39",
            "ip_protocol": "TCP",
            "ip_version": "",
            "load_balancing_scheme": "EXTERNAL",
            "metadata_filters": [],
            "name": "ml-bk-ml-mig-bkt-s-lb",
            "port_range": "80-80",
            "project": "qwiklabs-gcp-03-54dbe89f21d0",
            "self_link": "https://www.googleapis.com/compute/v1/projects/qwiklabs-gcp-03-54dbe89f21d0/global/forwardingRules/ml-bk-ml-mig-bkt-s-lb",
            "target": "https://www.googleapis.com/compute/v1/projects/qwiklabs-gcp-03-54dbe89f21d0/global/targetHttpProxies/ml-bk-ml-mig-bkt-s-lb-http-proxy",
            "timeouts": null
          },
          "private": "eyJlMmJmYjczMC1lY2FhLTExZTYtOGY4OC0zNDM2M2JjN2M0YzAiOnsiY3JlYXRlIjoyNDAwMDAwMDAwMDAsImRlbGV0ZSI6MjQwMDAwMDAwMDAwLCJ1cGRhdGUiOjI0MDAwMDAwMDAwMH19",
          "dependencies": [
            "google_compute_backend_bucket.assets",
            "google_compute_network.default",
            "google_compute_router.group1",
            "google_compute_router.group2",
            "google_compute_subnetwork.group1",
            "google_compute_subnetwork.group2",
            "google_compute_subnetwork.group3",
            "google_compute_url_map.ml-bkd-ml-mig-bckt-s-lb",
            "google_storage_bucket.assets",
            "module.gce-lb-https.google_compute_backend_service.default",
            "module.gce-lb-https.google_compute_global_address.default",
            "module.gce-lb-https.google_compute_health_check.default",
            "module.gce-lb-https.google_compute_target_http_proxy.default",
            "module.gce-lb-https.google_compute_url_map.default",
            "module.gce-lb-https.google_compute_url_map.https_redirect",
            "module.mig1.google_compute_health_check.http",
            "module.mig1.google_compute_health_check.tcp",
            "module.mig1.google_compute_region_instance_group_manager.mig",
            "module.mig1_template.google_compute_instance_template.tpl",
            "module.mig2.google_compute_health_check.http",
            "module.mig2.google_compute_health_check.tcp",
            "module.mig2.google_compute_region_instance_group_manager.mig",
            "module.mig2_template.google_compute_instance_template.tpl",
            "module.mig3.google_compute_health_check.http",
            "module.mig3.google_compute_health_check.tcp",
            "module.mig3.google_compute_region_instance_group_manager.mig",
            "module.mig3_template.google_compute_instance_template.tpl",
            "random_id.assets-bucket"
          ]
        }
      ]
    },
    {
      "module": "module.gce-lb-https",
      "mode": "managed",
      "type": "google_compute_global_forwarding_rule",
      "name": "https",
      "each": "list",
      "provider": "provider.google",
      "instances": [
        {
          "index_key": 0,
          "schema_version": 0,
          "attributes": {
            "description": "",
            "id": "projects/qwiklabs-gcp-03-54dbe89f21d0/global/forwardingRules/ml-bk-ml-mig-bkt-s-lb-https",
            "ip_address": "34.120.84.39",
            "ip_protocol": "TCP",
            "ip_version": "",
            "load_balancing_scheme": "EXTERNAL",
            "metadata_filters": [],
            "name": "ml-bk-ml-mig-bkt-s-lb-https",
            "port_range": "443-443",
            "project": "qwiklabs-gcp-03-54dbe89f21d0",
            "self_link": "https://www.googleapis.com/compute/v1/projects/qwiklabs-gcp-03-54dbe89f21d0/global/forwardingRules/ml-bk-ml-mig-bkt-s-lb-https",
            "target": "https://www.googleapis.com/compute/v1/projects/qwiklabs-gcp-03-54dbe89f21d0/global/targetHttpsProxies/ml-bk-ml-mig-bkt-s-lb-https-proxy",
            "timeouts": null
          },
          "private": "eyJlMmJmYjczMC1lY2FhLTExZTYtOGY4OC0zNDM2M2JjN2M0YzAiOnsiY3JlYXRlIjoyNDAwMDAwMDAwMDAsImRlbGV0ZSI6MjQwMDAwMDAwMDAwLCJ1cGRhdGUiOjI0MDAwMDAwMDAwMH19",
          "dependencies": [
            "google_compute_backend_bucket.assets",
            "google_compute_network.default",
            "google_compute_router.group1",
            "google_compute_router.group2",
            "google_compute_subnetwork.group1",
            "google_compute_subnetwork.group2",
            "google_compute_subnetwork.group3",
            "google_compute_url_map.ml-bkd-ml-mig-bckt-s-lb",
            "google_storage_bucket.assets",
            "module.gce-lb-https.google_compute_backend_service.default",
            "module.gce-lb-https.google_compute_global_address.default",
            "module.gce-lb-https.google_compute_health_check.default",
            "module.gce-lb-https.google_compute_managed_ssl_certificate.default",
            "module.gce-lb-https.google_compute_ssl_certificate.default",
            "module.gce-lb-https.google_compute_target_https_proxy.default",
            "module.gce-lb-https.google_compute_url_map.default",
            "module.mig1.google_compute_health_check.http",
            "module.mig1.google_compute_health_check.tcp",
            "module.mig1.google_compute_region_instance_group_manager.mig",
            "module.mig1_template.google_compute_instance_template.tpl",
            "module.mig2.google_compute_health_check.http",
            "module.mig2.google_compute_health_check.tcp",
            "module.mig2.google_compute_region_instance_group_manager.mig",
            "module.mig2_template.google_compute_instance_template.tpl",
            "module.mig3.google_compute_health_check.http",
            "module.mig3.google_compute_health_check.tcp",
            "module.mig3.google_compute_region_instance_group_manager.mig",
            "module.mig3_template.google_compute_instance_template.tpl",
            "random_id.assets-bucket",
            "tls_private_key.example",
            "tls_self_signed_cert.example"
          ]
        }
      ]
    },
    {
      "module": "module.gce-lb-https",
      "mode": "managed",
      "type": "google_compute_health_check",
      "name": "default",
      "each": "map",
      "provider": "provider.google-beta",
      "instances": [
        {
          "index_key": "default",
          "schema_version": 0,
          "attributes": {
            "check_interval_sec": 5,
            "creation_timestamp": "2021-02-08T01:28:35.102-08:00",
            "description": "",
            "grpc_health_check": [],
            "healthy_threshold": 2,
            "http2_health_check": [],
            "http_health_check": [
              {
                "host": "",
                "port": 80,
                "port_name": "",
                "port_specification": "",
                "proxy_header": "NONE",
                "request_path": "/",
                "response": ""
              }
            ],
            "https_health_check": [],
            "id": "projects/qwiklabs-gcp-03-54dbe89f21d0/global/healthChecks/ml-bk-ml-mig-bkt-s-lb-hc-default",
            "log_config": [
              {
                "enable": false
              }
            ],
            "name": "ml-bk-ml-mig-bkt-s-lb-hc-default",
            "project": "qwiklabs-gcp-03-54dbe89f21d0",
            "self_link": "https://www.googleapis.com/compute/v1/projects/qwiklabs-gcp-03-54dbe89f21d0/global/healthChecks/ml-bk-ml-mig-bkt-s-lb-hc-default",
            "ssl_health_check": [],
            "tcp_health_check": [],
            "timeout_sec": 5,
            "timeouts": null,
            "type": "HTTP",
            "unhealthy_threshold": 2
          },
          "private": "eyJlMmJmYjczMC1lY2FhLTExZTYtOGY4OC0zNDM2M2JjN2M0YzAiOnsiY3JlYXRlIjoyNDAwMDAwMDAwMDAsImRlbGV0ZSI6MjQwMDAwMDAwMDAwLCJ1cGRhdGUiOjI0MDAwMDAwMDAwMH19",
          "dependencies": [
            "google_compute_network.default",
            "google_compute_router.group1",
            "google_compute_router.group2",
            "google_compute_subnetwork.group1",
            "google_compute_subnetwork.group2",
            "google_compute_subnetwork.group3",
            "module.mig1.google_compute_health_check.http",
            "module.mig1.google_compute_health_check.tcp",
            "module.mig1.google_compute_region_instance_group_manager.mig",
            "module.mig1_template.google_compute_instance_template.tpl",
            "module.mig2.google_compute_health_check.http",
            "module.mig2.google_compute_health_check.tcp",
            "module.mig2.google_compute_region_instance_group_manager.mig",
            "module.mig2_template.google_compute_instance_template.tpl",
            "module.mig3.google_compute_health_check.http",
            "module.mig3.google_compute_health_check.tcp",
            "module.mig3.google_compute_region_instance_group_manager.mig",
            "module.mig3_template.google_compute_instance_template.tpl"
          ]
        },
        {
          "index_key": "mig1",
          "schema_version": 0,
          "attributes": {
            "check_interval_sec": 5,
            "creation_timestamp": "2021-02-08T01:28:36.158-08:00",
            "description": "",
            "grpc_health_check": [],
            "healthy_threshold": 2,
            "http2_health_check": [],
            "http_health_check": [
              {
                "host": "",
                "port": 80,
                "port_name": "",
                "port_specification": "",
                "proxy_header": "NONE",
                "request_path": "/",
                "response": ""
              }
            ],
            "https_health_check": [],
            "id": "projects/qwiklabs-gcp-03-54dbe89f21d0/global/healthChecks/ml-bk-ml-mig-bkt-s-lb-hc-mig1",
            "log_config": [
              {
                "enable": false
              }
            ],
            "name": "ml-bk-ml-mig-bkt-s-lb-hc-mig1",
            "project": "qwiklabs-gcp-03-54dbe89f21d0",
            "self_link": "https://www.googleapis.com/compute/v1/projects/qwiklabs-gcp-03-54dbe89f21d0/global/healthChecks/ml-bk-ml-mig-bkt-s-lb-hc-mig1",
            "ssl_health_check": [],
            "tcp_health_check": [],
            "timeout_sec": 5,
            "timeouts": null,
            "type": "HTTP",
            "unhealthy_threshold": 2
          },
          "private": "eyJlMmJmYjczMC1lY2FhLTExZTYtOGY4OC0zNDM2M2JjN2M0YzAiOnsiY3JlYXRlIjoyNDAwMDAwMDAwMDAsImRlbGV0ZSI6MjQwMDAwMDAwMDAwLCJ1cGRhdGUiOjI0MDAwMDAwMDAwMH19",
          "dependencies": [
            "google_compute_network.default",
            "google_compute_router.group1",
            "google_compute_router.group2",
            "google_compute_subnetwork.group1",
            "google_compute_subnetwork.group2",
            "google_compute_subnetwork.group3",
            "module.mig1.google_compute_health_check.http",
            "module.mig1.google_compute_health_check.tcp",
            "module.mig1.google_compute_region_instance_group_manager.mig",
            "module.mig1_template.google_compute_instance_template.tpl",
            "module.mig2.google_compute_health_check.http",
            "module.mig2.google_compute_health_check.tcp",
            "module.mig2.google_compute_region_instance_group_manager.mig",
            "module.mig2_template.google_compute_instance_template.tpl",
            "module.mig3.google_compute_health_check.http",
            "module.mig3.google_compute_health_check.tcp",
            "module.mig3.google_compute_region_instance_group_manager.mig",
            "module.mig3_template.google_compute_instance_template.tpl"
          ]
        },
        {
          "index_key": "mig2",
          "schema_version": 0,
          "attributes": {
            "check_interval_sec": 5,
            "creation_timestamp": "2021-02-08T01:28:36.176-08:00",
            "description": "",
            "grpc_health_check": [],
            "healthy_threshold": 2,
            "http2_health_check": [],
            "http_health_check": [
              {
                "host": "",
                "port": 80,
                "port_name": "",
                "port_specification": "",
                "proxy_header": "NONE",
                "request_path": "/",
                "response": ""
              }
            ],
            "https_health_check": [],
            "id": "projects/qwiklabs-gcp-03-54dbe89f21d0/global/healthChecks/ml-bk-ml-mig-bkt-s-lb-hc-mig2",
            "log_config": [
              {
                "enable": false
              }
            ],
            "name": "ml-bk-ml-mig-bkt-s-lb-hc-mig2",
            "project": "qwiklabs-gcp-03-54dbe89f21d0",
            "self_link": "https://www.googleapis.com/compute/v1/projects/qwiklabs-gcp-03-54dbe89f21d0/global/healthChecks/ml-bk-ml-mig-bkt-s-lb-hc-mig2",
            "ssl_health_check": [],
            "tcp_health_check": [],
            "timeout_sec": 5,
            "timeouts": null,
            "type": "HTTP",
            "unhealthy_threshold": 2
          },
          "private": "eyJlMmJmYjczMC1lY2FhLTExZTYtOGY4OC0zNDM2M2JjN2M0YzAiOnsiY3JlYXRlIjoyNDAwMDAwMDAwMDAsImRlbGV0ZSI6MjQwMDAwMDAwMDAwLCJ1cGRhdGUiOjI0MDAwMDAwMDAwMH19",
          "dependencies": [
            "google_compute_network.default",
            "google_compute_router.group1",
            "google_compute_router.group2",
            "google_compute_subnetwork.group1",
            "google_compute_subnetwork.group2",
            "google_compute_subnetwork.group3",
            "module.mig1.google_compute_health_check.http",
            "module.mig1.google_compute_health_check.tcp",
            "module.mig1.google_compute_region_instance_group_manager.mig",
            "module.mig1_template.google_compute_instance_template.tpl",
            "module.mig2.google_compute_health_check.http",
            "module.mig2.google_compute_health_check.tcp",
            "module.mig2.google_compute_region_instance_group_manager.mig",
            "module.mig2_template.google_compute_instance_template.tpl",
            "module.mig3.google_compute_health_check.http",
            "module.mig3.google_compute_health_check.tcp",
            "module.mig3.google_compute_region_instance_group_manager.mig",
            "module.mig3_template.google_compute_instance_template.tpl"
          ]
        },
        {
          "index_key": "mig3",
          "schema_version": 0,
          "attributes": {
            "check_interval_sec": 5,
            "creation_timestamp": "2021-02-08T01:28:34.933-08:00",
            "description": "",
            "grpc_health_check": [],
            "healthy_threshold": 2,
            "http2_health_check": [],
            "http_health_check": [
              {
                "host": "",
                "port": 80,
                "port_name": "",
                "port_specification": "",
                "proxy_header": "NONE",
                "request_path": "/",
                "response": ""
              }
            ],
            "https_health_check": [],
            "id": "projects/qwiklabs-gcp-03-54dbe89f21d0/global/healthChecks/ml-bk-ml-mig-bkt-s-lb-hc-mig3",
            "log_config": [
              {
                "enable": false
              }
            ],
            "name": "ml-bk-ml-mig-bkt-s-lb-hc-mig3",
            "project": "qwiklabs-gcp-03-54dbe89f21d0",
            "self_link": "https://www.googleapis.com/compute/v1/projects/qwiklabs-gcp-03-54dbe89f21d0/global/healthChecks/ml-bk-ml-mig-bkt-s-lb-hc-mig3",
            "ssl_health_check": [],
            "tcp_health_check": [],
            "timeout_sec": 5,
            "timeouts": null,
            "type": "HTTP",
            "unhealthy_threshold": 2
          },
          "private": "eyJlMmJmYjczMC1lY2FhLTExZTYtOGY4OC0zNDM2M2JjN2M0YzAiOnsiY3JlYXRlIjoyNDAwMDAwMDAwMDAsImRlbGV0ZSI6MjQwMDAwMDAwMDAwLCJ1cGRhdGUiOjI0MDAwMDAwMDAwMH19",
          "dependencies": [
            "google_compute_network.default",
            "google_compute_router.group1",
            "google_compute_router.group2",
            "google_compute_subnetwork.group1",
            "google_compute_subnetwork.group2",
            "google_compute_subnetwork.group3",
            "module.mig1.google_compute_health_check.http",
            "module.mig1.google_compute_health_check.tcp",
            "module.mig1.google_compute_region_instance_group_manager.mig",
            "module.mig1_template.google_compute_instance_template.tpl",
            "module.mig2.google_compute_health_check.http",
            "module.mig2.google_compute_health_check.tcp",
            "module.mig2.google_compute_region_instance_group_manager.mig",
            "module.mig2_template.google_compute_instance_template.tpl",
            "module.mig3.google_compute_health_check.http",
            "module.mig3.google_compute_health_check.tcp",
            "module.mig3.google_compute_region_instance_group_manager.mig",
            "module.mig3_template.google_compute_instance_template.tpl"
          ]
        }
      ]
    },
    {
      "module": "module.mig3",
      "mode": "managed",
      "type": "google_compute_health_check",
      "name": "http",
      "each": "list",
      "provider": "provider.google",
      "instances": []
    },
    {
      "module": "module.mig1",
      "mode": "managed",
      "type": "google_compute_health_check",
      "name": "http",
      "each": "list",
      "provider": "provider.google",
      "instances": []
    },
    {
      "module": "module.mig2",
      "mode": "managed",
      "type": "google_compute_health_check",
      "name": "http",
      "each": "list",
      "provider": "provider.google",
      "instances": []
    },
    {
      "module": "module.mig3",
      "mode": "managed",
      "type": "google_compute_health_check",
      "name": "tcp",
      "each": "list",
      "provider": "provider.google",
      "instances": []
    },
    {
      "module": "module.mig1",
      "mode": "managed",
      "type": "google_compute_health_check",
      "name": "tcp",
      "each": "list",
      "provider": "provider.google",
      "instances": []
    },
    {
      "module": "module.mig2",
      "mode": "managed",
      "type": "google_compute_health_check",
      "name": "tcp",
      "each": "list",
      "provider": "provider.google",
      "instances": []
    },
    {
      "module": "module.mig1_template",
      "mode": "managed",
      "type": "google_compute_instance_template",
      "name": "tpl",
      "provider": "provider.google",
      "instances": [
        {
          "schema_version": 1,
          "attributes": {
            "can_ip_forward": false,
            "confidential_instance_config": null,
            "description": "",
            "disk": [
              {
                "auto_delete": true,
                "boot": true,
                "device_name": "persistent-disk-0",
                "disk_encryption_key": [],
                "disk_name": "",
                "disk_size_gb": 100,
                "disk_type": "pd-standard",
                "interface": "SCSI",
                "labels": null,
                "mode": "READ_WRITE",
                "source": "",
                "source_image": "projects/ubuntu-os-cloud/global/images/ubuntu-1804-bionic-v20210129",
                "type": "PERSISTENT"
              }
            ],
            "enable_display": null,
            "guest_accelerator": [],
            "id": "projects/qwiklabs-gcp-03-54dbe89f21d0/global/instanceTemplates/ml-bk-ml-mig-bkt-s-lb-group1-20210208092745368700000002",
            "instance_description": "",
            "labels": null,
            "machine_type": "n1-standard-1",
            "metadata": null,
            "metadata_fingerprint": "CakW9psBmUo=",
            "metadata_startup_script": "#!/bin/bash -xe\n\n# introducing sleep so network interfaces and routes can get ready before fetching software\nsleep 10\n\nRPM_INSTALL_ARGS=\"install -y httpd php php-common\"\n\nif [ -f \"/etc/redhat-release\" ]; then\n  yum update -y || dnf update -y\n  yum $RPM_INSTALL_ARGS || dnf $RPM_INSTALL_ARGS\nelse\n  apt-get update\n  apt-get install -y apache2 libapache2-mod-php\nfi\n\ncat \u003e /var/www/html/index.php \u003c\u003c'EOF'\n\u003c?php\nfunction metadata_value($value) {\n    $opts = array(\n        \"http\" =\u003e array(\n            \"method\" =\u003e \"GET\",\n            \"header\" =\u003e \"Metadata-Flavor: Google\"\n        )\n    );\n    $context = stream_context_create($opts);\n    $content = file_get_contents(\"http://metadata/computeMetadata/v1/$value\", false, $context);\n    return $content;\n}\nif ($_SERVER['HTTP_X_FORWARDED_PROTO'] == \"http\") {\n\t\t$redirect = 'https://' . $_SERVER['HTTP_HOST'] . $_SERVER['REQUEST_URI'];\n\t\theader('HTTP/1.1 301 Moved Permanently');\n\t\theader('Location: ' . $redirect);\n\t\texit();\n}\n?\u003e\n\n\u003c!doctype html\u003e\n\u003chtml\u003e\n\u003chead\u003e\n\u003c!-- Compiled and minified CSS --\u003e\n\u003clink rel=\"stylesheet\" href=\"https://cdnjs.cloudflare.com/ajax/libs/materialize/0.97.0/css/materialize.min.css\"\u003e\n\n\u003c!-- Compiled and minified JavaScript --\u003e\n\u003cscript src=\"https://cdnjs.cloudflare.com/ajax/libs/materialize/0.97.0/js/materialize.min.js\"\u003e\u003c/script\u003e\n\u003ctitle\u003eFrontend Web Server\u003c/title\u003e\n\u003c/head\u003e\n\u003cbody\u003e\n\u003cdiv class=\"container\"\u003e\n\u003cdiv class=\"row\"\u003e\n\u003cdiv class=\"col s2\"\u003e\u0026nbsp;\u003c/div\u003e\n\u003cdiv class=\"col s8\"\u003e\n\n\u003cimg src=\"/assets/gcp-logo.svg\"/\u003e\n\n\u003cdiv class=\"card blue\"\u003e\n\u003cdiv class=\"card-content white-text\"\u003e\n\u003cdiv class=\"card-title\"\u003eBackend that serviced this request\u003c/div\u003e\n\u003c/div\u003e\n\u003cdiv class=\"card-content white\"\u003e\n\u003ctable class=\"bordered\"\u003e\n  \u003ctbody\u003e\n\t\u003ctr\u003e\n\t  \u003ctd\u003eName\u003c/td\u003e\n\t  \u003ctd\u003e\u003c?php printf(metadata_value(\"instance/name\")) ?\u003e\u003c/td\u003e\n\t\u003c/tr\u003e\n\t\u003ctr\u003e\n\t  \u003ctd\u003eID\u003c/td\u003e\n\t  \u003ctd\u003e\u003c?php printf(metadata_value(\"instance/id\")) ?\u003e\u003c/td\u003e\n\t\u003c/tr\u003e\n\t\u003ctr\u003e\n\t  \u003ctd\u003eHostname\u003c/td\u003e\n\t  \u003ctd\u003e\u003c?php printf(metadata_value(\"instance/hostname\")) ?\u003e\u003c/td\u003e\n\t\u003c/tr\u003e\n\t\u003ctr\u003e\n\t  \u003ctd\u003eZone\u003c/td\u003e\n\t  \u003ctd\u003e\u003c?php printf(metadata_value(\"instance/zone\")) ?\u003e\u003c/td\u003e\n\t\u003c/tr\u003e\n    \u003ctr\u003e\n\t  \u003ctd\u003eMachine Type\u003c/td\u003e\n\t  \u003ctd\u003e\u003c?php printf(metadata_value(\"instance/machine-type\")) ?\u003e\u003c/td\u003e\n\t\u003c/tr\u003e\n\t\u003ctr\u003e\n\t  \u003ctd\u003eProject\u003c/td\u003e\n\t  \u003ctd\u003e\u003c?php printf(metadata_value(\"project/project-id\")) ?\u003e\u003c/td\u003e\n\t\u003c/tr\u003e\n\t\u003ctr\u003e\n\t  \u003ctd\u003eInternal IP\u003c/td\u003e\n\t  \u003ctd\u003e\u003c?php printf(metadata_value(\"instance/network-interfaces/0/ip\")) ?\u003e\u003c/td\u003e\n\t\u003c/tr\u003e\n\t\u003ctr\u003e\n\t  \u003ctd\u003eExternal IP\u003c/td\u003e\n\t  \u003ctd\u003e\u003c?php printf(metadata_value(\"instance/network-interfaces/0/access-configs/0/external-ip\")) ?\u003e\u003c/td\u003e\n\t\u003c/tr\u003e\n  \u003c/tbody\u003e\n\u003c/table\u003e\n\u003c/div\u003e\n\u003c/div\u003e\n\n\u003cdiv class=\"card blue\"\u003e\n\u003cdiv class=\"card-content white-text\"\u003e\n\u003cdiv class=\"card-title\"\u003eProxy that handled this request\u003c/div\u003e\n\u003c/div\u003e\n\u003cdiv class=\"card-content white\"\u003e\n\u003ctable class=\"bordered\"\u003e\n  \u003ctbody\u003e\n\t\u003ctr\u003e\n\t  \u003ctd\u003eAddress\u003c/td\u003e\n\t  \u003ctd\u003e\u003c?php printf($_SERVER[\"HTTP_HOST\"]); ?\u003e\u003c/td\u003e\n\t\u003c/tr\u003e\n  \u003c/tbody\u003e\n\u003c/table\u003e\n\u003c/div\u003e\n\n\u003c/div\u003e\n\u003c/div\u003e\n\u003cdiv class=\"col s2\"\u003e\u0026nbsp;\u003c/div\u003e\n\u003c/div\u003e\n\u003c/div\u003e\n\u003c/html\u003e\nEOF\n\nmv /var/www/html/index.html /var/www/html/index.html.old || echo \"Old index doesn't exist\"\n\n[[ -n \"/group1\" ]] \u0026\u0026 mkdir -p /var/www/html//group1 \u0026\u0026 cp /var/www/html/index.php /var/www/html//group1/index.php\n\nchkconfig httpd on || systemctl enable httpd || systemctl enable apache2\nservice httpd restart || systemctl restart httpd || systemctl restart apache2\n",
            "min_cpu_platform": "",
            "name": "ml-bk-ml-mig-bkt-s-lb-group1-20210208092745368700000002",
            "name_prefix": "ml-bk-ml-mig-bkt-s-lb-group1-",
            "network_interface": [
              {
                "access_config": [],
                "alias_ip_range": [],
                "name": "nic0",
                "network": "https://www.googleapis.com/compute/v1/projects/qwiklabs-gcp-03-54dbe89f21d0/global/networks/ml-bk-ml-mig-bkt-s-lb",
                "network_ip": "",
                "subnetwork": "https://www.googleapis.com/compute/v1/projects/qwiklabs-gcp-03-54dbe89f21d0/regions/us-west1/subnetworks/ml-bk-ml-mig-bkt-s-lb",
                "subnetwork_project": "qwiklabs-gcp-03-54dbe89f21d0"
              }
            ],
            "project": "qwiklabs-gcp-03-54dbe89f21d0",
            "region": "us-west1",
            "scheduling": [
              {
                "automatic_restart": true,
                "node_affinities": [],
                "on_host_maintenance": "MIGRATE",
                "preemptible": false
              }
            ],
            "self_link": "https://www.googleapis.com/compute/beta/projects/qwiklabs-gcp-03-54dbe89f21d0/global/instanceTemplates/ml-bk-ml-mig-bkt-s-lb-group1-20210208092745368700000002",
            "service_account": [
              {
                "email": "default",
                "scopes": [
                  "https://www.googleapis.com/auth/cloud-platform"
                ]
              }
            ],
            "shielded_instance_config": [],
            "tags": [
              "ml-bk-ml-mig-bkt-s-lb-group1",
              "ml-bk-ml-mig-bkt-s-lb-gw-group1"
            ],
            "tags_fingerprint": "",
            "timeouts": null
          },
          "private": "eyJlMmJmYjczMC1lY2FhLTExZTYtOGY4OC0zNDM2M2JjN2M0YzAiOnsiY3JlYXRlIjoyNDAwMDAwMDAwMDAsImRlbGV0ZSI6MjQwMDAwMDAwMDAwfSwic2NoZW1hX3ZlcnNpb24iOiIxIn0=",
          "dependencies": [
            "google_compute_network.default",
            "google_compute_router.group1",
            "google_compute_subnetwork.group1"
          ]
        }
      ]
    },
    {
      "module": "module.mig2_template",
      "mode": "managed",
      "type": "google_compute_instance_template",
      "name": "tpl",
      "provider": "provider.google",
      "instances": [
        {
          "schema_version": 1,
          "attributes": {
            "can_ip_forward": false,
            "confidential_instance_config": null,
            "description": "",
            "disk": [
              {
                "auto_delete": true,
                "boot": true,
                "device_name": "persistent-disk-0",
                "disk_encryption_key": [],
                "disk_name": "",
                "disk_size_gb": 100,
                "disk_type": "pd-standard",
                "interface": "SCSI",
                "labels": null,
                "mode": "READ_WRITE",
                "source": "",
                "source_image": "projects/gce-uefi-images/global/images/centos-7-v20200403",
                "type": "PERSISTENT"
              }
            ],
            "enable_display": null,
            "guest_accelerator": [],
            "id": "projects/qwiklabs-gcp-03-54dbe89f21d0/global/instanceTemplates/ml-bk-ml-mig-bkt-s-lb-group2-20210208092755702700000004",
            "instance_description": "",
            "labels": null,
            "machine_type": "n1-standard-1",
            "metadata": null,
            "metadata_fingerprint": "c3DmRqR3mYA=",
            "metadata_startup_script": "#!/bin/bash -xe\n\n# introducing sleep so network interfaces and routes can get ready before fetching software\nsleep 10\n\nRPM_INSTALL_ARGS=\"install -y httpd php php-common\"\n\nif [ -f \"/etc/redhat-release\" ]; then\n  yum update -y || dnf update -y\n  yum $RPM_INSTALL_ARGS || dnf $RPM_INSTALL_ARGS\nelse\n  apt-get update\n  apt-get install -y apache2 libapache2-mod-php\nfi\n\ncat \u003e /var/www/html/index.php \u003c\u003c'EOF'\n\u003c?php\nfunction metadata_value($value) {\n    $opts = array(\n        \"http\" =\u003e array(\n            \"method\" =\u003e \"GET\",\n            \"header\" =\u003e \"Metadata-Flavor: Google\"\n        )\n    );\n    $context = stream_context_create($opts);\n    $content = file_get_contents(\"http://metadata/computeMetadata/v1/$value\", false, $context);\n    return $content;\n}\nif ($_SERVER['HTTP_X_FORWARDED_PROTO'] == \"http\") {\n\t\t$redirect = 'https://' . $_SERVER['HTTP_HOST'] . $_SERVER['REQUEST_URI'];\n\t\theader('HTTP/1.1 301 Moved Permanently');\n\t\theader('Location: ' . $redirect);\n\t\texit();\n}\n?\u003e\n\n\u003c!doctype html\u003e\n\u003chtml\u003e\n\u003chead\u003e\n\u003c!-- Compiled and minified CSS --\u003e\n\u003clink rel=\"stylesheet\" href=\"https://cdnjs.cloudflare.com/ajax/libs/materialize/0.97.0/css/materialize.min.css\"\u003e\n\n\u003c!-- Compiled and minified JavaScript --\u003e\n\u003cscript src=\"https://cdnjs.cloudflare.com/ajax/libs/materialize/0.97.0/js/materialize.min.js\"\u003e\u003c/script\u003e\n\u003ctitle\u003eFrontend Web Server\u003c/title\u003e\n\u003c/head\u003e\n\u003cbody\u003e\n\u003cdiv class=\"container\"\u003e\n\u003cdiv class=\"row\"\u003e\n\u003cdiv class=\"col s2\"\u003e\u0026nbsp;\u003c/div\u003e\n\u003cdiv class=\"col s8\"\u003e\n\n\u003cimg src=\"/assets/gcp-logo.svg\"/\u003e\n\n\u003cdiv class=\"card blue\"\u003e\n\u003cdiv class=\"card-content white-text\"\u003e\n\u003cdiv class=\"card-title\"\u003eBackend that serviced this request\u003c/div\u003e\n\u003c/div\u003e\n\u003cdiv class=\"card-content white\"\u003e\n\u003ctable class=\"bordered\"\u003e\n  \u003ctbody\u003e\n\t\u003ctr\u003e\n\t  \u003ctd\u003eName\u003c/td\u003e\n\t  \u003ctd\u003e\u003c?php printf(metadata_value(\"instance/name\")) ?\u003e\u003c/td\u003e\n\t\u003c/tr\u003e\n\t\u003ctr\u003e\n\t  \u003ctd\u003eID\u003c/td\u003e\n\t  \u003ctd\u003e\u003c?php printf(metadata_value(\"instance/id\")) ?\u003e\u003c/td\u003e\n\t\u003c/tr\u003e\n\t\u003ctr\u003e\n\t  \u003ctd\u003eHostname\u003c/td\u003e\n\t  \u003ctd\u003e\u003c?php printf(metadata_value(\"instance/hostname\")) ?\u003e\u003c/td\u003e\n\t\u003c/tr\u003e\n\t\u003ctr\u003e\n\t  \u003ctd\u003eZone\u003c/td\u003e\n\t  \u003ctd\u003e\u003c?php printf(metadata_value(\"instance/zone\")) ?\u003e\u003c/td\u003e\n\t\u003c/tr\u003e\n    \u003ctr\u003e\n\t  \u003ctd\u003eMachine Type\u003c/td\u003e\n\t  \u003ctd\u003e\u003c?php printf(metadata_value(\"instance/machine-type\")) ?\u003e\u003c/td\u003e\n\t\u003c/tr\u003e\n\t\u003ctr\u003e\n\t  \u003ctd\u003eProject\u003c/td\u003e\n\t  \u003ctd\u003e\u003c?php printf(metadata_value(\"project/project-id\")) ?\u003e\u003c/td\u003e\n\t\u003c/tr\u003e\n\t\u003ctr\u003e\n\t  \u003ctd\u003eInternal IP\u003c/td\u003e\n\t  \u003ctd\u003e\u003c?php printf(metadata_value(\"instance/network-interfaces/0/ip\")) ?\u003e\u003c/td\u003e\n\t\u003c/tr\u003e\n\t\u003ctr\u003e\n\t  \u003ctd\u003eExternal IP\u003c/td\u003e\n\t  \u003ctd\u003e\u003c?php printf(metadata_value(\"instance/network-interfaces/0/access-configs/0/external-ip\")) ?\u003e\u003c/td\u003e\n\t\u003c/tr\u003e\n  \u003c/tbody\u003e\n\u003c/table\u003e\n\u003c/div\u003e\n\u003c/div\u003e\n\n\u003cdiv class=\"card blue\"\u003e\n\u003cdiv class=\"card-content white-text\"\u003e\n\u003cdiv class=\"card-title\"\u003eProxy that handled this request\u003c/div\u003e\n\u003c/div\u003e\n\u003cdiv class=\"card-content white\"\u003e\n\u003ctable class=\"bordered\"\u003e\n  \u003ctbody\u003e\n\t\u003ctr\u003e\n\t  \u003ctd\u003eAddress\u003c/td\u003e\n\t  \u003ctd\u003e\u003c?php printf($_SERVER[\"HTTP_HOST\"]); ?\u003e\u003c/td\u003e\n\t\u003c/tr\u003e\n  \u003c/tbody\u003e\n\u003c/table\u003e\n\u003c/div\u003e\n\n\u003c/div\u003e\n\u003c/div\u003e\n\u003cdiv class=\"col s2\"\u003e\u0026nbsp;\u003c/div\u003e\n\u003c/div\u003e\n\u003c/div\u003e\n\u003c/html\u003e\nEOF\n\nmv /var/www/html/index.html /var/www/html/index.html.old || echo \"Old index doesn't exist\"\n\n[[ -n \"/group2\" ]] \u0026\u0026 mkdir -p /var/www/html//group2 \u0026\u0026 cp /var/www/html/index.php /var/www/html//group2/index.php\n\nchkconfig httpd on || systemctl enable httpd || systemctl enable apache2\nservice httpd restart || systemctl restart httpd || systemctl restart apache2\n",
            "min_cpu_platform": "",
            "name": "ml-bk-ml-mig-bkt-s-lb-group2-20210208092755702700000004",
            "name_prefix": "ml-bk-ml-mig-bkt-s-lb-group2-",
            "network_interface": [
              {
                "access_config": [],
                "alias_ip_range": [],
                "name": "nic0",
                "network": "https://www.googleapis.com/compute/v1/projects/qwiklabs-gcp-03-54dbe89f21d0/global/networks/ml-bk-ml-mig-bkt-s-lb",
                "network_ip": "",
                "subnetwork": "https://www.googleapis.com/compute/v1/projects/qwiklabs-gcp-03-54dbe89f21d0/regions/us-central1/subnetworks/ml-bk-ml-mig-bkt-s-lb",
                "subnetwork_project": "qwiklabs-gcp-03-54dbe89f21d0"
              }
            ],
            "project": "qwiklabs-gcp-03-54dbe89f21d0",
            "region": "us-central1",
            "scheduling": [
              {
                "automatic_restart": true,
                "node_affinities": [],
                "on_host_maintenance": "MIGRATE",
                "preemptible": false
              }
            ],
            "self_link": "https://www.googleapis.com/compute/beta/projects/qwiklabs-gcp-03-54dbe89f21d0/global/instanceTemplates/ml-bk-ml-mig-bkt-s-lb-group2-20210208092755702700000004",
            "service_account": [
              {
                "email": "default",
                "scopes": [
                  "https://www.googleapis.com/auth/cloud-platform"
                ]
              }
            ],
            "shielded_instance_config": [],
            "tags": [
              "ml-bk-ml-mig-bkt-s-lb-group2",
              "ml-bk-ml-mig-bkt-s-lb-gw-group2"
            ],
            "tags_fingerprint": "",
            "timeouts": null
          },
          "private": "eyJlMmJmYjczMC1lY2FhLTExZTYtOGY4OC0zNDM2M2JjN2M0YzAiOnsiY3JlYXRlIjoyNDAwMDAwMDAwMDAsImRlbGV0ZSI6MjQwMDAwMDAwMDAwfSwic2NoZW1hX3ZlcnNpb24iOiIxIn0=",
          "dependencies": [
            "google_compute_network.default",
            "google_compute_router.group2",
            "google_compute_subnetwork.group2"
          ]
        }
      ]
    },
    {
      "module": "module.mig3_template",
      "mode": "managed",
      "type": "google_compute_instance_template",
      "name": "tpl",
      "provider": "provider.google",
      "instances": [
        {
          "schema_version": 1,
          "attributes": {
            "can_ip_forward": false,
            "confidential_instance_config": null,
            "description": "",
            "disk": [
              {
                "auto_delete": true,
                "boot": true,
                "device_name": "persistent-disk-0",
                "disk_encryption_key": [],
                "disk_name": "",
                "disk_size_gb": 100,
                "disk_type": "pd-standard",
                "interface": "SCSI",
                "labels": null,
                "mode": "READ_WRITE",
                "source": "",
                "source_image": "projects/gce-uefi-images/global/images/centos-7-v20200403",
                "type": "PERSISTENT"
              }
            ],
            "enable_display": null,
            "guest_accelerator": [],
            "id": "projects/qwiklabs-gcp-03-54dbe89f21d0/global/instanceTemplates/ml-bk-ml-mig-bkt-s-lb-group3-20210208092747345600000003",
            "instance_description": "",
            "labels": null,
            "machine_type": "n1-standard-1",
            "metadata": null,
            "metadata_fingerprint": "jgKorMYA0h4=",
            "metadata_startup_script": "#!/bin/bash -xe\n\n# introducing sleep so network interfaces and routes can get ready before fetching software\nsleep 10\n\nRPM_INSTALL_ARGS=\"install -y httpd php php-common\"\n\nif [ -f \"/etc/redhat-release\" ]; then\n  yum update -y || dnf update -y\n  yum $RPM_INSTALL_ARGS || dnf $RPM_INSTALL_ARGS\nelse\n  apt-get update\n  apt-get install -y apache2 libapache2-mod-php\nfi\n\ncat \u003e /var/www/html/index.php \u003c\u003c'EOF'\n\u003c?php\nfunction metadata_value($value) {\n    $opts = array(\n        \"http\" =\u003e array(\n            \"method\" =\u003e \"GET\",\n            \"header\" =\u003e \"Metadata-Flavor: Google\"\n        )\n    );\n    $context = stream_context_create($opts);\n    $content = file_get_contents(\"http://metadata/computeMetadata/v1/$value\", false, $context);\n    return $content;\n}\nif ($_SERVER['HTTP_X_FORWARDED_PROTO'] == \"http\") {\n\t\t$redirect = 'https://' . $_SERVER['HTTP_HOST'] . $_SERVER['REQUEST_URI'];\n\t\theader('HTTP/1.1 301 Moved Permanently');\n\t\theader('Location: ' . $redirect);\n\t\texit();\n}\n?\u003e\n\n\u003c!doctype html\u003e\n\u003chtml\u003e\n\u003chead\u003e\n\u003c!-- Compiled and minified CSS --\u003e\n\u003clink rel=\"stylesheet\" href=\"https://cdnjs.cloudflare.com/ajax/libs/materialize/0.97.0/css/materialize.min.css\"\u003e\n\n\u003c!-- Compiled and minified JavaScript --\u003e\n\u003cscript src=\"https://cdnjs.cloudflare.com/ajax/libs/materialize/0.97.0/js/materialize.min.js\"\u003e\u003c/script\u003e\n\u003ctitle\u003eFrontend Web Server\u003c/title\u003e\n\u003c/head\u003e\n\u003cbody\u003e\n\u003cdiv class=\"container\"\u003e\n\u003cdiv class=\"row\"\u003e\n\u003cdiv class=\"col s2\"\u003e\u0026nbsp;\u003c/div\u003e\n\u003cdiv class=\"col s8\"\u003e\n\n\u003cimg src=\"/assets/gcp-logo.svg\"/\u003e\n\n\u003cdiv class=\"card blue\"\u003e\n\u003cdiv class=\"card-content white-text\"\u003e\n\u003cdiv class=\"card-title\"\u003eBackend that serviced this request\u003c/div\u003e\n\u003c/div\u003e\n\u003cdiv class=\"card-content white\"\u003e\n\u003ctable class=\"bordered\"\u003e\n  \u003ctbody\u003e\n\t\u003ctr\u003e\n\t  \u003ctd\u003eName\u003c/td\u003e\n\t  \u003ctd\u003e\u003c?php printf(metadata_value(\"instance/name\")) ?\u003e\u003c/td\u003e\n\t\u003c/tr\u003e\n\t\u003ctr\u003e\n\t  \u003ctd\u003eID\u003c/td\u003e\n\t  \u003ctd\u003e\u003c?php printf(metadata_value(\"instance/id\")) ?\u003e\u003c/td\u003e\n\t\u003c/tr\u003e\n\t\u003ctr\u003e\n\t  \u003ctd\u003eHostname\u003c/td\u003e\n\t  \u003ctd\u003e\u003c?php printf(metadata_value(\"instance/hostname\")) ?\u003e\u003c/td\u003e\n\t\u003c/tr\u003e\n\t\u003ctr\u003e\n\t  \u003ctd\u003eZone\u003c/td\u003e\n\t  \u003ctd\u003e\u003c?php printf(metadata_value(\"instance/zone\")) ?\u003e\u003c/td\u003e\n\t\u003c/tr\u003e\n    \u003ctr\u003e\n\t  \u003ctd\u003eMachine Type\u003c/td\u003e\n\t  \u003ctd\u003e\u003c?php printf(metadata_value(\"instance/machine-type\")) ?\u003e\u003c/td\u003e\n\t\u003c/tr\u003e\n\t\u003ctr\u003e\n\t  \u003ctd\u003eProject\u003c/td\u003e\n\t  \u003ctd\u003e\u003c?php printf(metadata_value(\"project/project-id\")) ?\u003e\u003c/td\u003e\n\t\u003c/tr\u003e\n\t\u003ctr\u003e\n\t  \u003ctd\u003eInternal IP\u003c/td\u003e\n\t  \u003ctd\u003e\u003c?php printf(metadata_value(\"instance/network-interfaces/0/ip\")) ?\u003e\u003c/td\u003e\n\t\u003c/tr\u003e\n\t\u003ctr\u003e\n\t  \u003ctd\u003eExternal IP\u003c/td\u003e\n\t  \u003ctd\u003e\u003c?php printf(metadata_value(\"instance/network-interfaces/0/access-configs/0/external-ip\")) ?\u003e\u003c/td\u003e\n\t\u003c/tr\u003e\n  \u003c/tbody\u003e\n\u003c/table\u003e\n\u003c/div\u003e\n\u003c/div\u003e\n\n\u003cdiv class=\"card blue\"\u003e\n\u003cdiv class=\"card-content white-text\"\u003e\n\u003cdiv class=\"card-title\"\u003eProxy that handled this request\u003c/div\u003e\n\u003c/div\u003e\n\u003cdiv class=\"card-content white\"\u003e\n\u003ctable class=\"bordered\"\u003e\n  \u003ctbody\u003e\n\t\u003ctr\u003e\n\t  \u003ctd\u003eAddress\u003c/td\u003e\n\t  \u003ctd\u003e\u003c?php printf($_SERVER[\"HTTP_HOST\"]); ?\u003e\u003c/td\u003e\n\t\u003c/tr\u003e\n  \u003c/tbody\u003e\n\u003c/table\u003e\n\u003c/div\u003e\n\n\u003c/div\u003e\n\u003c/div\u003e\n\u003cdiv class=\"col s2\"\u003e\u0026nbsp;\u003c/div\u003e\n\u003c/div\u003e\n\u003c/div\u003e\n\u003c/html\u003e\nEOF\n\nmv /var/www/html/index.html /var/www/html/index.html.old || echo \"Old index doesn't exist\"\n\n[[ -n \"/group3\" ]] \u0026\u0026 mkdir -p /var/www/html//group3 \u0026\u0026 cp /var/www/html/index.php /var/www/html//group3/index.php\n\nchkconfig httpd on || systemctl enable httpd || systemctl enable apache2\nservice httpd restart || systemctl restart httpd || systemctl restart apache2\n",
            "min_cpu_platform": "",
            "name": "ml-bk-ml-mig-bkt-s-lb-group3-20210208092747345600000003",
            "name_prefix": "ml-bk-ml-mig-bkt-s-lb-group3-",
            "network_interface": [
              {
                "access_config": [],
                "alias_ip_range": [],
                "name": "nic0",
                "network": "https://www.googleapis.com/compute/v1/projects/qwiklabs-gcp-03-54dbe89f21d0/global/networks/ml-bk-ml-mig-bkt-s-lb",
                "network_ip": "",
                "subnetwork": "https://www.googleapis.com/compute/v1/projects/qwiklabs-gcp-03-54dbe89f21d0/regions/us-east1/subnetworks/ml-bk-ml-mig-bkt-s-lb",
                "subnetwork_project": "qwiklabs-gcp-03-54dbe89f21d0"
              }
            ],
            "project": "qwiklabs-gcp-03-54dbe89f21d0",
            "region": "us-east1",
            "scheduling": [
              {
                "automatic_restart": true,
                "node_affinities": [],
                "on_host_maintenance": "MIGRATE",
                "preemptible": false
              }
            ],
            "self_link": "https://www.googleapis.com/compute/beta/projects/qwiklabs-gcp-03-54dbe89f21d0/global/instanceTemplates/ml-bk-ml-mig-bkt-s-lb-group3-20210208092747345600000003",
            "service_account": [
              {
                "email": "default",
                "scopes": [
                  "https://www.googleapis.com/auth/cloud-platform"
                ]
              }
            ],
            "shielded_instance_config": [],
            "tags": [
              "ml-bk-ml-mig-bkt-s-lb-group3",
              "ml-bk-ml-mig-bkt-s-lb-gw-group2"
            ],
            "tags_fingerprint": "",
            "timeouts": null
          },
          "private": "eyJlMmJmYjczMC1lY2FhLTExZTYtOGY4OC0zNDM2M2JjN2M0YzAiOnsiY3JlYXRlIjoyNDAwMDAwMDAwMDAsImRlbGV0ZSI6MjQwMDAwMDAwMDAwfSwic2NoZW1hX3ZlcnNpb24iOiIxIn0=",
          "dependencies": [
            "google_compute_network.default",
            "google_compute_router.group2",
            "google_compute_subnetwork.group3"
          ]
        }
      ]
    },
    {
      "module": "module.gce-lb-https",
      "mode": "managed",
      "type": "google_compute_managed_ssl_certificate",
      "name": "default",
      "each": "list",
      "provider": "provider.google-beta",
      "instances": []
    },
    {
      "mode": "managed",
      "type": "google_compute_network",
      "name": "default",
      "provider": "provider.google",
      "instances": [
        {
          "schema_version": 0,
          "attributes": {
            "auto_create_subnetworks": false,
            "delete_default_routes_on_create": false,
            "description": "",
            "gateway_ipv4": "",
            "id": "projects/qwiklabs-gcp-03-54dbe89f21d0/global/networks/ml-bk-ml-mig-bkt-s-lb",
            "mtu": 0,
            "name": "ml-bk-ml-mig-bkt-s-lb",
            "project": "qwiklabs-gcp-03-54dbe89f21d0",
            "routing_mode": "REGIONAL",
            "self_link": "https://www.googleapis.com/compute/v1/projects/qwiklabs-gcp-03-54dbe89f21d0/global/networks/ml-bk-ml-mig-bkt-s-lb",
            "timeouts": null
          },
          "private": "eyJlMmJmYjczMC1lY2FhLTExZTYtOGY4OC0zNDM2M2JjN2M0YzAiOnsiY3JlYXRlIjoyNDAwMDAwMDAwMDAsImRlbGV0ZSI6MjQwMDAwMDAwMDAwLCJ1cGRhdGUiOjI0MDAwMDAwMDAwMH19"
        }
      ]
    },
    {
      "module": "module.mig3",
      "mode": "managed",
      "type": "google_compute_region_autoscaler",
      "name": "autoscaler",
      "each": "list",
      "provider": "provider.google",
      "instances": []
    },
    {
      "module": "module.mig1",
      "mode": "managed",
      "type": "google_compute_region_autoscaler",
      "name": "autoscaler",
      "each": "list",
      "provider": "provider.google",
      "instances": []
    },
    {
      "module": "module.mig2",
      "mode": "managed",
      "type": "google_compute_region_autoscaler",
      "name": "autoscaler",
      "each": "list",
      "provider": "provider.google",
      "instances": []
    },
    {
      "module": "module.mig3",
      "mode": "managed",
      "type": "google_compute_region_instance_group_manager",
      "name": "mig",
      "provider": "provider.google-beta",
      "instances": [
        {
          "schema_version": 0,
          "attributes": {
            "auto_healing_policies": [],
            "base_instance_name": "ml-bk-ml-mig-bkt-s-lb-group3",
            "description": "",
            "distribution_policy_target_shape": "EVEN",
            "distribution_policy_zones": [
              "us-east1-b",
              "us-east1-c",
              "us-east1-d"
            ],
            "fingerprint": "l8M-JyHaAgE=",
            "id": "projects/qwiklabs-gcp-03-54dbe89f21d0/regions/us-east1/instanceGroupManagers/ml-bk-ml-mig-bkt-s-lb-group3-mig",
            "instance_group": "https://www.googleapis.com/compute/v1/projects/qwiklabs-gcp-03-54dbe89f21d0/regions/us-east1/instanceGroups/ml-bk-ml-mig-bkt-s-lb-group3-mig",
            "name": "ml-bk-ml-mig-bkt-s-lb-group3-mig",
            "named_port": [
              {
                "name": "http",
                "port": 80
              }
            ],
            "project": "qwiklabs-gcp-03-54dbe89f21d0",
            "region": "us-east1",
            "self_link": "https://www.googleapis.com/compute/v1/projects/qwiklabs-gcp-03-54dbe89f21d0/regions/us-east1/instanceGroupManagers/ml-bk-ml-mig-bkt-s-lb-group3-mig",
            "stateful_disk": [],
            "target_pools": null,
            "target_size": 2,
            "timeouts": {
              "create": "5m",
              "delete": "15m",
              "update": "5m"
            },
            "update_policy": [
              {
                "instance_redistribution_type": "PROACTIVE",
                "max_surge_fixed": 3,
                "max_surge_percent": 0,
                "max_unavailable_fixed": 3,
                "max_unavailable_percent": 0,
                "min_ready_sec": 0,
                "minimal_action": "REPLACE",
                "replacement_method": "SUBSTITUTE",
                "type": "OPPORTUNISTIC"
              }
            ],
            "version": [
              {
                "instance_template": "https://www.googleapis.com/compute/v1/projects/qwiklabs-gcp-03-54dbe89f21d0/global/instanceTemplates/ml-bk-ml-mig-bkt-s-lb-group3-20210208092747345600000003",
                "name": "ml-bk-ml-mig-bkt-s-lb-group3-mig-version-0",
                "target_size": []
              }
            ],
            "wait_for_instances": false
          },
          "private": "eyJlMmJmYjczMC1lY2FhLTExZTYtOGY4OC0zNDM2M2JjN2M0YzAiOnsiY3JlYXRlIjozMDAwMDAwMDAwMDAsImRlbGV0ZSI6OTAwMDAwMDAwMDAwLCJ1cGRhdGUiOjMwMDAwMDAwMDAwMH19",
          "dependencies": [
            "google_compute_network.default",
            "google_compute_router.group2",
            "google_compute_subnetwork.group3",
            "module.mig3.google_compute_health_check.http",
            "module.mig3.google_compute_health_check.tcp",
            "module.mig3_template.google_compute_instance_template.tpl"
          ]
        }
      ]
    },
    {
      "module": "module.mig1",
      "mode": "managed",
      "type": "google_compute_region_instance_group_manager",
      "name": "mig",
      "provider": "provider.google-beta",
      "instances": [
        {
          "schema_version": 0,
          "attributes": {
            "auto_healing_policies": [],
            "base_instance_name": "ml-bk-ml-mig-bkt-s-lb-group1",
            "description": "",
            "distribution_policy_target_shape": "EVEN",
            "distribution_policy_zones": [
              "us-west1-a",
              "us-west1-b",
              "us-west1-c"
            ],
            "fingerprint": "jw6yPtpDjRg=",
            "id": "projects/qwiklabs-gcp-03-54dbe89f21d0/regions/us-west1/instanceGroupManagers/ml-bk-ml-mig-bkt-s-lb-group1-mig",
            "instance_group": "https://www.googleapis.com/compute/v1/projects/qwiklabs-gcp-03-54dbe89f21d0/regions/us-west1/instanceGroups/ml-bk-ml-mig-bkt-s-lb-group1-mig",
            "name": "ml-bk-ml-mig-bkt-s-lb-group1-mig",
            "named_port": [
              {
                "name": "http",
                "port": 80
              }
            ],
            "project": "qwiklabs-gcp-03-54dbe89f21d0",
            "region": "us-west1",
            "self_link": "https://www.googleapis.com/compute/v1/projects/qwiklabs-gcp-03-54dbe89f21d0/regions/us-west1/instanceGroupManagers/ml-bk-ml-mig-bkt-s-lb-group1-mig",
            "stateful_disk": [],
            "target_pools": null,
            "target_size": 2,
            "timeouts": {
              "create": "5m",
              "delete": "15m",
              "update": "5m"
            },
            "update_policy": [
              {
                "instance_redistribution_type": "PROACTIVE",
                "max_surge_fixed": 3,
                "max_surge_percent": 0,
                "max_unavailable_fixed": 3,
                "max_unavailable_percent": 0,
                "min_ready_sec": 0,
                "minimal_action": "REPLACE",
                "replacement_method": "SUBSTITUTE",
                "type": "OPPORTUNISTIC"
              }
            ],
            "version": [
              {
                "instance_template": "https://www.googleapis.com/compute/v1/projects/qwiklabs-gcp-03-54dbe89f21d0/global/instanceTemplates/ml-bk-ml-mig-bkt-s-lb-group1-20210208092745368700000002",
                "name": "ml-bk-ml-mig-bkt-s-lb-group1-mig-version-0",
                "target_size": []
              }
            ],
            "wait_for_instances": false
          },
          "private": "eyJlMmJmYjczMC1lY2FhLTExZTYtOGY4OC0zNDM2M2JjN2M0YzAiOnsiY3JlYXRlIjozMDAwMDAwMDAwMDAsImRlbGV0ZSI6OTAwMDAwMDAwMDAwLCJ1cGRhdGUiOjMwMDAwMDAwMDAwMH19",
          "dependencies": [
            "google_compute_network.default",
            "google_compute_router.group1",
            "google_compute_subnetwork.group1",
            "module.mig1.google_compute_health_check.http",
            "module.mig1.google_compute_health_check.tcp",
            "module.mig1_template.google_compute_instance_template.tpl"
          ]
        }
      ]
    },
    {
      "module": "module.mig2",
      "mode": "managed",
      "type": "google_compute_region_instance_group_manager",
      "name": "mig",
      "provider": "provider.google-beta",
      "instances": [
        {
          "schema_version": 0,
          "attributes": {
            "auto_healing_policies": [],
            "base_instance_name": "ml-bk-ml-mig-bkt-s-lb-group2",
            "description": "",
            "distribution_policy_target_shape": "EVEN",
            "distribution_policy_zones": [
              "us-central1-a",
              "us-central1-b",
              "us-central1-c",
              "us-central1-f"
            ],
            "fingerprint": "dc4HelXGt6I=",
            "id": "projects/qwiklabs-gcp-03-54dbe89f21d0/regions/us-central1/instanceGroupManagers/ml-bk-ml-mig-bkt-s-lb-group2-mig",
            "instance_group": "https://www.googleapis.com/compute/v1/projects/qwiklabs-gcp-03-54dbe89f21d0/regions/us-central1/instanceGroups/ml-bk-ml-mig-bkt-s-lb-group2-mig",
            "name": "ml-bk-ml-mig-bkt-s-lb-group2-mig",
            "named_port": [
              {
                "name": "http",
                "port": 80
              }
            ],
            "project": "qwiklabs-gcp-03-54dbe89f21d0",
            "region": "us-central1",
            "self_link": "https://www.googleapis.com/compute/v1/projects/qwiklabs-gcp-03-54dbe89f21d0/regions/us-central1/instanceGroupManagers/ml-bk-ml-mig-bkt-s-lb-group2-mig",
            "stateful_disk": [],
            "target_pools": null,
            "target_size": 2,
            "timeouts": {
              "create": "5m",
              "delete": "15m",
              "update": "5m"
            },
            "update_policy": [
              {
                "instance_redistribution_type": "PROACTIVE",
                "max_surge_fixed": 4,
                "max_surge_percent": 0,
                "max_unavailable_fixed": 4,
                "max_unavailable_percent": 0,
                "min_ready_sec": 0,
                "minimal_action": "REPLACE",
                "replacement_method": "SUBSTITUTE",
                "type": "OPPORTUNISTIC"
              }
            ],
            "version": [
              {
                "instance_template": "https://www.googleapis.com/compute/v1/projects/qwiklabs-gcp-03-54dbe89f21d0/global/instanceTemplates/ml-bk-ml-mig-bkt-s-lb-group2-20210208092755702700000004",
                "name": "ml-bk-ml-mig-bkt-s-lb-group2-mig-version-0",
                "target_size": []
              }
            ],
            "wait_for_instances": false
          },
          "private": "eyJlMmJmYjczMC1lY2FhLTExZTYtOGY4OC0zNDM2M2JjN2M0YzAiOnsiY3JlYXRlIjozMDAwMDAwMDAwMDAsImRlbGV0ZSI6OTAwMDAwMDAwMDAwLCJ1cGRhdGUiOjMwMDAwMDAwMDAwMH19",
          "dependencies": [
            "google_compute_network.default",
            "google_compute_router.group2",
            "google_compute_subnetwork.group2",
            "module.mig2.google_compute_health_check.http",
            "module.mig2.google_compute_health_check.tcp",
            "module.mig2_template.google_compute_instance_template.tpl"
          ]
        }
      ]
    },
    {
      "mode": "managed",
      "type": "google_compute_router",
      "name": "group1",
      "provider": "provider.google",
      "instances": [
        {
          "schema_version": 0,
          "attributes": {
            "bgp": [],
            "creation_timestamp": "2021-02-08T01:27:33.877-08:00",
            "description": "",
            "id": "projects/qwiklabs-gcp-03-54dbe89f21d0/regions/us-west1/routers/ml-bk-ml-mig-bkt-s-lb-gw-group1",
            "name": "ml-bk-ml-mig-bkt-s-lb-gw-group1",
            "network": "https://www.googleapis.com/compute/v1/projects/qwiklabs-gcp-03-54dbe89f21d0/global/networks/ml-bk-ml-mig-bkt-s-lb",
            "project": "qwiklabs-gcp-03-54dbe89f21d0",
            "region": "us-west1",
            "self_link": "https://www.googleapis.com/compute/v1/projects/qwiklabs-gcp-03-54dbe89f21d0/regions/us-west1/routers/ml-bk-ml-mig-bkt-s-lb-gw-group1",
            "timeouts": null
          },
          "private": "eyJlMmJmYjczMC1lY2FhLTExZTYtOGY4OC0zNDM2M2JjN2M0YzAiOnsiY3JlYXRlIjoyNDAwMDAwMDAwMDAsImRlbGV0ZSI6MjQwMDAwMDAwMDAwLCJ1cGRhdGUiOjI0MDAwMDAwMDAwMH19",
          "dependencies": [
            "google_compute_network.default"
          ]
        }
      ]
    },
    {
      "mode": "managed",
      "type": "google_compute_router",
      "name": "group2",
      "provider": "provider.google",
      "instances": [
        {
          "schema_version": 0,
          "attributes": {
            "bgp": [],
            "creation_timestamp": "2021-02-08T01:27:33.888-08:00",
            "description": "",
            "id": "projects/qwiklabs-gcp-03-54dbe89f21d0/regions/us-central1/routers/ml-bk-ml-mig-bkt-s-lb-gw-group2",
            "name": "ml-bk-ml-mig-bkt-s-lb-gw-group2",
            "network": "https://www.googleapis.com/compute/v1/projects/qwiklabs-gcp-03-54dbe89f21d0/global/networks/ml-bk-ml-mig-bkt-s-lb",
            "project": "qwiklabs-gcp-03-54dbe89f21d0",
            "region": "us-central1",
            "self_link": "https://www.googleapis.com/compute/v1/projects/qwiklabs-gcp-03-54dbe89f21d0/regions/us-central1/routers/ml-bk-ml-mig-bkt-s-lb-gw-group2",
            "timeouts": null
          },
          "private": "eyJlMmJmYjczMC1lY2FhLTExZTYtOGY4OC0zNDM2M2JjN2M0YzAiOnsiY3JlYXRlIjoyNDAwMDAwMDAwMDAsImRlbGV0ZSI6MjQwMDAwMDAwMDAwLCJ1cGRhdGUiOjI0MDAwMDAwMDAwMH19",
          "dependencies": [
            "google_compute_network.default"
          ]
        }
      ]
    },
    {
      "mode": "managed",
      "type": "google_compute_router",
      "name": "group3",
      "provider": "provider.google",
      "instances": [
        {
          "schema_version": 0,
          "attributes": {
            "bgp": [],
            "creation_timestamp": "2021-02-08T01:27:33.922-08:00",
            "description": "",
            "id": "projects/qwiklabs-gcp-03-54dbe89f21d0/regions/us-east1/routers/ml-bk-ml-mig-bkt-s-lb-gw-group3",
            "name": "ml-bk-ml-mig-bkt-s-lb-gw-group3",
            "network": "https://www.googleapis.com/compute/v1/projects/qwiklabs-gcp-03-54dbe89f21d0/global/networks/ml-bk-ml-mig-bkt-s-lb",
            "project": "qwiklabs-gcp-03-54dbe89f21d0",
            "region": "us-east1",
            "self_link": "https://www.googleapis.com/compute/v1/projects/qwiklabs-gcp-03-54dbe89f21d0/regions/us-east1/routers/ml-bk-ml-mig-bkt-s-lb-gw-group3",
            "timeouts": null
          },
          "private": "eyJlMmJmYjczMC1lY2FhLTExZTYtOGY4OC0zNDM2M2JjN2M0YzAiOnsiY3JlYXRlIjoyNDAwMDAwMDAwMDAsImRlbGV0ZSI6MjQwMDAwMDAwMDAwLCJ1cGRhdGUiOjI0MDAwMDAwMDAwMH19",
          "dependencies": [
            "google_compute_network.default"
          ]
        }
      ]
    },
    {
      "module": "module.cloud-nat-group3",
      "mode": "managed",
      "type": "google_compute_router_nat",
      "name": "main",
      "provider": "provider.google",
      "instances": [
        {
          "schema_version": 0,
          "attributes": {
            "drain_nat_ips": null,
            "enable_endpoint_independent_mapping": true,
            "icmp_idle_timeout_sec": 30,
            "id": "qwiklabs-gcp-03-54dbe89f21d0/us-east1/ml-bk-ml-mig-bkt-s-lb-gw-group3/ml-bk-ml-mig-bkt-s-lb-cloud-nat-group3",
            "log_config": [],
            "min_ports_per_vm": 64,
            "name": "ml-bk-ml-mig-bkt-s-lb-cloud-nat-group3",
            "nat_ip_allocate_option": "AUTO_ONLY",
            "nat_ips": null,
            "project": "qwiklabs-gcp-03-54dbe89f21d0",
            "region": "us-east1",
            "router": "ml-bk-ml-mig-bkt-s-lb-gw-group3",
            "source_subnetwork_ip_ranges_to_nat": "ALL_SUBNETWORKS_ALL_IP_RANGES",
            "subnetwork": [],
            "tcp_established_idle_timeout_sec": 1200,
            "tcp_transitory_idle_timeout_sec": 30,
            "timeouts": null,
            "udp_idle_timeout_sec": 30
          },
          "private": "eyJlMmJmYjczMC1lY2FhLTExZTYtOGY4OC0zNDM2M2JjN2M0YzAiOnsiY3JlYXRlIjo2MDAwMDAwMDAwMDAsImRlbGV0ZSI6NjAwMDAwMDAwMDAwLCJ1cGRhdGUiOjYwMDAwMDAwMDAwMH19",
          "dependencies": [
            "google_compute_network.default",
            "google_compute_router.group3",
            "module.cloud-nat-group3.random_string.name_suffix"
          ]
        }
      ]
    },
    {
      "module": "module.cloud-nat-group1",
      "mode": "managed",
      "type": "google_compute_router_nat",
      "name": "main",
      "provider": "provider.google",
      "instances": [
        {
          "schema_version": 0,
          "attributes": {
            "drain_nat_ips": null,
            "enable_endpoint_independent_mapping": true,
            "icmp_idle_timeout_sec": 30,
            "id": "qwiklabs-gcp-03-54dbe89f21d0/us-west1/ml-bk-ml-mig-bkt-s-lb-gw-group1/ml-bk-ml-mig-bkt-s-lb-cloud-nat-group1",
            "log_config": [],
            "min_ports_per_vm": 64,
            "name": "ml-bk-ml-mig-bkt-s-lb-cloud-nat-group1",
            "nat_ip_allocate_option": "AUTO_ONLY",
            "nat_ips": null,
            "project": "qwiklabs-gcp-03-54dbe89f21d0",
            "region": "us-west1",
            "router": "ml-bk-ml-mig-bkt-s-lb-gw-group1",
            "source_subnetwork_ip_ranges_to_nat": "ALL_SUBNETWORKS_ALL_IP_RANGES",
            "subnetwork": [],
            "tcp_established_idle_timeout_sec": 1200,
            "tcp_transitory_idle_timeout_sec": 30,
            "timeouts": null,
            "udp_idle_timeout_sec": 30
          },
          "private": "eyJlMmJmYjczMC1lY2FhLTExZTYtOGY4OC0zNDM2M2JjN2M0YzAiOnsiY3JlYXRlIjo2MDAwMDAwMDAwMDAsImRlbGV0ZSI6NjAwMDAwMDAwMDAwLCJ1cGRhdGUiOjYwMDAwMDAwMDAwMH19",
          "dependencies": [
            "google_compute_network.default",
            "google_compute_router.group1",
            "module.cloud-nat-group1.random_string.name_suffix"
          ]
        }
      ]
    },
    {
      "module": "module.cloud-nat-group2",
      "mode": "managed",
      "type": "google_compute_router_nat",
      "name": "main",
      "provider": "provider.google",
      "instances": [
        {
          "schema_version": 0,
          "attributes": {
            "drain_nat_ips": null,
            "enable_endpoint_independent_mapping": true,
            "icmp_idle_timeout_sec": 30,
            "id": "qwiklabs-gcp-03-54dbe89f21d0/us-central1/ml-bk-ml-mig-bkt-s-lb-gw-group2/ml-bk-ml-mig-bkt-s-lb-cloud-nat-group2",
            "log_config": [],
            "min_ports_per_vm": 64,
            "name": "ml-bk-ml-mig-bkt-s-lb-cloud-nat-group2",
            "nat_ip_allocate_option": "AUTO_ONLY",
            "nat_ips": null,
            "project": "qwiklabs-gcp-03-54dbe89f21d0",
            "region": "us-central1",
            "router": "ml-bk-ml-mig-bkt-s-lb-gw-group2",
            "source_subnetwork_ip_ranges_to_nat": "ALL_SUBNETWORKS_ALL_IP_RANGES",
            "subnetwork": [],
            "tcp_established_idle_timeout_sec": 1200,
            "tcp_transitory_idle_timeout_sec": 30,
            "timeouts": null,
            "udp_idle_timeout_sec": 30
          },
          "private": "eyJlMmJmYjczMC1lY2FhLTExZTYtOGY4OC0zNDM2M2JjN2M0YzAiOnsiY3JlYXRlIjo2MDAwMDAwMDAwMDAsImRlbGV0ZSI6NjAwMDAwMDAwMDAwLCJ1cGRhdGUiOjYwMDAwMDAwMDAwMH19",
          "dependencies": [
            "google_compute_network.default",
            "google_compute_router.group2",
            "module.cloud-nat-group2.random_string.name_suffix"
          ]
        }
      ]
    },
    {
      "module": "module.gce-lb-https",
      "mode": "managed",
      "type": "google_compute_ssl_certificate",
      "name": "default",
      "each": "list",
      "provider": "provider.google",
      "instances": [
        {
          "index_key": 0,
          "schema_version": 0,
          "attributes": {
            "certificate": "-----BEGIN CERTIFICATE-----\nMIIDSjCCAjKgAwIBAgIQGM+HhrDiCxz6BfjFRXjupDANBgkqhkiG9w0BAQsFADAz\nMRswGQYDVQQKExJBQ01FIEV4YW1wbGVzLCBJbmMxFDASBgNVBAMTC2V4YW1wbGUu\nY29tMB4XDTIxMDIwODA5MjcyMFoXDTIxMDIwODIxMjcyMFowMzEbMBkGA1UEChMS\nQUNNRSBFeGFtcGxlcywgSW5jMRQwEgYDVQQDEwtleGFtcGxlLmNvbTCCASIwDQYJ\nKoZIhvcNAQEBBQADggEPADCCAQoCggEBAM8erLYjKUgbCa3yHWwaeneoRgc1ZrNp\ncUGIK57nkw+cWjixKsjDeOqdb+67a00MfqRmR4ZrLi9pKc2fa/VcJV93DUWRxXLH\nKIFpwWkgko4pruzUsWOM1mTcyPWsb0QmdE/7+8QltIHLInde6lhsh8qJewzyNC6K\n2zWj0mBueboxbkFgIwO1rrFetV2P7sgPPNRt8OEF4+JvjiX1/zOgZjv9YjXob0Jw\nlL+t+c15nHSZD+VjyrDVdI4uSDntiPkuI2iErGB4M3spsIdYzrz8eFbsPV5pCT1H\nmgMgqi83MG/JCpXpaVYhKVYpNZ3MsY3TjP9Jl1G/HPss/XlL79OUcx0CAwEAAaNa\nMFgwDgYDVR0PAQH/BAQDAgWgMBMGA1UdJQQMMAoGCCsGAQUFBwMBMAwGA1UdEwEB\n/wQCMAAwIwYDVR0RBBwwGoILZXhhbXBsZS5jb22CC2V4YW1wbGUubmV0MA0GCSqG\nSIb3DQEBCwUAA4IBAQCdSdyrBon1Us4+m+WLKodpf2I8DdONRWcfoLA96MJF32Tf\nkJXpJtBWhn0G/HCuUkKAzmIsgPmSyJ/PxMJe2SU8dyhjJEInxyYmOuLFfinJFGQ+\nEMHE6arvutV6piFJX/WjX2NhV3mdUl6Oj0A1z5TCDC3j6YtOT2xltWqwhsDFVagn\nxsZhzdT4r6nLjMMFQ6k5UszqWoDKBcr3it35LkOmC2GXB3v8OkSLJZ7lxYkbfY5c\nMJNvROb3125tA72DgsDnE414vPGGgD5gYs5f35z7PIqy4jy8rBo9cIMIHdGCDRFr\n2cFuLCSxOmlIrNIzuZVFtIyuxNuqJNjn2w0NXEs5\n-----END CERTIFICATE-----\n",
            "certificate_id": 2456101240670305558,
            "creation_timestamp": "2021-02-08T01:27:21.928-08:00",
            "description": "",
            "id": "projects/qwiklabs-gcp-03-54dbe89f21d0/global/sslCertificates/ml-bk-ml-mig-bkt-s-lb-certificate-20210208092720558000000001",
            "name": "ml-bk-ml-mig-bkt-s-lb-certificate-20210208092720558000000001",
            "name_prefix": "ml-bk-ml-mig-bkt-s-lb-certificate-",
            "private_key": "-----BEGIN RSA PRIVATE KEY-----\nMIIEowIBAAKCAQEAzx6stiMpSBsJrfIdbBp6d6hGBzVms2lxQYgrnueTD5xaOLEq\nyMN46p1v7rtrTQx+pGZHhmsuL2kpzZ9r9VwlX3cNRZHFcscogWnBaSCSjimu7NSx\nY4zWZNzI9axvRCZ0T/v7xCW0gcsid17qWGyHyol7DPI0LorbNaPSYG55ujFuQWAj\nA7WusV61XY/uyA881G3w4QXj4m+OJfX/M6BmO/1iNehvQnCUv635zXmcdJkP5WPK\nsNV0ji5IOe2I+S4jaISsYHgzeymwh1jOvPx4Vuw9XmkJPUeaAyCqLzcwb8kKlelp\nViEpVik1ncyxjdOM/0mXUb8c+yz9eUvv05RzHQIDAQABAoIBADszHVKCAk6ly8J4\nLYi0mMSSyFFPJiepv8FnVnB46EPSAMere/seQ/VrQo8N6sF/DMOYqGD3SaArgtNO\n+eCLkfMTaCu2WqVP33f97lZKBRm1OFZhBMLbgnwZzybJPpRQGXazI2cRD+L5WMSd\n0IWtn7J4UT+GCvwynC1cwcjmSsy4yGVK2PbFMPsdlt0vacGx6FQPPc2FwnKU27vH\nZde8VBKuLuveSgDe6x8acVmNhBlGatWvtLAbwE5KUxS9k81wUV34UVvkBpVvV54M\nGdgQ+CMhk7+vJYyq7UTg0GyAQUjMjYdsruLy7unVUrlGU5kJc9NBm7ZQUFOl2WG/\nLNN1PtECgYEA8tCUMVgXcdqITxZu9BUU65E4m0vj3bHpXJvdAajb+Bt6kXu3F6IZ\ni3m5Qge7nH/9qKuyLWw+navhaPYmYwVxb87w62YyNDMak5QrwURwXVa/Y3VggKzs\nISyRM3PzoXJJ2YrLWRy/ds3676Pv/KYJNvaIGjxGNIFrj3s8hwK4zYsCgYEA2l3k\ng0cq5WykMHLikL3cYzh/7X0IAO/dMJn2a2ClG/pSy/9+EUhsvRid2QJhz4nBcvoj\nLWyZPTDDsmWbaH5sMfS8mS2V8IBypSh6n/kVNF0/ZfJlcs83a7iTN8sNlDlGsKI8\n+P8HQTMCGINjEDS+2C8OlN1UhO4AAghwZ/W6pvcCgYBGbp4t2gGi8uLLHhS9FEhn\nNE6ZLWBBdFPemw92Zca4py/cd2haoJiMTpigQKH4+V9Yx8T9TAK1tZ/C1HO6EWAg\nMITNo204mwJAgKBYhUOar4kAjpGZgY9U6BqONDodQIuPYKUvihk3mvQJAyKfxIGz\nwbsk8QrkPA45JmQePXnhlQKBgANIL/wNIMbr+BfGUkNspxhSrBGMtIcXE9L8LWj1\nveWKwJ3STDnEReYdrZmqYH/3CRJKUicHn9H8nqRaxJgwdj3V+NOwjLVdqNt0nUs0\nOi5cTGyi1QWBucqDrqrDAYQ9zCMxfQsdAiXnt1tY9i8zK78iDe0M2o1Y6mUdbVsS\npWiHAoGBAMkMEKyEQSCerMn/H+8HpFs4OVUBhFX0I9fVnZJRschXTygKk1LPJJyB\nYn2BQCJICQKlZCd1HD9SHmeSPfoHD6UZHahZbqhlX8qzBhpkUiCk/FQnx401nNZs\ntJGNCnsnkYFAZvedBS1yp9n02Bry9zjnY5ziPkQdRhwuDeCTvycS\n-----END RSA PRIVATE KEY-----\n",
            "project": "qwiklabs-gcp-03-54dbe89f21d0",
            "self_link": "https://www.googleapis.com/compute/v1/projects/qwiklabs-gcp-03-54dbe89f21d0/global/sslCertificates/ml-bk-ml-mig-bkt-s-lb-certificate-20210208092720558000000001",
            "timeouts": null
          },
          "private": "eyJlMmJmYjczMC1lY2FhLTExZTYtOGY4OC0zNDM2M2JjN2M0YzAiOnsiY3JlYXRlIjoyNDAwMDAwMDAwMDAsImRlbGV0ZSI6MjQwMDAwMDAwMDAwfX0=",
          "dependencies": [
            "tls_private_key.example",
            "tls_self_signed_cert.example"
          ]
        }
      ]
    },
    {
      "mode": "managed",
      "type": "google_compute_subnetwork",
      "name": "group1",
      "provider": "provider.google",
      "instances": [
        {
          "schema_version": 0,
          "attributes": {
            "creation_timestamp": "2021-02-08T01:27:33.226-08:00",
            "description": "",
            "fingerprint": null,
            "gateway_address": "10.125.0.1",
            "id": "projects/qwiklabs-gcp-03-54dbe89f21d0/regions/us-west1/subnetworks/ml-bk-ml-mig-bkt-s-lb",
            "ip_cidr_range": "10.125.0.0/20",
            "log_config": [],
            "name": "ml-bk-ml-mig-bkt-s-lb",
            "network": "https://www.googleapis.com/compute/v1/projects/qwiklabs-gcp-03-54dbe89f21d0/global/networks/ml-bk-ml-mig-bkt-s-lb",
            "private_ip_google_access": true,
            "private_ipv6_google_access": "DISABLE_GOOGLE_ACCESS",
            "project": "qwiklabs-gcp-03-54dbe89f21d0",
            "region": "us-west1",
            "secondary_ip_range": [],
            "self_link": "https://www.googleapis.com/compute/v1/projects/qwiklabs-gcp-03-54dbe89f21d0/regions/us-west1/subnetworks/ml-bk-ml-mig-bkt-s-lb",
            "timeouts": null
          },
          "private": "eyJlMmJmYjczMC1lY2FhLTExZTYtOGY4OC0zNDM2M2JjN2M0YzAiOnsiY3JlYXRlIjozNjAwMDAwMDAwMDAsImRlbGV0ZSI6MzYwMDAwMDAwMDAwLCJ1cGRhdGUiOjM2MDAwMDAwMDAwMH19",
          "dependencies": [
            "google_compute_network.default"
          ]
        }
      ]
    },
    {
      "mode": "managed",
      "type": "google_compute_subnetwork",
      "name": "group2",
      "provider": "provider.google",
      "instances": [
        {
          "schema_version": 0,
          "attributes": {
            "creation_timestamp": "2021-02-08T01:27:34.062-08:00",
            "description": "",
            "fingerprint": null,
            "gateway_address": "10.126.0.1",
            "id": "projects/qwiklabs-gcp-03-54dbe89f21d0/regions/us-central1/subnetworks/ml-bk-ml-mig-bkt-s-lb",
            "ip_cidr_range": "10.126.0.0/20",
            "log_config": [],
            "name": "ml-bk-ml-mig-bkt-s-lb",
            "network": "https://www.googleapis.com/compute/v1/projects/qwiklabs-gcp-03-54dbe89f21d0/global/networks/ml-bk-ml-mig-bkt-s-lb",
            "private_ip_google_access": true,
            "private_ipv6_google_access": "DISABLE_GOOGLE_ACCESS",
            "project": "qwiklabs-gcp-03-54dbe89f21d0",
            "region": "us-central1",
            "secondary_ip_range": [],
            "self_link": "https://www.googleapis.com/compute/v1/projects/qwiklabs-gcp-03-54dbe89f21d0/regions/us-central1/subnetworks/ml-bk-ml-mig-bkt-s-lb",
            "timeouts": null
          },
          "private": "eyJlMmJmYjczMC1lY2FhLTExZTYtOGY4OC0zNDM2M2JjN2M0YzAiOnsiY3JlYXRlIjozNjAwMDAwMDAwMDAsImRlbGV0ZSI6MzYwMDAwMDAwMDAwLCJ1cGRhdGUiOjM2MDAwMDAwMDAwMH19",
          "dependencies": [
            "google_compute_network.default"
          ]
        }
      ]
    },
    {
      "mode": "managed",
      "type": "google_compute_subnetwork",
      "name": "group3",
      "provider": "provider.google",
      "instances": [
        {
          "schema_version": 0,
          "attributes": {
            "creation_timestamp": "2021-02-08T01:27:35.852-08:00",
            "description": "",
            "fingerprint": null,
            "gateway_address": "10.127.0.1",
            "id": "projects/qwiklabs-gcp-03-54dbe89f21d0/regions/us-east1/subnetworks/ml-bk-ml-mig-bkt-s-lb",
            "ip_cidr_range": "10.127.0.0/20",
            "log_config": [],
            "name": "ml-bk-ml-mig-bkt-s-lb",
            "network": "https://www.googleapis.com/compute/v1/projects/qwiklabs-gcp-03-54dbe89f21d0/global/networks/ml-bk-ml-mig-bkt-s-lb",
            "private_ip_google_access": true,
            "private_ipv6_google_access": "DISABLE_GOOGLE_ACCESS",
            "project": "qwiklabs-gcp-03-54dbe89f21d0",
            "region": "us-east1",
            "secondary_ip_range": [],
            "self_link": "https://www.googleapis.com/compute/v1/projects/qwiklabs-gcp-03-54dbe89f21d0/regions/us-east1/subnetworks/ml-bk-ml-mig-bkt-s-lb",
            "timeouts": null
          },
          "private": "eyJlMmJmYjczMC1lY2FhLTExZTYtOGY4OC0zNDM2M2JjN2M0YzAiOnsiY3JlYXRlIjozNjAwMDAwMDAwMDAsImRlbGV0ZSI6MzYwMDAwMDAwMDAwLCJ1cGRhdGUiOjM2MDAwMDAwMDAwMH19",
          "dependencies": [
            "google_compute_network.default"
          ]
        }
      ]
    },
    {
      "module": "module.gce-lb-https",
      "mode": "managed",
      "type": "google_compute_target_http_proxy",
      "name": "default",
      "each": "list",
      "provider": "provider.google",
      "instances": [
        {
          "index_key": 0,
          "schema_version": 0,
          "attributes": {
            "creation_timestamp": "2021-02-08T01:29:13.457-08:00",
            "description": "",
            "id": "projects/qwiklabs-gcp-03-54dbe89f21d0/global/targetHttpProxies/ml-bk-ml-mig-bkt-s-lb-http-proxy",
            "name": "ml-bk-ml-mig-bkt-s-lb-http-proxy",
            "project": "qwiklabs-gcp-03-54dbe89f21d0",
            "proxy_id": 1492365262971517574,
            "self_link": "https://www.googleapis.com/compute/v1/projects/qwiklabs-gcp-03-54dbe89f21d0/global/targetHttpProxies/ml-bk-ml-mig-bkt-s-lb-http-proxy",
            "timeouts": null,
            "url_map": "https://www.googleapis.com/compute/v1/projects/qwiklabs-gcp-03-54dbe89f21d0/global/urlMaps/ml-bk-ml-mig-bkt-s-lb"
          },
          "private": "eyJlMmJmYjczMC1lY2FhLTExZTYtOGY4OC0zNDM2M2JjN2M0YzAiOnsiY3JlYXRlIjoyNDAwMDAwMDAwMDAsImRlbGV0ZSI6MjQwMDAwMDAwMDAwLCJ1cGRhdGUiOjI0MDAwMDAwMDAwMH19",
          "dependencies": [
            "google_compute_backend_bucket.assets",
            "google_compute_network.default",
            "google_compute_router.group1",
            "google_compute_router.group2",
            "google_compute_subnetwork.group1",
            "google_compute_subnetwork.group2",
            "google_compute_subnetwork.group3",
            "google_compute_url_map.ml-bkd-ml-mig-bckt-s-lb",
            "google_storage_bucket.assets",
            "module.gce-lb-https.google_compute_backend_service.default",
            "module.gce-lb-https.google_compute_health_check.default",
            "module.gce-lb-https.google_compute_url_map.default",
            "module.gce-lb-https.google_compute_url_map.https_redirect",
            "module.mig1.google_compute_health_check.http",
            "module.mig1.google_compute_health_check.tcp",
            "module.mig1.google_compute_region_instance_group_manager.mig",
            "module.mig1_template.google_compute_instance_template.tpl",
            "module.mig2.google_compute_health_check.http",
            "module.mig2.google_compute_health_check.tcp",
            "module.mig2.google_compute_region_instance_group_manager.mig",
            "module.mig2_template.google_compute_instance_template.tpl",
            "module.mig3.google_compute_health_check.http",
            "module.mig3.google_compute_health_check.tcp",
            "module.mig3.google_compute_region_instance_group_manager.mig",
            "module.mig3_template.google_compute_instance_template.tpl",
            "random_id.assets-bucket"
          ]
        }
      ]
    },
    {
      "module": "module.gce-lb-https",
      "mode": "managed",
      "type": "google_compute_target_https_proxy",
      "name": "default",
      "each": "list",
      "provider": "provider.google",
      "instances": [
        {
          "index_key": 0,
          "schema_version": 0,
          "attributes": {
            "creation_timestamp": "2021-02-08T01:29:12.257-08:00",
            "description": "",
            "id": "projects/qwiklabs-gcp-03-54dbe89f21d0/global/targetHttpsProxies/ml-bk-ml-mig-bkt-s-lb-https-proxy",
            "name": "ml-bk-ml-mig-bkt-s-lb-https-proxy",
            "project": "qwiklabs-gcp-03-54dbe89f21d0",
            "proxy_id": 8424556815039904391,
            "quic_override": "NONE",
            "self_link": "https://www.googleapis.com/compute/v1/projects/qwiklabs-gcp-03-54dbe89f21d0/global/targetHttpsProxies/ml-bk-ml-mig-bkt-s-lb-https-proxy",
            "ssl_certificates": [
              "https://www.googleapis.com/compute/v1/projects/qwiklabs-gcp-03-54dbe89f21d0/global/sslCertificates/ml-bk-ml-mig-bkt-s-lb-certificate-20210208092720558000000001"
            ],
            "ssl_policy": "",
            "timeouts": null,
            "url_map": "https://www.googleapis.com/compute/v1/projects/qwiklabs-gcp-03-54dbe89f21d0/global/urlMaps/ml-bk-ml-mig-bkt-s-lb"
          },
          "private": "eyJlMmJmYjczMC1lY2FhLTExZTYtOGY4OC0zNDM2M2JjN2M0YzAiOnsiY3JlYXRlIjoyNDAwMDAwMDAwMDAsImRlbGV0ZSI6MjQwMDAwMDAwMDAwLCJ1cGRhdGUiOjI0MDAwMDAwMDAwMH19",
          "dependencies": [
            "google_compute_backend_bucket.assets",
            "google_compute_network.default",
            "google_compute_router.group1",
            "google_compute_router.group2",
            "google_compute_subnetwork.group1",
            "google_compute_subnetwork.group2",
            "google_compute_subnetwork.group3",
            "google_compute_url_map.ml-bkd-ml-mig-bckt-s-lb",
            "google_storage_bucket.assets",
            "module.gce-lb-https.google_compute_backend_service.default",
            "module.gce-lb-https.google_compute_health_check.default",
            "module.gce-lb-https.google_compute_managed_ssl_certificate.default",
            "module.gce-lb-https.google_compute_ssl_certificate.default",
            "module.gce-lb-https.google_compute_url_map.default",
            "module.mig1.google_compute_health_check.http",
            "module.mig1.google_compute_health_check.tcp",
            "module.mig1.google_compute_region_instance_group_manager.mig",
            "module.mig1_template.google_compute_instance_template.tpl",
            "module.mig2.google_compute_health_check.http",
            "module.mig2.google_compute_health_check.tcp",
            "module.mig2.google_compute_region_instance_group_manager.mig",
            "module.mig2_template.google_compute_instance_template.tpl",
            "module.mig3.google_compute_health_check.http",
            "module.mig3.google_compute_health_check.tcp",
            "module.mig3.google_compute_region_instance_group_manager.mig",
            "module.mig3_template.google_compute_instance_template.tpl",
            "random_id.assets-bucket",
            "tls_private_key.example",
            "tls_self_signed_cert.example"
          ]
        }
      ]
    },
    {
      "module": "module.gce-lb-https",
      "mode": "managed",
      "type": "google_compute_url_map",
      "name": "default",
      "each": "list",
      "provider": "provider.google",
      "instances": []
    },
    {
      "module": "module.gce-lb-https",
      "mode": "managed",
      "type": "google_compute_url_map",
      "name": "https_redirect",
      "each": "list",
      "provider": "provider.google",
      "instances": []
    },
    {
      "mode": "managed",
      "type": "google_compute_url_map",
      "name": "ml-bkd-ml-mig-bckt-s-lb",
      "provider": "provider.google",
      "instances": [
        {
          "schema_version": 0,
          "attributes": {
            "creation_timestamp": "2021-02-08T01:29:00.372-08:00",
            "default_route_action": [],
            "default_service": "https://www.googleapis.com/compute/v1/projects/qwiklabs-gcp-03-54dbe89f21d0/global/backendServices/ml-bk-ml-mig-bkt-s-lb-backend-default",
            "default_url_redirect": [],
            "description": "",
            "fingerprint": "eXSCsxAdMTg=",
            "header_action": [],
            "host_rule": [
              {
                "description": "",
                "hosts": [
                  "*"
                ],
                "path_matcher": "allpaths"
              }
            ],
            "id": "projects/qwiklabs-gcp-03-54dbe89f21d0/global/urlMaps/ml-bk-ml-mig-bkt-s-lb",
            "map_id": 421336256279788211,
            "name": "ml-bk-ml-mig-bkt-s-lb",
            "path_matcher": [
              {
                "default_route_action": [],
                "default_service": "https://www.googleapis.com/compute/v1/projects/qwiklabs-gcp-03-54dbe89f21d0/global/backendServices/ml-bk-ml-mig-bkt-s-lb-backend-default",
                "default_url_redirect": [],
                "description": "",
                "header_action": [],
                "name": "allpaths",
                "path_rule": [
                  {
                    "paths": [
                      "/group1",
                      "/group1/*"
                    ],
                    "route_action": [],
                    "service": "https://www.googleapis.com/compute/v1/projects/qwiklabs-gcp-03-54dbe89f21d0/global/backendServices/ml-bk-ml-mig-bkt-s-lb-backend-mig1",
                    "url_redirect": []
                  },
                  {
                    "paths": [
                      "/group2",
                      "/group2/*"
                    ],
                    "route_action": [],
                    "service": "https://www.googleapis.com/compute/v1/projects/qwiklabs-gcp-03-54dbe89f21d0/global/backendServices/ml-bk-ml-mig-bkt-s-lb-backend-mig2",
                    "url_redirect": []
                  },
                  {
                    "paths": [
                      "/group3",
                      "/group3/*"
                    ],
                    "route_action": [],
                    "service": "https://www.googleapis.com/compute/v1/projects/qwiklabs-gcp-03-54dbe89f21d0/global/backendServices/ml-bk-ml-mig-bkt-s-lb-backend-mig3",
                    "url_redirect": []
                  },
                  {
                    "paths": [
                      "/assets",
                      "/assets/*"
                    ],
                    "route_action": [],
                    "service": "https://www.googleapis.com/compute/v1/projects/qwiklabs-gcp-03-54dbe89f21d0/global/backendBuckets/terraform-static-content-9707",
                    "url_redirect": []
                  }
                ],
                "route_rules": []
              }
            ],
            "project": "qwiklabs-gcp-03-54dbe89f21d0",
            "self_link": "https://www.googleapis.com/compute/v1/projects/qwiklabs-gcp-03-54dbe89f21d0/global/urlMaps/ml-bk-ml-mig-bkt-s-lb",
            "test": [],
            "timeouts": null
          },
          "private": "eyJlMmJmYjczMC1lY2FhLTExZTYtOGY4OC0zNDM2M2JjN2M0YzAiOnsiY3JlYXRlIjoyNDAwMDAwMDAwMDAsImRlbGV0ZSI6MjQwMDAwMDAwMDAwLCJ1cGRhdGUiOjI0MDAwMDAwMDAwMH19",
          "dependencies": [
            "google_compute_backend_bucket.assets",
            "google_compute_network.default",
            "google_compute_router.group1",
            "google_compute_router.group2",
            "google_compute_subnetwork.group1",
            "google_compute_subnetwork.group2",
            "google_compute_subnetwork.group3",
            "google_storage_bucket.assets",
            "module.gce-lb-https.google_compute_backend_service.default",
            "module.gce-lb-https.google_compute_health_check.default",
            "module.mig1.google_compute_health_check.http",
            "module.mig1.google_compute_health_check.tcp",
            "module.mig1.google_compute_region_instance_group_manager.mig",
            "module.mig1_template.google_compute_instance_template.tpl",
            "module.mig2.google_compute_health_check.http",
            "module.mig2.google_compute_health_check.tcp",
            "module.mig2.google_compute_region_instance_group_manager.mig",
            "module.mig2_template.google_compute_instance_template.tpl",
            "module.mig3.google_compute_health_check.http",
            "module.mig3.google_compute_health_check.tcp",
            "module.mig3.google_compute_region_instance_group_manager.mig",
            "module.mig3_template.google_compute_instance_template.tpl",
            "random_id.assets-bucket"
          ]
        }
      ]
    },
    {
      "mode": "managed",
      "type": "google_storage_bucket",
      "name": "assets",
      "provider": "provider.google",
      "instances": [
        {
          "schema_version": 0,
          "attributes": {
            "bucket_policy_only": false,
            "cors": [],
            "default_event_based_hold": false,
            "encryption": [],
            "force_destroy": true,
            "id": "terraform-static-content-9707",
            "labels": null,
            "lifecycle_rule": [],
            "location": "US",
            "logging": [],
            "name": "terraform-static-content-9707",
            "project": "qwiklabs-gcp-03-54dbe89f21d0",
            "requester_pays": false,
            "retention_policy": [],
            "self_link": "https://www.googleapis.com/storage/v1/b/terraform-static-content-9707",
            "storage_class": "STANDARD",
            "uniform_bucket_level_access": false,
            "url": "gs://terraform-static-content-9707",
            "versioning": [],
            "website": []
          },
          "private": "bnVsbA==",
          "dependencies": [
            "random_id.assets-bucket"
          ]
        }
      ]
    },
    {
      "mode": "managed",
      "type": "google_storage_bucket_object",
      "name": "image",
      "provider": "provider.google",
      "instances": [
        {
          "schema_version": 0,
          "attributes": {
            "bucket": "terraform-static-content-9707",
            "cache_control": "",
            "content": "\u003csvg xmlns=\"http://www.w3.org/2000/svg\" xmlns:xlink=\"http://www.w3.org/1999/xlink\" viewBox=\"0 0 286 36\"\u003e\n\u003cstyle type=\"text/css\"\u003e\n.st0{fill:none;}\n.st1{clip-path:url(#SVGID_2_);}\n.st2{fill:#547DBF;}\n.st3{fill:url(#SVGID_3_);}\n.st4{fill:url(#SVGID_4_);}\n.st5{fill:#2D3079;fill-opacity:0.1;}\n.st6{fill:#FFCE40;}\n.st7{fill:url(#SVGID_5_);}\n.st8{fill:#DB4436;}\n.st9{fill:url(#SVGID_6_);}\n.st10{fill:url(#SVGID_7_);}\n.st11{fill:#3E2723;fill-opacity:5.000000e-02;}\n.st12{clip-path:url(#SVGID_9_);}\n.st13{fill:#EEEEEE;}\n.st14{clip-path:url(#SVGID_11_);}\n.st15{fill:#FFFFFF;fill-opacity:0.4;}\n.st16{fill:#262626;fill-opacity:5.000000e-02;}\n.st17{fill:#BE3A26;fill-opacity:5.000000e-02;}\n.st18{fill:#262626;fill-opacity:0.1;}\n.st19{clip-path:url(#SVGID_2_);fill:url(#SVGID_12_);}\n.st20{fill:#FFFFFF;fill-opacity:0.2;}\n.st21{fill:#BE3A26;fill-opacity:0.1;}\n.st22{fill:#3E2723;fill-opacity:0.2;}\n.st23{fill:url(#SVGID_13_);}\n.st24{opacity:0.54;}\n.st25{clip-path:url(#SVGID_15_);fill:none;}\n.st26{clip-path:url(#SVGID_15_);}\n\u003c/style\u003e\n\u003csymbol id=\"logo_x5F_dark\" viewBox=\"0 -136 416 136\"\u003e\n\u003cpath d=\"M0.7-52.6C0.7-23.6 25-0.1 54-0.1c16 0 27.4-6.3 36-14.5L79.8-24.7C73.7-18.9 65.4-14.4 54-14.4c-21.1 0-37.6-17-37.6-38.1 0-21.1 16.5-38.1 37.6-38.1 13.7 0 21.5 5.5 26.5 10.5 4.1 4.1 6.8 10 7.8 18H54v14.3h48.3c0.5-2.6 0.8-5.6 0.8-9 0-10.8-2.9-24.1-12.4-33.5C81.4-99.9 69.6-105 54-105 25-105 0.7-81.5 0.7-52.6zM142-37.5c-18.7 0-33.9-14.2-33.9-33.8 0-19.5 15.2-33.8 33.9-33.8 18.7 0 33.9 14.3 33.9 33.8C175.9-51.7 160.7-37.5 142-37.5zM142-91.7c-10.2 0-19.1 8.4-19.1 20.5 0 12.2 8.8 20.5 19.1 20.5 10.2 0 19.1-8.3 19.1-20.5C161.1-83.3 152.2-91.7 142-91.7zM216-37.5c-18.7 0-33.9-14.2-33.9-33.8 0-19.5 15.2-33.8 33.9-33.8 18.7 0 33.9 14.3 33.9 33.8C249.9-51.7 234.7-37.5 216-37.5zM216-91.7c-10.2 0-19.1 8.4-19.1 20.5 0 12.2 8.8 20.5 19.1 20.5s19.1-8.3 19.1-20.5C235.1-83.3 226.2-91.7 216-91.7zM306.8-39.5V-45h-0.5c-3.3 4-9.7 7.6-17.8 7.6 -16.9 0-32.4-14.8-32.4-33.9 0-18.9 15.5-33.7 32.4-33.7 8.1 0 14.5 3.6 17.8 7.7h0.5v-4.9c0-12.9-6.9-19.8-18-19.8 -9.1 0-14.7 6.5-17 12l-12.9-5.4c3.7-9 13.6-20 30-20 17.4 0 32.1 10.2 32.1 35.2v60.7H306.8zM289.8-91.7c-10.2 0-18.8 8.6-18.8 20.4 0 11.9 8.6 20.6 18.8 20.6 10.1 0 18-8.7 18-20.6C307.9-83.2 299.9-91.7 289.8-91.7z\"/\u003e\n\u003cpolygon points=\"346 -103 331.2 -103 331.2 -3.7 346 -3.7\"/\u003e\n\u003cpath d=\"M386.7-91.7c-7.6 0-12.9 3.5-16.4 10.2l45.2 18.7L414-59c-2.8 7.6-11.4 21.5-28.9 21.5 -17.4 0-31.9-13.7-31.9-33.8 0-18.9 14.3-33.8 33.5-33.8 15.5 0 24.4 9.5 28.2 15l-11.5 7.7C399.5-88 394.3-91.7 386.7-91.7zM385.6-50.5c5.9 0 10.9-2.9 12.5-7.2l-30.2-12.5C367.5-57.2 378-50.5 385.6-50.5z\"/\u003e\n\u003cpolygon class=\"st0\" points=\"0 -136 416 -136 416 0 0 0\"/\u003e\n\u003c/symbol\u003e\n\u003crect x=\"1.2\" y=\"-0.1\" class=\"st0\" width=\"283.3\" height=\"36.9\"/\u003e\n\u003cdefs\u003e\n\u003cpath id=\"SVGID_1_\" d=\"M35.5 17.2l-4.6-8.1 -2.9-5C27.6 3.5 26.9 3 26 3H11c-0.8 0-1.6 0.4-2 1.2l-4.6 8.1 -2.9 5c-0.4 0.7-0.4 1.6 0 2.3L9 32.6c0.4 0.7 1.2 1.2 2 1.2h15c0.8 0 1.6-0.4 2-1.2l7.5-13.1C35.9 18.8 35.9 18 35.5 17.2zM18.4 23c-2.5 0-4.6-2.1-4.6-4.6s2.1-4.6 4.6-4.6 4.6 2.1 4.6 4.6S21 23 18.4 23z\"/\u003e\n\u003c/defs\u003e\n\u003cclipPath id=\"SVGID_2_\"\u003e\n\u003cuse xlink:href=\"#SVGID_1_\"/\u003e\n\u003c/clipPath\u003e\n\u003cg class=\"st1\"\u003e\n\u003cpath class=\"st2\" d=\"M13.2 9.2h17.7l-2.9-5C27.6 3.5 26.9 3 26 3H11c-0.8 0-1.6 0.4-2 1.2l-4.6 8.1 8.8 15.3V9.2z\"/\u003e\n\u003clinearGradient id=\"SVGID_3_\" gradientUnits=\"userSpaceOnUse\" x1=\"7.5665\" y1=\"17.7773\" x2=\"15.2215\" y2=\"13.3472\"\u003e\n\u003cstop offset=\"0\" style=\"stop-color:#2D3079;stop-opacity:0.2\"/\u003e\n\u003cstop offset=\"0.66\" style=\"stop-color:#2D3079;stop-opacity:0\"/\u003e\n\u003c/linearGradient\u003e\n\u003cpath class=\"st3\" d=\"M13.2 9.2h17.7l-2.9-5C27.6 3.5 26.9 3 26 3H11c-0.8 0-1.6 0.4-2 1.2l-4.6 8.1 8.8 15.3V9.2z\"/\u003e\n\u003clinearGradient id=\"SVGID_4_\" gradientUnits=\"userSpaceOnUse\" x1=\"3.6782\" y1=\"12.9316\" x2=\"8.196\" y2=\"17.4493\"\u003e\n\u003cstop offset=\"0\" style=\"stop-color:#2D3079;stop-opacity:0.2\"/\u003e\n\u003cstop offset=\"1\" style=\"stop-color:#2D3079;stop-opacity:4.000000e-02\"/\u003e\n\u003c/linearGradient\u003e\n\u003cpolygon class=\"st4\" points=\"4.4 12.3 8.9 16.7 8.1 18.8 \"/\u003e\n\u003cpolygon class=\"st5\" points=\"8.3 18.7 4.9 12.8 4.4 12.3 8.1 18.8 \"/\u003e\n\u003cpath class=\"st6\" d=\"M13.2 27.6L4.4 12.3l-2.9 5c-0.4 0.7-0.4 1.6 0 2.3L9 32.6c0.4 0.7 1.2 1.2 2 1.2h9.3l8.9-15.4L13.2 27.6z\"/\u003e\n\u003clinearGradient id=\"SVGID_5_\" gradientUnits=\"userSpaceOnUse\" x1=\"23.4972\" y1=\"28.2559\" x2=\"15.9109\" y2=\"23.8142\"\u003e\n\u003cstop offset=\"0\" style=\"stop-color:#BE3A26;stop-opacity:0.15\"/\u003e\n\u003cstop offset=\"0.66\" style=\"stop-color:#BE3A26;stop-opacity:0\"/\u003e\n\u003c/linearGradient\u003e\n\u003cpath class=\"st7\" d=\"M13.2 27.6L4.4 12.3l-2.9 5c-0.4 0.7-0.4 1.6 0 2.3L9 32.6c0.4 0.7 1.2 1.2 2 1.2h9.3l8.9-15.4L13.2 27.6z\"/\u003e\n\u003cpath class=\"st8\" d=\"M30.9 9.2H13.2l15.9 9.2 -8.9 15.4H26c0.8 0 1.6-0.4 2-1.2l7.5-13.1c0.4-0.7 0.4-1.6 0-2.3L30.9 9.2z\"/\u003e\n\u003clinearGradient id=\"SVGID_6_\" gradientUnits=\"userSpaceOnUse\" x1=\"24.5277\" y1=\"9.4044\" x2=\"24.5277\" y2=\"18.2022\"\u003e\n\u003cstop offset=\"0\" style=\"stop-color:#A52822;stop-opacity:0.2\"/\u003e\n\u003cstop offset=\"0.66\" style=\"stop-color:#A52822;stop-opacity:0\"/\u003e\n\u003c/linearGradient\u003e\n\u003cpath class=\"st9\" d=\"M30.9 9.2H13.2l15.9 9.2 -8.9 15.4H26c0.8 0 1.6-0.4 2-1.2l7.5-13.1c0.4-0.7 0.4-1.6 0-2.3L30.9 9.2z\"/\u003e\n\u003clinearGradient id=\"SVGID_7_\" gradientUnits=\"userSpaceOnUse\" x1=\"18.7011\" y1=\"18.0951\" x2=\"30.0119\" y2=\"29.4059\"\u003e\n\u003cstop offset=\"0\" style=\"stop-color:#3E2723;stop-opacity:0.15\"/\u003e\n\u003cstop offset=\"1\" style=\"stop-color:#3E2723;stop-opacity:0\"/\u003e\n\u003c/linearGradient\u003e\n\u003cpolygon class=\"st10\" points=\"23.8 9.2 35.8 21.2 35.8 33.8 20.3 33.8 23.8 27.6 \"/\u003e\n\u003crect x=\"23.7\" y=\"9.2\" class=\"st11\" width=\"7.5\" height=\"0.2\"/\u003e\n\u003c/g\u003e\n\u003cg class=\"st1\"\u003e\n\u003cdefs\u003e\n\u003cpath id=\"SVGID_8_\" d=\"M30.9 9.2H13.2l15.9 9.2 -8.9 15.4H26c0.8 0 1.6-0.4 2-1.2l7.5-13.1c0.4-0.7 0.4-1.6 0-2.3L30.9 9.2z\"/\u003e\n\u003c/defs\u003e\n\u003cclipPath id=\"SVGID_9_\"\u003e\n\u003cuse xlink:href=\"#SVGID_8_\"/\u003e\n\u003c/clipPath\u003e\n\u003cg class=\"st12\"\u003e\n\u003cpath class=\"st13\" d=\"M23.8 9.2l5.3 9.2 -5.3 9.2H13.2l-5.3-9.2 5.3-9.2H23.8\"/\u003e\n\u003c/g\u003e\n\u003cg class=\"st12\"\u003e\n\u003cpath class=\"st2\" d=\"M13.2 9.2h17.7l-2.9-5C27.6 3.5 26.9 3 26 3H11c-0.8 0-1.6 0.4-2 1.2l-4.6 8.1 8.8 15.3V9.2z\"/\u003e\n\u003c/g\u003e\n\u003c/g\u003e\n\u003cg class=\"st1\"\u003e\n\u003cdefs\u003e\n\u003cpath id=\"SVGID_10_\" d=\"M13.2 27.6L4.4 12.3l-2.9 5c-0.4 0.7-0.4 1.6 0 2.3L9 32.6c0.4 0.7 1.2 1.2 2 1.2h9.3l8.9-15.4L13.2 27.6z\"/\u003e\n\u003c/defs\u003e\n\u003cclipPath id=\"SVGID_11_\"\u003e\n\u003cuse xlink:href=\"#SVGID_10_\"/\u003e\n\u003c/clipPath\u003e\n\u003cg class=\"st14\"\u003e\n\u003cpath class=\"st13\" d=\"M23.8 9.2l5.3 9.2 -5.3 9.2H13.2l-5.3-9.2 5.3-9.2H23.8\"/\u003e\n\u003c/g\u003e\n\u003c/g\u003e\n\u003cg class=\"st1\"\u003e\n\u003cpath class=\"st13\" d=\"M23.8 9.2l5.3 9.2 -5.3 9.2H13.2l-5.3-9.2 5.3-9.2H23.8\"/\u003e\n\u003cpolygon class=\"st15\" points=\"23.8 9.4 29 18.4 29.2 18.4 23.8 9.2 13.2 9.2 7.9 18.4 8 18.4 13.2 9.4 \"/\u003e\n\u003cpolygon class=\"st16\" points=\"29 18.4 23.8 27.4 13.2 27.4 8 18.4 7.9 18.4 13.2 27.6 23.8 27.6 29.2 18.4 \"/\u003e\n\u003cpolygon class=\"st17\" points=\"29.2 18.4 23.8 27.6 13.2 27.6 7.9 18.4 7.9 18.6 13.2 27.8 23.8 27.8 29.2 18.6 \"/\u003e\n\u003cpath class=\"st18\" d=\"M18.4 13.6c-2.5 0-4.6 2.1-4.6 4.6h9.2C23.1 15.7 21 13.6 18.4 13.6zM13.8 18.6c0 2.5 2.1 4.6 4.6 4.6s4.6-2.1 4.6-4.6H13.8z\"/\u003e\n\u003c/g\u003e\n\u003clinearGradient id=\"SVGID_12_\" gradientUnits=\"userSpaceOnUse\" x1=\"18.5329\" y1=\"27.6183\" x2=\"18.5329\" y2=\"33.7384\"\u003e\n\u003cstop offset=\"0\" style=\"stop-color:#3E2723;stop-opacity:0.15\"/\u003e\n\u003cstop offset=\"3.546852e-02\" style=\"stop-color:#462823;stop-opacity:0.1447\"/\u003e\n\u003cstop offset=\"0.2522\" style=\"stop-color:#712E24;stop-opacity:0.1122\"/\u003e\n\u003cstop offset=\"0.4625\" style=\"stop-color:#923325;stop-opacity:8.062769e-02\"/\u003e\n\u003cstop offset=\"0.6619\" style=\"stop-color:#AA3726;stop-opacity:5.071827e-02\"/\u003e\n\u003cstop offset=\"0.8459\" style=\"stop-color:#B93926;stop-opacity:2.311477e-02\"/\u003e\n\u003cstop offset=\"1\" style=\"stop-color:#BE3A26;stop-opacity:0\"/\u003e\n\u003c/linearGradient\u003e\n\u003cpolygon class=\"st19\" points=\"13.2 27.6 19.4 33.8 20.3 33.8 23.8 27.6 \"/\u003e\n\u003cg class=\"st1\"\u003e\n\u003cpath class=\"st20\" d=\"M4.4 12.5L9 4.4c0.4-0.7 1.2-1.2 2-1.2h15c0.8 0 1.6 0.4 2 1.2l2.9 5 4.6 8.1c0.2 0.3 0.3 0.7 0.3 1.1 0-0.4-0.1-0.9-0.3-1.2l-4.6-8.1 -2.9-5C27.6 3.5 26.9 3 26 3H11c-0.8 0-1.6 0.4-2 1.2l-4.6 8.1 -2.9 5c-0.2 0.4-0.3 0.8-0.3 1.2 0-0.4 0.1-0.7 0.3-1.1L4.4 12.5zM11 33.6c-0.8 0-1.6-0.4-2-1.2l-4.6-8.1 -2.9-5c-0.2-0.3-0.3-0.7-0.3-1.1 0 0.4 0.1 0.9 0.3 1.2l2.9 5L9 32.6c0.4 0.7 1.2 1.2 2 1.2h9.3l0.1-0.2H11zM35.8 18.3c0 0.4-0.1 0.7-0.3 1.1l-4.6 8.1 -2.9 5c-0.4 0.7-1.2 1.2-2 1.2h-5.6l-0.1 0.2H26c0.8 0 1.6-0.4 2-1.2l2.9-5 4.6-8.1C35.7 19.2 35.8 18.7 35.8 18.3z\"/\u003e\n\u003c/g\u003e\n\u003cradialGradient id=\"SVGID_13_\" cx=\"9.8634\" cy=\"3.5289\" r=\"34.5676\" gradientTransform=\"matrix(6.457271e-03 0 0 6.457271e-03 2212.6196 -4568.3096)\" gradientUnits=\"userSpaceOnUse\"\u003e\n\u003cstop offset=\"0\" style=\"stop-color:#FFFFFF;stop-opacity:0.1\"/\u003e\n\u003cstop offset=\"1\" style=\"stop-color:#FFFFFF;stop-opacity:0\"/\u003e\n\u003c/radialGradient\u003e\n\u003cpath class=\"st23\" d=\"M35.5 17.2l-4.6-8.1 -2.9-5C27.6 3.5 26.9 3 26 3H11c-0.8 0-1.6 0.4-2 1.2l-4.6 8.1 -2.9 5c-0.4 0.7-0.4 1.6 0 2.3L9 32.6c0.4 0.7 1.2 1.2 2 1.2h15c0.8 0 1.6-0.4 2-1.2l7.5-13.1C35.9 18.8 35.9 18 35.5 17.2zM18.4 23c-2.5 0-4.6-2.1-4.6-4.6s2.1-4.6 4.6-4.6 4.6 2.1 4.6 4.6S21 23 18.4 23z\"/\u003e\n\u003crect x=\"1.2\" y=\"-0.1\" class=\"st0\" width=\"34.6\" height=\"36.9\"/\u003e\n\u003cg class=\"st24\"\u003e\n\u003cdefs\u003e\n\u003crect id=\"SVGID_14_\" x=\"45.1\" y=\"-0.1\" class=\"st24\" width=\"239.5\" height=\"36.9\"/\u003e\n\u003c/defs\u003e\n\u003cclipPath id=\"SVGID_15_\"\u003e\n\u003cuse xlink:href=\"#SVGID_14_\"/\u003e\n\u003c/clipPath\u003e\n\u003crect x=\"45.1\" y=\"7.8\" class=\"st25\" width=\"239.5\" height=\"26.1\"/\u003e\n\u003cg class=\"st26\"\u003e\n\u003cpath d=\"M130.5 18.8c0-5.2 4-9.2 9.2-9.2 2.7 0 4.9 1.1 6.5 2.9l-1.6 1.5c-1.2-1.5-2.9-2.2-4.9-2.2 -3.7 0-6.8 2.7-6.8 7s3.1 7 6.8 7c2.2 0 4.1-1 5.4-2.6l1.6 1.6c-1.5 1.8-4 3.1-7 3.1C134.5 28 130.5 24.1 130.5 18.8zM148.4 27.6V10h2.3v17.6H148.4zM164.8 21.6c0 3.7-2.6 6.4-6.2 6.4 -3.6 0-6.2-2.8-6.2-6.4 0-3.7 2.6-6.4 6.2-6.4C162.2 15.2 164.8 17.9 164.8 21.6zM162.5 21.6c0-2.8-1.9-4.4-3.9-4.4 -2 0-3.9 1.6-3.9 4.4 0 2.8 1.9 4.4 3.9 4.4C160.6 25.9 162.5 24.3 162.5 21.6zM175 27.6v-1.7h-0.1c-0.7 1.1-2.2 2.1-3.8 2.1 -3.1 0-4.6-2.1-4.6-5.1v-7.4h2.3v7c0 2.5 1.3 3.4 3 3.4 2 0 3.2-1.9 3.2-3.7v-6.6h2.3v12.1H175zM179 21.6c0-3.7 2.7-6.4 5.7-6.4 1.9 0 3.4 1 4.1 2.1h0.1l-0.1-1.7V10h2.3v17.6H189v-1.7h-0.1c-0.7 1.1-2.2 2.1-4.1 2.1C181.7 28 179 25.3 179 21.6zM189 21.6c0-2.8-1.8-4.4-3.8-4.4 -2 0-3.8 1.6-3.8 4.4 0 2.7 1.8 4.4 3.8 4.4C187.1 25.9 189 24.3 189 21.6zM197.3 27.6V10h6c2.9 0 5.5 2.2 5.5 5.2s-2.6 5.2-5.5 5.2h-3.7v7.1H197.3zM203.4 18.3c2 0 3.1-1.7 3.1-3.1 0-1.4-1.1-3.1-3.1-3.1h-3.8v6.2H203.4zM210.4 27.6V10h2.3v17.6H210.4zM214.6 24c0-2.7 2.5-4.2 5.3-4.2 1.6 0 2.8 0.5 3.3 0.7v-0.3c0-1.8-1.5-2.9-3.1-2.9 -1.3 0-2.5 0.6-2.9 1.7l-2.1-0.9c0.4-1.1 1.9-2.9 4.9-2.9 3 0 5.4 1.8 5.4 5.2v7.3h-2.2v-1.7h-0.1c-0.7 1-1.9 2.1-4 2.1C216.7 28 214.6 26.5 214.6 24zM223.2 22.4c0 0-1-0.8-2.9-0.8 -2.4 0-3.3 1.3-3.3 2.4 0 1.3 1.3 1.9 2.5 1.9C221.3 25.9 223.2 24.4 223.2 22.4zM228.6 24v-6.3h-2.1v-2.1h2.1v-3.7h2.3v3.7h3v2.1h-3v6.2c0 1.4 0.6 2 1.6 2 0.4 0 0.7 0 1-0.2l0.8 1.9c-0.5 0.2-1.1 0.3-1.8 0.3C230 27.8 228.6 26.4 228.6 24zM243.3 10.2l-0.8 1.9c-0.3-0.1-0.6-0.2-1-0.2 -1.1 0-2 0.7-2 2.1v1.5h3.1v2.1h-3.1v10h-2.3v-10H235v-2.1h2.3V14c0-2.5 1.7-4.1 4.3-4.1C242.3 9.9 242.8 10 243.3 10.2zM255.7 21.6c0 3.7-2.6 6.4-6.2 6.4 -3.6 0-6.2-2.8-6.2-6.4 0-3.7 2.6-6.4 6.2-6.4C253.1 15.2 255.7 17.9 255.7 21.6zM253.4 21.6c0-2.8-1.9-4.4-3.9-4.4 -2 0-3.9 1.6-3.9 4.4 0 2.8 1.9 4.4 3.9 4.4C251.5 25.9 253.4 24.3 253.4 21.6zM257.5 27.6V15.6h2.2v2h0.1c0.5-1.4 2.2-2.3 3.5-2.3 0.7 0 1.2 0.1 1.7 0.3l-0.9 2.1c-0.3-0.1-0.7-0.2-1.2-0.2 -1.6 0-3.1 1.3-3.1 3.5v6.6H257.5zM266.2 15.6h2.2v1.7h0.1c0.7-1.2 2.3-2.1 3.7-2.1 1.9 0 3.2 0.9 3.8 2.3 0.9-1.4 2.3-2.3 4.2-2.3 3 0 4.3 2.1 4.3 5.1v7.4h-2.3v-7c0-2.5-1-3.3-2.7-3.3 -1.8 0-3.1 1.9-3.1 3.7v6.7h-2.3v-7c0-2.5-1-3.3-2.7-3.3 -1.8 0-3.1 1.9-3.1 3.7v6.7h-2.3V15.6z\"/\u003e\n\u003c/g\u003e\n\u003cg class=\"st26\"\u003e\n\u003cuse xlink:href=\"#logo_x5F_dark\" width=\"416\" height=\"136\" y=\"-136\" transform=\"matrix(0.1922 0 0 -0.1922 45.0596 7.8192)\"/\u003e\n\u003c/g\u003e\n\u003c/g\u003e\n\u003c/svg\u003e",
            "content_disposition": "",
            "content_encoding": "",
            "content_language": "",
            "content_type": "image/svg+xml",
            "crc32c": "P5Gfwg==",
            "detect_md5hash": "SKpSolz11PbgZlI6hwAwHA==",
            "id": "terraform-static-content-9707-assets/gcp-logo.svg",
            "md5hash": "SKpSolz11PbgZlI6hwAwHA==",
            "media_link": "https://storage.googleapis.com/download/storage/v1/b/terraform-static-content-9707/o/assets%2Fgcp-logo.svg?generation=1612776441947638\u0026alt=media",
            "metadata": null,
            "name": "assets/gcp-logo.svg",
            "output_name": "assets/gcp-logo.svg",
            "self_link": "https://www.googleapis.com/storage/v1/b/terraform-static-content-9707/o/assets%2Fgcp-logo.svg",
            "source": null,
            "storage_class": "STANDARD"
          },
          "private": "bnVsbA==",
          "dependencies": [
            "google_storage_bucket.assets",
            "random_id.assets-bucket"
          ]
        }
      ]
    },
    {
      "mode": "managed",
      "type": "google_storage_object_acl",
      "name": "image-acl",
      "provider": "provider.google",
      "instances": [
        {
          "schema_version": 0,
          "attributes": {
            "bucket": "terraform-static-content-9707",
            "id": "assets/gcp-logo.svg-acl",
            "object": "assets/gcp-logo.svg",
            "predefined_acl": "publicRead",
            "role_entity": [
              "OWNER:user-student-03-0c831b33fce2@qwiklabs.net",
              "READER:allUsers"
            ]
          },
          "private": "bnVsbA==",
          "dependencies": [
            "google_storage_bucket.assets",
            "google_storage_bucket_object.image",
            "random_id.assets-bucket"
          ]
        }
      ]
    },
    {
      "mode": "managed",
      "type": "random_id",
      "name": "assets-bucket",
      "provider": "provider.random",
      "instances": [
        {
          "schema_version": 0,
          "attributes": {
            "b64_std": "terraform-static-content-lwc=",
            "b64_url": "terraform-static-content-lwc",
            "byte_length": 2,
            "dec": "terraform-static-content-38663",
            "hex": "terraform-static-content-9707",
            "id": "lwc",
            "keepers": null,
            "prefix": "terraform-static-content-"
          },
          "private": "bnVsbA=="
        }
      ]
    },
    {
      "module": "module.cloud-nat-group3",
      "mode": "managed",
      "type": "random_string",
      "name": "name_suffix",
      "provider": "provider.random",
      "instances": [
        {
          "schema_version": 1,
          "attributes": {
            "id": "k5bl88",
            "keepers": null,
            "length": 6,
            "lower": true,
            "min_lower": 0,
            "min_numeric": 0,
            "min_special": 0,
            "min_upper": 0,
            "number": true,
            "override_special": null,
            "result": "k5bl88",
            "special": false,
            "upper": false
          },
          "private": "eyJzY2hlbWFfdmVyc2lvbiI6IjEifQ=="
        }
      ]
    },
    {
      "module": "module.cloud-nat-group1",
      "mode": "managed",
      "type": "random_string",
      "name": "name_suffix",
      "provider": "provider.random",
      "instances": [
        {
          "schema_version": 1,
          "attributes": {
            "id": "1yapuz",
            "keepers": null,
            "length": 6,
            "lower": true,
            "min_lower": 0,
            "min_numeric": 0,
            "min_special": 0,
            "min_upper": 0,
            "number": true,
            "override_special": null,
            "result": "1yapuz",
            "special": false,
            "upper": false
          },
          "private": "eyJzY2hlbWFfdmVyc2lvbiI6IjEifQ=="
        }
      ]
    },
    {
      "module": "module.cloud-nat-group2",
      "mode": "managed",
      "type": "random_string",
      "name": "name_suffix",
      "provider": "provider.random",
      "instances": [
        {
          "schema_version": 1,
          "attributes": {
            "id": "r47ae9",
            "keepers": null,
            "length": 6,
            "lower": true,
            "min_lower": 0,
            "min_numeric": 0,
            "min_special": 0,
            "min_upper": 0,
            "number": true,
            "override_special": null,
            "result": "r47ae9",
            "special": false,
            "upper": false
          },
          "private": "eyJzY2hlbWFfdmVyc2lvbiI6IjEifQ=="
        }
      ]
    },
    {
      "mode": "managed",
      "type": "tls_private_key",
      "name": "example",
      "provider": "provider.tls",
      "instances": [
        {
          "schema_version": 0,
          "attributes": {
            "algorithm": "RSA",
            "ecdsa_curve": "P224",
            "id": "42ca5a48312e669d3b48206845dcd46d8e734411",
            "private_key_pem": "-----BEGIN RSA PRIVATE KEY-----\nMIIEowIBAAKCAQEAzx6stiMpSBsJrfIdbBp6d6hGBzVms2lxQYgrnueTD5xaOLEq\nyMN46p1v7rtrTQx+pGZHhmsuL2kpzZ9r9VwlX3cNRZHFcscogWnBaSCSjimu7NSx\nY4zWZNzI9axvRCZ0T/v7xCW0gcsid17qWGyHyol7DPI0LorbNaPSYG55ujFuQWAj\nA7WusV61XY/uyA881G3w4QXj4m+OJfX/M6BmO/1iNehvQnCUv635zXmcdJkP5WPK\nsNV0ji5IOe2I+S4jaISsYHgzeymwh1jOvPx4Vuw9XmkJPUeaAyCqLzcwb8kKlelp\nViEpVik1ncyxjdOM/0mXUb8c+yz9eUvv05RzHQIDAQABAoIBADszHVKCAk6ly8J4\nLYi0mMSSyFFPJiepv8FnVnB46EPSAMere/seQ/VrQo8N6sF/DMOYqGD3SaArgtNO\n+eCLkfMTaCu2WqVP33f97lZKBRm1OFZhBMLbgnwZzybJPpRQGXazI2cRD+L5WMSd\n0IWtn7J4UT+GCvwynC1cwcjmSsy4yGVK2PbFMPsdlt0vacGx6FQPPc2FwnKU27vH\nZde8VBKuLuveSgDe6x8acVmNhBlGatWvtLAbwE5KUxS9k81wUV34UVvkBpVvV54M\nGdgQ+CMhk7+vJYyq7UTg0GyAQUjMjYdsruLy7unVUrlGU5kJc9NBm7ZQUFOl2WG/\nLNN1PtECgYEA8tCUMVgXcdqITxZu9BUU65E4m0vj3bHpXJvdAajb+Bt6kXu3F6IZ\ni3m5Qge7nH/9qKuyLWw+navhaPYmYwVxb87w62YyNDMak5QrwURwXVa/Y3VggKzs\nISyRM3PzoXJJ2YrLWRy/ds3676Pv/KYJNvaIGjxGNIFrj3s8hwK4zYsCgYEA2l3k\ng0cq5WykMHLikL3cYzh/7X0IAO/dMJn2a2ClG/pSy/9+EUhsvRid2QJhz4nBcvoj\nLWyZPTDDsmWbaH5sMfS8mS2V8IBypSh6n/kVNF0/ZfJlcs83a7iTN8sNlDlGsKI8\n+P8HQTMCGINjEDS+2C8OlN1UhO4AAghwZ/W6pvcCgYBGbp4t2gGi8uLLHhS9FEhn\nNE6ZLWBBdFPemw92Zca4py/cd2haoJiMTpigQKH4+V9Yx8T9TAK1tZ/C1HO6EWAg\nMITNo204mwJAgKBYhUOar4kAjpGZgY9U6BqONDodQIuPYKUvihk3mvQJAyKfxIGz\nwbsk8QrkPA45JmQePXnhlQKBgANIL/wNIMbr+BfGUkNspxhSrBGMtIcXE9L8LWj1\nveWKwJ3STDnEReYdrZmqYH/3CRJKUicHn9H8nqRaxJgwdj3V+NOwjLVdqNt0nUs0\nOi5cTGyi1QWBucqDrqrDAYQ9zCMxfQsdAiXnt1tY9i8zK78iDe0M2o1Y6mUdbVsS\npWiHAoGBAMkMEKyEQSCerMn/H+8HpFs4OVUBhFX0I9fVnZJRschXTygKk1LPJJyB\nYn2BQCJICQKlZCd1HD9SHmeSPfoHD6UZHahZbqhlX8qzBhpkUiCk/FQnx401nNZs\ntJGNCnsnkYFAZvedBS1yp9n02Bry9zjnY5ziPkQdRhwuDeCTvycS\n-----END RSA PRIVATE KEY-----\n",
            "public_key_fingerprint_md5": "5b:40:ec:58:9a:88:e8:03:4d:7c:e5:c0:41:9d:d7:45",
            "public_key_openssh": "ssh-rsa AAAAB3NzaC1yc2EAAAADAQABAAABAQDPHqy2IylIGwmt8h1sGnp3qEYHNWazaXFBiCue55MPnFo4sSrIw3jqnW/uu2tNDH6kZkeGay4vaSnNn2v1XCVfdw1FkcVyxyiBacFpIJKOKa7s1LFjjNZk3Mj1rG9EJnRP+/vEJbSByyJ3XupYbIfKiXsM8jQuits1o9Jgbnm6MW5BYCMDta6xXrVdj+7IDzzUbfDhBePib44l9f8zoGY7/WI16G9CcJS/rfnNeZx0mQ/lY8qw1XSOLkg57Yj5LiNohKxgeDN7KbCHWM68/HhW7D1eaQk9R5oDIKovNzBvyQqV6WlWISlWKTWdzLGN04z/SZdRvxz7LP15S+/TlHMd\n",
            "public_key_pem": "-----BEGIN PUBLIC KEY-----\nMIIBIjANBgkqhkiG9w0BAQEFAAOCAQ8AMIIBCgKCAQEAzx6stiMpSBsJrfIdbBp6\nd6hGBzVms2lxQYgrnueTD5xaOLEqyMN46p1v7rtrTQx+pGZHhmsuL2kpzZ9r9Vwl\nX3cNRZHFcscogWnBaSCSjimu7NSxY4zWZNzI9axvRCZ0T/v7xCW0gcsid17qWGyH\nyol7DPI0LorbNaPSYG55ujFuQWAjA7WusV61XY/uyA881G3w4QXj4m+OJfX/M6Bm\nO/1iNehvQnCUv635zXmcdJkP5WPKsNV0ji5IOe2I+S4jaISsYHgzeymwh1jOvPx4\nVuw9XmkJPUeaAyCqLzcwb8kKlelpViEpVik1ncyxjdOM/0mXUb8c+yz9eUvv05Rz\nHQIDAQAB\n-----END PUBLIC KEY-----\n",
            "rsa_bits": 2048
          },
          "private": "bnVsbA=="
        }
      ]
    },
    {
      "mode": "managed",
      "type": "tls_self_signed_cert",
      "name": "example",
      "provider": "provider.tls",
      "instances": [
        {
          "schema_version": 0,
          "attributes": {
            "allowed_uses": [
              "key_encipherment",
              "digital_signature",
              "server_auth"
            ],
            "cert_pem": "-----BEGIN CERTIFICATE-----\nMIIDSjCCAjKgAwIBAgIQGM+HhrDiCxz6BfjFRXjupDANBgkqhkiG9w0BAQsFADAz\nMRswGQYDVQQKExJBQ01FIEV4YW1wbGVzLCBJbmMxFDASBgNVBAMTC2V4YW1wbGUu\nY29tMB4XDTIxMDIwODA5MjcyMFoXDTIxMDIwODIxMjcyMFowMzEbMBkGA1UEChMS\nQUNNRSBFeGFtcGxlcywgSW5jMRQwEgYDVQQDEwtleGFtcGxlLmNvbTCCASIwDQYJ\nKoZIhvcNAQEBBQADggEPADCCAQoCggEBAM8erLYjKUgbCa3yHWwaeneoRgc1ZrNp\ncUGIK57nkw+cWjixKsjDeOqdb+67a00MfqRmR4ZrLi9pKc2fa/VcJV93DUWRxXLH\nKIFpwWkgko4pruzUsWOM1mTcyPWsb0QmdE/7+8QltIHLInde6lhsh8qJewzyNC6K\n2zWj0mBueboxbkFgIwO1rrFetV2P7sgPPNRt8OEF4+JvjiX1/zOgZjv9YjXob0Jw\nlL+t+c15nHSZD+VjyrDVdI4uSDntiPkuI2iErGB4M3spsIdYzrz8eFbsPV5pCT1H\nmgMgqi83MG/JCpXpaVYhKVYpNZ3MsY3TjP9Jl1G/HPss/XlL79OUcx0CAwEAAaNa\nMFgwDgYDVR0PAQH/BAQDAgWgMBMGA1UdJQQMMAoGCCsGAQUFBwMBMAwGA1UdEwEB\n/wQCMAAwIwYDVR0RBBwwGoILZXhhbXBsZS5jb22CC2V4YW1wbGUubmV0MA0GCSqG\nSIb3DQEBCwUAA4IBAQCdSdyrBon1Us4+m+WLKodpf2I8DdONRWcfoLA96MJF32Tf\nkJXpJtBWhn0G/HCuUkKAzmIsgPmSyJ/PxMJe2SU8dyhjJEInxyYmOuLFfinJFGQ+\nEMHE6arvutV6piFJX/WjX2NhV3mdUl6Oj0A1z5TCDC3j6YtOT2xltWqwhsDFVagn\nxsZhzdT4r6nLjMMFQ6k5UszqWoDKBcr3it35LkOmC2GXB3v8OkSLJZ7lxYkbfY5c\nMJNvROb3125tA72DgsDnE414vPGGgD5gYs5f35z7PIqy4jy8rBo9cIMIHdGCDRFr\n2cFuLCSxOmlIrNIzuZVFtIyuxNuqJNjn2w0NXEs5\n-----END CERTIFICATE-----\n",
            "dns_names": [
              "example.com",
              "example.net"
            ],
            "early_renewal_hours": 3,
            "id": "32979026145167591600071515930222980772",
            "ip_addresses": null,
            "is_ca_certificate": null,
            "key_algorithm": "RSA",
            "private_key_pem": "6618bfea2224242d028dc6d0804bf2eb6cb46090",
            "ready_for_renewal": false,
            "set_subject_key_id": null,
            "subject": [
              {
                "common_name": "example.com",
                "country": "",
                "locality": "",
                "organization": "ACME Examples, Inc",
                "organizational_unit": "",
                "postal_code": "",
                "province": "",
                "serial_number": "",
                "street_address": null
              }
            ],
            "uris": null,
            "validity_end_time": "2021-02-08T21:27:20.535794104Z",
            "validity_period_hours": 12,
            "validity_start_time": "2021-02-08T09:27:20.535794104Z"
          },
          "private": "bnVsbA==",
          "dependencies": [
            "tls_private_key.example"
          ]
        }
      ]
    }
  ]
}
